Microsoft Visual Studio Solution File, Format Version 12.00
# Visual Studio 2012
Project("{FAE04EC0-301F-11D3-BF4B-00C04F79EFBC}") = "OpenSourceAutomation.Contract", "OpenSourceAutomation.Contract\OpenSourceAutomation.Contract.csproj", "{F4019736-6C04-4C93-869D-D41FFFB1DB14}"
EndProject
Project("{FAE04EC0-301F-11D3-BF4B-00C04F79EFBC}") = "OSAE.Jabber", "Plugins\OSAE.Jabber\OSAE.Jabber.csproj", "{589EDA2C-421D-40F1-9682-D4360E02897A}"
EndProject
Project("{FAE04EC0-301F-11D3-BF4B-00C04F79EFBC}") = "AddInSideAdapters", "AddInSideAdapters\AddInSideAdapters.csproj", "{08B38C72-E7CF-458C-9961-294CB254DE56}"
EndProject
Project("{FAE04EC0-301F-11D3-BF4B-00C04F79EFBC}") = "HostSideAdapters", "HostSideAdapters\HostSideAdapters.csproj", "{6C0A2D55-61C0-4EF5-AF5A-C8723DC1B16E}"
EndProject
Project("{FAE04EC0-301F-11D3-BF4B-00C04F79EFBC}") = "AddInView", "AddInView\AddInView.csproj", "{997BAC3D-13CB-4427-BE85-3149FF04053C}"
EndProject
Project("{FAE04EC0-301F-11D3-BF4B-00C04F79EFBC}") = "HostView", "HostView\HostView.csproj", "{89A4B805-6920-44D8-816E-4D92BED338B5}"
EndProject
Project("{FAE04EC0-301F-11D3-BF4B-00C04F79EFBC}") = "OSAE.API", "OSAE.API\OSAE.API.csproj", "{022F45F1-C988-41A1-A203-39E97BE928B6}"
EndProject
Project("{FAE04EC0-301F-11D3-BF4B-00C04F79EFBC}") = "OSAE.Service", "OSA.Service\OSAE.Service.csproj", "{C7FA0920-78D8-4C6E-9055-A9E0421E6438}"
EndProject
Project("{F184B08F-C81C-45F6-A57F-5ABD9991F28F}") = "GUI", "GUI\GUI.vbproj", "{E4025895-1C60-4E94-BD66-AC1EDEAA26B3}"
EndProject
Project("{FAE04EC0-301F-11D3-BF4B-00C04F79EFBC}") = "OSAE.Bluetooth", "Plugins\OSAE.Bluetooth\OSAE.Bluetooth.csproj", "{B4B34AAF-973C-427D-9B42-183573407908}"
EndProject
Project("{FAE04EC0-301F-11D3-BF4B-00C04F79EFBC}") = "OSAE.Email", "Plugins\OSAE.Email\OSAE.Email.csproj", "{8DF9EAA8-F830-4642-95FA-826F732E58D0}"
EndProject
Project("{FAE04EC0-301F-11D3-BF4B-00C04F79EFBC}") = "OSAE.NetworkMonitor", "Plugins\OSAE.NetworkMonitor\OSAE.NetworkMonitor.csproj", "{A6FDD784-536C-4305-85C9-6C423A3C6BC8}"
EndProject
Project("{F184B08F-C81C-45F6-A57F-5ABD9991F28F}") = "OSAE.ScriptProcessor", "Plugins\OSAE.ScriptProcessor\OSAE.ScriptProcessor.vbproj", "{6039E458-A237-428D-89D2-BEF3E9DE08A2}"
EndProject
Project("{FAE04EC0-301F-11D3-BF4B-00C04F79EFBC}") = "OSAE.Weather", "Plugins\OSAE.Weather\OSAE.Weather.csproj", "{F7630576-A480-4705-A60E-2ABD07AA7037}"
EndProject
Project("{FAE04EC0-301F-11D3-BF4B-00C04F79EFBC}") = "OSAE.WebServer", "Plugins\OSAE.WebServer\OSAE.WebServer.csproj", "{35DEF1F9-4FFE-494F-AE8D-0AF15B278C22}"
EndProject
Project("{FAE04EC0-301F-11D3-BF4B-00C04F79EFBC}") = "ClientService", "ClientService\ClientService.csproj", "{08842DAA-31EA-49D2-A613-865C83A63386}"
EndProject
Project("{FAE04EC0-301F-11D3-BF4B-00C04F79EFBC}") = "GUI2", "GUI2\GUI2.csproj", "{E53124A5-CEC6-40F5-BB01-89D280AD22E9}"
EndProject
Project("{FAE04EC0-301F-11D3-BF4B-00C04F79EFBC}") = "VR2", "VR2\VR2.csproj", "{770F99D6-26C6-495A-905D-0EA3ACC5D5D2}"
EndProject
Project("{FAE04EC0-301F-11D3-BF4B-00C04F79EFBC}") = "Speech", "Plugins\OSAE.Speech\Speech.csproj", "{11AEB004-EADE-47BF-8C76-7650915B4F2F}"
EndProject
Project("{FAE04EC0-301F-11D3-BF4B-00C04F79EFBC}") = "Manager_WPF", "Manager_WPF\Manager_WPF.csproj", "{318EC31C-54EF-4138-A837-E6B0E0EE39BA}"
EndProject
Project("{FAE04EC0-301F-11D3-BF4B-00C04F79EFBC}") = "AddInView2", "AddInView2\AddInView2.csproj", "{B9A17F32-4FD9-4834-840D-99AA8DEF72F1}"
EndProject
Project("{FAE04EC0-301F-11D3-BF4B-00C04F79EFBC}") = "AdInV1AdapterToV2", "AdInVAdapterToV2\AdInV1AdapterToV2.csproj", "{353C51D9-3C4C-4FB9-8971-E175E364B13C}"
EndProject
Project("{2150E333-8FDC-42A3-9474-1A3956D46DE8}") = "Plugins", "Plugins", "{CC992324-4B93-4E9B-9A2F-AF1D06833965}"
EndProject
Project("{2150E333-8FDC-42A3-9474-1A3956D46DE8}") = "UI", "UI", "{2A452081-FFE5-43C4-82D1-7202917BC509}"
EndProject
Project("{2150E333-8FDC-42A3-9474-1A3956D46DE8}") = "Interfaces", "Interfaces", "{F255C14F-7EC8-4020-B066-3D1A67F26F5E}"
EndProject
Project("{2150E333-8FDC-42A3-9474-1A3956D46DE8}") = "Services", "Services", "{0C37D9E4-EE97-4740-A811-710B2D0BBF8E}"
EndProject
Project("{FAE04EC0-301F-11D3-BF4B-00C04F79EFBC}") = "PluginDescriptionEditor", "PluginDescriptionEditor\PluginDescriptionEditor.csproj", "{B1ECF3AD-57BE-4F79-9AEA-0DB153117AEB}"
EndProject
Project("{FAE04EC0-301F-11D3-BF4B-00C04F79EFBC}") = "OSAE.UI.Controls", "OSAE.UI.Controls\OSAE.UI.Controls.csproj", "{503092C1-23FE-4AD8-B855-CF1D24D632A9}"
EndProject
Project("{FAE04EC0-301F-11D3-BF4B-00C04F79EFBC}") = "PluginTestHarness", "PluginTestHarness\PluginTestHarness.csproj", "{E66D3023-26DD-4328-954B-91BB52D9CACD}"
EndProject
Project("{FAE04EC0-301F-11D3-BF4B-00C04F79EFBC}") = "LogViewer", "LogViewer\LogViewer.csproj", "{66385FF8-1FF8-4495-B1BF-81A963855517}"
EndProject
Global
	GlobalSection(SolutionConfigurationPlatforms) = preSolution
		Debug|Any CPU = Debug|Any CPU
		Debug|Mixed Platforms = Debug|Mixed Platforms
		Debug|x86 = Debug|x86
		Release|Any CPU = Release|Any CPU
		Release|Mixed Platforms = Release|Mixed Platforms
		Release|x86 = Release|x86
	EndGlobalSection
	GlobalSection(ProjectConfigurationPlatforms) = postSolution
		{F4019736-6C04-4C93-869D-D41FFFB1DB14}.Debug|Any CPU.ActiveCfg = Debug|Any CPU
		{F4019736-6C04-4C93-869D-D41FFFB1DB14}.Debug|Any CPU.Build.0 = Debug|Any CPU
		{F4019736-6C04-4C93-869D-D41FFFB1DB14}.Debug|Mixed Platforms.ActiveCfg = Debug|Any CPU
		{F4019736-6C04-4C93-869D-D41FFFB1DB14}.Debug|Mixed Platforms.Build.0 = Debug|Any CPU
		{F4019736-6C04-4C93-869D-D41FFFB1DB14}.Debug|x86.ActiveCfg = Debug|Any CPU
		{F4019736-6C04-4C93-869D-D41FFFB1DB14}.Release|Any CPU.ActiveCfg = Release|Any CPU
		{F4019736-6C04-4C93-869D-D41FFFB1DB14}.Release|Any CPU.Build.0 = Release|Any CPU
		{F4019736-6C04-4C93-869D-D41FFFB1DB14}.Release|Mixed Platforms.ActiveCfg = Release|Any CPU
		{F4019736-6C04-4C93-869D-D41FFFB1DB14}.Release|Mixed Platforms.Build.0 = Release|Any CPU
		{F4019736-6C04-4C93-869D-D41FFFB1DB14}.Release|x86.ActiveCfg = Release|Any CPU
		{589EDA2C-421D-40F1-9682-D4360E02897A}.Debug|Any CPU.ActiveCfg = Debug|Any CPU
		{589EDA2C-421D-40F1-9682-D4360E02897A}.Debug|Any CPU.Build.0 = Debug|Any CPU
		{589EDA2C-421D-40F1-9682-D4360E02897A}.Debug|Mixed Platforms.ActiveCfg = Debug|Any CPU
		{589EDA2C-421D-40F1-9682-D4360E02897A}.Debug|Mixed Platforms.Build.0 = Debug|Any CPU
		{589EDA2C-421D-40F1-9682-D4360E02897A}.Debug|x86.ActiveCfg = Debug|Any CPU
		{589EDA2C-421D-40F1-9682-D4360E02897A}.Release|Any CPU.ActiveCfg = Release|Any CPU
		{589EDA2C-421D-40F1-9682-D4360E02897A}.Release|Any CPU.Build.0 = Release|Any CPU
		{589EDA2C-421D-40F1-9682-D4360E02897A}.Release|Mixed Platforms.ActiveCfg = Release|Any CPU
		{589EDA2C-421D-40F1-9682-D4360E02897A}.Release|Mixed Platforms.Build.0 = Release|Any CPU
		{589EDA2C-421D-40F1-9682-D4360E02897A}.Release|x86.ActiveCfg = Release|Any CPU
		{08B38C72-E7CF-458C-9961-294CB254DE56}.Debug|Any CPU.ActiveCfg = Debug|Any CPU
		{08B38C72-E7CF-458C-9961-294CB254DE56}.Debug|Any CPU.Build.0 = Debug|Any CPU
		{08B38C72-E7CF-458C-9961-294CB254DE56}.Debug|Mixed Platforms.ActiveCfg = Debug|Any CPU
		{08B38C72-E7CF-458C-9961-294CB254DE56}.Debug|Mixed Platforms.Build.0 = Debug|Any CPU
		{08B38C72-E7CF-458C-9961-294CB254DE56}.Debug|x86.ActiveCfg = Debug|Any CPU
		{08B38C72-E7CF-458C-9961-294CB254DE56}.Release|Any CPU.ActiveCfg = Release|Any CPU
		{08B38C72-E7CF-458C-9961-294CB254DE56}.Release|Any CPU.Build.0 = Release|Any CPU
		{08B38C72-E7CF-458C-9961-294CB254DE56}.Release|Mixed Platforms.ActiveCfg = Release|Any CPU
		{08B38C72-E7CF-458C-9961-294CB254DE56}.Release|Mixed Platforms.Build.0 = Release|Any CPU
		{08B38C72-E7CF-458C-9961-294CB254DE56}.Release|x86.ActiveCfg = Release|Any CPU
		{6C0A2D55-61C0-4EF5-AF5A-C8723DC1B16E}.Debug|Any CPU.ActiveCfg = Debug|Any CPU
		{6C0A2D55-61C0-4EF5-AF5A-C8723DC1B16E}.Debug|Any CPU.Build.0 = Debug|Any CPU
		{6C0A2D55-61C0-4EF5-AF5A-C8723DC1B16E}.Debug|Mixed Platforms.ActiveCfg = Debug|Any CPU
		{6C0A2D55-61C0-4EF5-AF5A-C8723DC1B16E}.Debug|Mixed Platforms.Build.0 = Debug|Any CPU
		{6C0A2D55-61C0-4EF5-AF5A-C8723DC1B16E}.Debug|x86.ActiveCfg = Debug|Any CPU
		{6C0A2D55-61C0-4EF5-AF5A-C8723DC1B16E}.Release|Any CPU.ActiveCfg = Release|Any CPU
		{6C0A2D55-61C0-4EF5-AF5A-C8723DC1B16E}.Release|Any CPU.Build.0 = Release|Any CPU
		{6C0A2D55-61C0-4EF5-AF5A-C8723DC1B16E}.Release|Mixed Platforms.ActiveCfg = Release|Any CPU
		{6C0A2D55-61C0-4EF5-AF5A-C8723DC1B16E}.Release|Mixed Platforms.Build.0 = Release|Any CPU
		{6C0A2D55-61C0-4EF5-AF5A-C8723DC1B16E}.Release|x86.ActiveCfg = Release|Any CPU
		{997BAC3D-13CB-4427-BE85-3149FF04053C}.Debug|Any CPU.ActiveCfg = Debug|Any CPU
		{997BAC3D-13CB-4427-BE85-3149FF04053C}.Debug|Any CPU.Build.0 = Debug|Any CPU
		{997BAC3D-13CB-4427-BE85-3149FF04053C}.Debug|Mixed Platforms.ActiveCfg = Debug|Any CPU
		{997BAC3D-13CB-4427-BE85-3149FF04053C}.Debug|Mixed Platforms.Build.0 = Debug|Any CPU
		{997BAC3D-13CB-4427-BE85-3149FF04053C}.Debug|x86.ActiveCfg = Debug|Any CPU
		{997BAC3D-13CB-4427-BE85-3149FF04053C}.Release|Any CPU.ActiveCfg = Release|Any CPU
		{997BAC3D-13CB-4427-BE85-3149FF04053C}.Release|Any CPU.Build.0 = Release|Any CPU
		{997BAC3D-13CB-4427-BE85-3149FF04053C}.Release|Mixed Platforms.ActiveCfg = Release|Any CPU
		{997BAC3D-13CB-4427-BE85-3149FF04053C}.Release|Mixed Platforms.Build.0 = Release|Any CPU
		{997BAC3D-13CB-4427-BE85-3149FF04053C}.Release|x86.ActiveCfg = Release|Any CPU
		{89A4B805-6920-44D8-816E-4D92BED338B5}.Debug|Any CPU.ActiveCfg = Debug|Any CPU
		{89A4B805-6920-44D8-816E-4D92BED338B5}.Debug|Any CPU.Build.0 = Debug|Any CPU
		{89A4B805-6920-44D8-816E-4D92BED338B5}.Debug|Mixed Platforms.ActiveCfg = Debug|Any CPU
		{89A4B805-6920-44D8-816E-4D92BED338B5}.Debug|Mixed Platforms.Build.0 = Debug|Any CPU
		{89A4B805-6920-44D8-816E-4D92BED338B5}.Debug|x86.ActiveCfg = Debug|Any CPU
		{89A4B805-6920-44D8-816E-4D92BED338B5}.Release|Any CPU.ActiveCfg = Release|Any CPU
		{89A4B805-6920-44D8-816E-4D92BED338B5}.Release|Any CPU.Build.0 = Release|Any CPU
		{89A4B805-6920-44D8-816E-4D92BED338B5}.Release|Mixed Platforms.ActiveCfg = Release|Any CPU
		{89A4B805-6920-44D8-816E-4D92BED338B5}.Release|Mixed Platforms.Build.0 = Release|Any CPU
		{89A4B805-6920-44D8-816E-4D92BED338B5}.Release|x86.ActiveCfg = Release|Any CPU
		{022F45F1-C988-41A1-A203-39E97BE928B6}.Debug|Any CPU.ActiveCfg = Debug|Any CPU
		{022F45F1-C988-41A1-A203-39E97BE928B6}.Debug|Any CPU.Build.0 = Debug|Any CPU
		{022F45F1-C988-41A1-A203-39E97BE928B6}.Debug|Mixed Platforms.ActiveCfg = Debug|Any CPU
		{022F45F1-C988-41A1-A203-39E97BE928B6}.Debug|Mixed Platforms.Build.0 = Debug|Any CPU
		{022F45F1-C988-41A1-A203-39E97BE928B6}.Debug|x86.ActiveCfg = Debug|Any CPU
		{022F45F1-C988-41A1-A203-39E97BE928B6}.Release|Any CPU.ActiveCfg = Release|Any CPU
		{022F45F1-C988-41A1-A203-39E97BE928B6}.Release|Any CPU.Build.0 = Release|Any CPU
		{022F45F1-C988-41A1-A203-39E97BE928B6}.Release|Mixed Platforms.ActiveCfg = Release|Any CPU
		{022F45F1-C988-41A1-A203-39E97BE928B6}.Release|Mixed Platforms.Build.0 = Release|Any CPU
		{022F45F1-C988-41A1-A203-39E97BE928B6}.Release|x86.ActiveCfg = Release|Any CPU
		{C7FA0920-78D8-4C6E-9055-A9E0421E6438}.Debug|Any CPU.ActiveCfg = Debug|Any CPU
		{C7FA0920-78D8-4C6E-9055-A9E0421E6438}.Debug|Any CPU.Build.0 = Debug|Any CPU
		{C7FA0920-78D8-4C6E-9055-A9E0421E6438}.Debug|Mixed Platforms.ActiveCfg = Debug|Any CPU
		{C7FA0920-78D8-4C6E-9055-A9E0421E6438}.Debug|Mixed Platforms.Build.0 = Debug|Any CPU
		{C7FA0920-78D8-4C6E-9055-A9E0421E6438}.Debug|x86.ActiveCfg = Debug|Any CPU
		{C7FA0920-78D8-4C6E-9055-A9E0421E6438}.Release|Any CPU.ActiveCfg = Release|Any CPU
		{C7FA0920-78D8-4C6E-9055-A9E0421E6438}.Release|Any CPU.Build.0 = Release|Any CPU
		{C7FA0920-78D8-4C6E-9055-A9E0421E6438}.Release|Mixed Platforms.ActiveCfg = Release|Any CPU
		{C7FA0920-78D8-4C6E-9055-A9E0421E6438}.Release|Mixed Platforms.Build.0 = Release|Any CPU
		{C7FA0920-78D8-4C6E-9055-A9E0421E6438}.Release|x86.ActiveCfg = Release|Any CPU
		{E4025895-1C60-4E94-BD66-AC1EDEAA26B3}.Debug|Any CPU.ActiveCfg = Debug|Any CPU
		{E4025895-1C60-4E94-BD66-AC1EDEAA26B3}.Debug|Any CPU.Build.0 = Debug|Any CPU
		{E4025895-1C60-4E94-BD66-AC1EDEAA26B3}.Debug|Mixed Platforms.ActiveCfg = Debug|Any CPU
		{E4025895-1C60-4E94-BD66-AC1EDEAA26B3}.Debug|Mixed Platforms.Build.0 = Debug|Any CPU
		{E4025895-1C60-4E94-BD66-AC1EDEAA26B3}.Debug|x86.ActiveCfg = Debug|Any CPU
		{E4025895-1C60-4E94-BD66-AC1EDEAA26B3}.Release|Any CPU.ActiveCfg = Release|Any CPU
		{E4025895-1C60-4E94-BD66-AC1EDEAA26B3}.Release|Any CPU.Build.0 = Release|Any CPU
		{E4025895-1C60-4E94-BD66-AC1EDEAA26B3}.Release|Mixed Platforms.ActiveCfg = Release|Any CPU
		{E4025895-1C60-4E94-BD66-AC1EDEAA26B3}.Release|Mixed Platforms.Build.0 = Release|Any CPU
		{E4025895-1C60-4E94-BD66-AC1EDEAA26B3}.Release|x86.ActiveCfg = Release|Any CPU
		{B4B34AAF-973C-427D-9B42-183573407908}.Debug|Any CPU.ActiveCfg = Debug|Any CPU
		{B4B34AAF-973C-427D-9B42-183573407908}.Debug|Any CPU.Build.0 = Debug|Any CPU
		{B4B34AAF-973C-427D-9B42-183573407908}.Debug|Mixed Platforms.ActiveCfg = Debug|Any CPU
		{B4B34AAF-973C-427D-9B42-183573407908}.Debug|Mixed Platforms.Build.0 = Debug|Any CPU
		{B4B34AAF-973C-427D-9B42-183573407908}.Debug|x86.ActiveCfg = Debug|Any CPU
		{B4B34AAF-973C-427D-9B42-183573407908}.Release|Any CPU.ActiveCfg = Release|Any CPU
		{B4B34AAF-973C-427D-9B42-183573407908}.Release|Any CPU.Build.0 = Release|Any CPU
		{B4B34AAF-973C-427D-9B42-183573407908}.Release|Mixed Platforms.ActiveCfg = Release|Any CPU
		{B4B34AAF-973C-427D-9B42-183573407908}.Release|Mixed Platforms.Build.0 = Release|Any CPU
		{B4B34AAF-973C-427D-9B42-183573407908}.Release|x86.ActiveCfg = Release|Any CPU
		{8DF9EAA8-F830-4642-95FA-826F732E58D0}.Debug|Any CPU.ActiveCfg = Debug|Any CPU
		{8DF9EAA8-F830-4642-95FA-826F732E58D0}.Debug|Any CPU.Build.0 = Debug|Any CPU
		{8DF9EAA8-F830-4642-95FA-826F732E58D0}.Debug|Mixed Platforms.ActiveCfg = Debug|Any CPU
		{8DF9EAA8-F830-4642-95FA-826F732E58D0}.Debug|Mixed Platforms.Build.0 = Debug|Any CPU
		{8DF9EAA8-F830-4642-95FA-826F732E58D0}.Debug|x86.ActiveCfg = Debug|Any CPU
		{8DF9EAA8-F830-4642-95FA-826F732E58D0}.Release|Any CPU.ActiveCfg = Release|Any CPU
		{8DF9EAA8-F830-4642-95FA-826F732E58D0}.Release|Any CPU.Build.0 = Release|Any CPU
		{8DF9EAA8-F830-4642-95FA-826F732E58D0}.Release|Mixed Platforms.ActiveCfg = Release|Any CPU
		{8DF9EAA8-F830-4642-95FA-826F732E58D0}.Release|Mixed Platforms.Build.0 = Release|Any CPU
		{8DF9EAA8-F830-4642-95FA-826F732E58D0}.Release|x86.ActiveCfg = Release|Any CPU
		{A6FDD784-536C-4305-85C9-6C423A3C6BC8}.Debug|Any CPU.ActiveCfg = Debug|Any CPU
		{A6FDD784-536C-4305-85C9-6C423A3C6BC8}.Debug|Any CPU.Build.0 = Debug|Any CPU
		{A6FDD784-536C-4305-85C9-6C423A3C6BC8}.Debug|Mixed Platforms.ActiveCfg = Debug|Any CPU
		{A6FDD784-536C-4305-85C9-6C423A3C6BC8}.Debug|Mixed Platforms.Build.0 = Debug|Any CPU
		{A6FDD784-536C-4305-85C9-6C423A3C6BC8}.Debug|x86.ActiveCfg = Debug|Any CPU
		{A6FDD784-536C-4305-85C9-6C423A3C6BC8}.Release|Any CPU.ActiveCfg = Release|Any CPU
		{A6FDD784-536C-4305-85C9-6C423A3C6BC8}.Release|Any CPU.Build.0 = Release|Any CPU
		{A6FDD784-536C-4305-85C9-6C423A3C6BC8}.Release|Mixed Platforms.ActiveCfg = Release|Any CPU
		{A6FDD784-536C-4305-85C9-6C423A3C6BC8}.Release|Mixed Platforms.Build.0 = Release|Any CPU
		{A6FDD784-536C-4305-85C9-6C423A3C6BC8}.Release|x86.ActiveCfg = Release|Any CPU
		{6039E458-A237-428D-89D2-BEF3E9DE08A2}.Debug|Any CPU.ActiveCfg = Debug|Any CPU
		{6039E458-A237-428D-89D2-BEF3E9DE08A2}.Debug|Any CPU.Build.0 = Debug|Any CPU
		{6039E458-A237-428D-89D2-BEF3E9DE08A2}.Debug|Mixed Platforms.ActiveCfg = Debug|Any CPU
		{6039E458-A237-428D-89D2-BEF3E9DE08A2}.Debug|Mixed Platforms.Build.0 = Debug|Any CPU
		{6039E458-A237-428D-89D2-BEF3E9DE08A2}.Debug|x86.ActiveCfg = Debug|Any CPU
		{6039E458-A237-428D-89D2-BEF3E9DE08A2}.Release|Any CPU.ActiveCfg = Release|Any CPU
		{6039E458-A237-428D-89D2-BEF3E9DE08A2}.Release|Any CPU.Build.0 = Release|Any CPU
		{6039E458-A237-428D-89D2-BEF3E9DE08A2}.Release|Mixed Platforms.ActiveCfg = Release|Any CPU
		{6039E458-A237-428D-89D2-BEF3E9DE08A2}.Release|Mixed Platforms.Build.0 = Release|Any CPU
		{6039E458-A237-428D-89D2-BEF3E9DE08A2}.Release|x86.ActiveCfg = Release|Any CPU
		{F7630576-A480-4705-A60E-2ABD07AA7037}.Debug|Any CPU.ActiveCfg = Debug|Any CPU
		{F7630576-A480-4705-A60E-2ABD07AA7037}.Debug|Any CPU.Build.0 = Debug|Any CPU
		{F7630576-A480-4705-A60E-2ABD07AA7037}.Debug|Mixed Platforms.ActiveCfg = Debug|Any CPU
		{F7630576-A480-4705-A60E-2ABD07AA7037}.Debug|Mixed Platforms.Build.0 = Debug|Any CPU
		{F7630576-A480-4705-A60E-2ABD07AA7037}.Debug|x86.ActiveCfg = Debug|Any CPU
		{F7630576-A480-4705-A60E-2ABD07AA7037}.Release|Any CPU.ActiveCfg = Release|Any CPU
		{F7630576-A480-4705-A60E-2ABD07AA7037}.Release|Any CPU.Build.0 = Release|Any CPU
		{F7630576-A480-4705-A60E-2ABD07AA7037}.Release|Mixed Platforms.ActiveCfg = Release|Any CPU
		{F7630576-A480-4705-A60E-2ABD07AA7037}.Release|Mixed Platforms.Build.0 = Release|Any CPU
		{F7630576-A480-4705-A60E-2ABD07AA7037}.Release|x86.ActiveCfg = Release|Any CPU
		{35DEF1F9-4FFE-494F-AE8D-0AF15B278C22}.Debug|Any CPU.ActiveCfg = Debug|Any CPU
		{35DEF1F9-4FFE-494F-AE8D-0AF15B278C22}.Debug|Any CPU.Build.0 = Debug|Any CPU
		{35DEF1F9-4FFE-494F-AE8D-0AF15B278C22}.Debug|Mixed Platforms.ActiveCfg = Debug|Any CPU
		{35DEF1F9-4FFE-494F-AE8D-0AF15B278C22}.Debug|Mixed Platforms.Build.0 = Debug|Any CPU
		{35DEF1F9-4FFE-494F-AE8D-0AF15B278C22}.Debug|x86.ActiveCfg = Debug|Any CPU
		{35DEF1F9-4FFE-494F-AE8D-0AF15B278C22}.Release|Any CPU.ActiveCfg = Release|Any CPU
		{35DEF1F9-4FFE-494F-AE8D-0AF15B278C22}.Release|Any CPU.Build.0 = Release|Any CPU
		{35DEF1F9-4FFE-494F-AE8D-0AF15B278C22}.Release|Mixed Platforms.ActiveCfg = Release|Any CPU
		{35DEF1F9-4FFE-494F-AE8D-0AF15B278C22}.Release|Mixed Platforms.Build.0 = Release|Any CPU
		{35DEF1F9-4FFE-494F-AE8D-0AF15B278C22}.Release|x86.ActiveCfg = Release|Any CPU
		{08842DAA-31EA-49D2-A613-865C83A63386}.Debug|Any CPU.ActiveCfg = Debug|Any CPU
		{08842DAA-31EA-49D2-A613-865C83A63386}.Debug|Any CPU.Build.0 = Debug|Any CPU
		{08842DAA-31EA-49D2-A613-865C83A63386}.Debug|Mixed Platforms.ActiveCfg = Debug|Any CPU
		{08842DAA-31EA-49D2-A613-865C83A63386}.Debug|Mixed Platforms.Build.0 = Debug|Any CPU
		{08842DAA-31EA-49D2-A613-865C83A63386}.Debug|x86.ActiveCfg = Debug|Any CPU
		{08842DAA-31EA-49D2-A613-865C83A63386}.Debug|x86.Build.0 = Debug|Any CPU
		{08842DAA-31EA-49D2-A613-865C83A63386}.Release|Any CPU.ActiveCfg = Release|Any CPU
		{08842DAA-31EA-49D2-A613-865C83A63386}.Release|Mixed Platforms.ActiveCfg = Release|Any CPU
		{08842DAA-31EA-49D2-A613-865C83A63386}.Release|Mixed Platforms.Build.0 = Release|Any CPU
		{08842DAA-31EA-49D2-A613-865C83A63386}.Release|x86.ActiveCfg = Release|Any CPU
		{08842DAA-31EA-49D2-A613-865C83A63386}.Release|x86.Build.0 = Release|Any CPU
		{E53124A5-CEC6-40F5-BB01-89D280AD22E9}.Debug|Any CPU.ActiveCfg = Debug|Any CPU
		{E53124A5-CEC6-40F5-BB01-89D280AD22E9}.Debug|Any CPU.Build.0 = Debug|Any CPU
		{E53124A5-CEC6-40F5-BB01-89D280AD22E9}.Debug|Mixed Platforms.ActiveCfg = Debug|Any CPU
		{E53124A5-CEC6-40F5-BB01-89D280AD22E9}.Debug|Mixed Platforms.Build.0 = Debug|Any CPU
		{E53124A5-CEC6-40F5-BB01-89D280AD22E9}.Debug|x86.ActiveCfg = Debug|x86
		{E53124A5-CEC6-40F5-BB01-89D280AD22E9}.Debug|x86.Build.0 = Debug|x86
		{E53124A5-CEC6-40F5-BB01-89D280AD22E9}.Release|Any CPU.ActiveCfg = Release|Any CPU
		{E53124A5-CEC6-40F5-BB01-89D280AD22E9}.Release|Any CPU.Build.0 = Release|Any CPU
		{E53124A5-CEC6-40F5-BB01-89D280AD22E9}.Release|Mixed Platforms.ActiveCfg = Release|Any CPU
		{E53124A5-CEC6-40F5-BB01-89D280AD22E9}.Release|Mixed Platforms.Build.0 = Release|Any CPU
		{E53124A5-CEC6-40F5-BB01-89D280AD22E9}.Release|x86.ActiveCfg = Release|x86
		{E53124A5-CEC6-40F5-BB01-89D280AD22E9}.Release|x86.Build.0 = Release|x86
		{770F99D6-26C6-495A-905D-0EA3ACC5D5D2}.Debug|Any CPU.ActiveCfg = Debug|Any CPU
		{770F99D6-26C6-495A-905D-0EA3ACC5D5D2}.Debug|Any CPU.Build.0 = Debug|Any CPU
		{770F99D6-26C6-495A-905D-0EA3ACC5D5D2}.Debug|Mixed Platforms.ActiveCfg = Debug|Any CPU
		{770F99D6-26C6-495A-905D-0EA3ACC5D5D2}.Debug|Mixed Platforms.Build.0 = Debug|Any CPU
		{770F99D6-26C6-495A-905D-0EA3ACC5D5D2}.Debug|x86.ActiveCfg = Debug|x86
		{770F99D6-26C6-495A-905D-0EA3ACC5D5D2}.Debug|x86.Build.0 = Debug|x86
		{770F99D6-26C6-495A-905D-0EA3ACC5D5D2}.Release|Any CPU.ActiveCfg = Release|Any CPU
		{770F99D6-26C6-495A-905D-0EA3ACC5D5D2}.Release|Any CPU.Build.0 = Release|Any CPU
		{770F99D6-26C6-495A-905D-0EA3ACC5D5D2}.Release|Mixed Platforms.ActiveCfg = Release|Any CPU
		{770F99D6-26C6-495A-905D-0EA3ACC5D5D2}.Release|Mixed Platforms.Build.0 = Release|Any CPU
		{770F99D6-26C6-495A-905D-0EA3ACC5D5D2}.Release|x86.ActiveCfg = Release|x86
		{770F99D6-26C6-495A-905D-0EA3ACC5D5D2}.Release|x86.Build.0 = Release|x86
		{11AEB004-EADE-47BF-8C76-7650915B4F2F}.Debug|Any CPU.ActiveCfg = Debug|Any CPU
		{11AEB004-EADE-47BF-8C76-7650915B4F2F}.Debug|Any CPU.Build.0 = Debug|Any CPU
		{11AEB004-EADE-47BF-8C76-7650915B4F2F}.Debug|Mixed Platforms.ActiveCfg = Debug|Any CPU
		{11AEB004-EADE-47BF-8C76-7650915B4F2F}.Debug|Mixed Platforms.Build.0 = Debug|Any CPU
		{11AEB004-EADE-47BF-8C76-7650915B4F2F}.Debug|x86.ActiveCfg = Debug|Any CPU
		{11AEB004-EADE-47BF-8C76-7650915B4F2F}.Release|Any CPU.ActiveCfg = Release|Any CPU
		{11AEB004-EADE-47BF-8C76-7650915B4F2F}.Release|Any CPU.Build.0 = Release|Any CPU
		{11AEB004-EADE-47BF-8C76-7650915B4F2F}.Release|Mixed Platforms.ActiveCfg = Release|Any CPU
		{11AEB004-EADE-47BF-8C76-7650915B4F2F}.Release|Mixed Platforms.Build.0 = Release|Any CPU
		{11AEB004-EADE-47BF-8C76-7650915B4F2F}.Release|x86.ActiveCfg = Release|Any CPU
		{318EC31C-54EF-4138-A837-E6B0E0EE39BA}.Debug|Any CPU.ActiveCfg = Debug|Any CPU
		{318EC31C-54EF-4138-A837-E6B0E0EE39BA}.Debug|Any CPU.Build.0 = Debug|Any CPU
		{318EC31C-54EF-4138-A837-E6B0E0EE39BA}.Debug|Mixed Platforms.ActiveCfg = Debug|Any CPU
		{318EC31C-54EF-4138-A837-E6B0E0EE39BA}.Debug|Mixed Platforms.Build.0 = Debug|Any CPU
		{318EC31C-54EF-4138-A837-E6B0E0EE39BA}.Debug|x86.ActiveCfg = Debug|Any CPU
		{318EC31C-54EF-4138-A837-E6B0E0EE39BA}.Debug|x86.Build.0 = Debug|Any CPU
		{318EC31C-54EF-4138-A837-E6B0E0EE39BA}.Release|Any CPU.ActiveCfg = Release|Any CPU
		{318EC31C-54EF-4138-A837-E6B0E0EE39BA}.Release|Mixed Platforms.ActiveCfg = Release|Any CPU
		{318EC31C-54EF-4138-A837-E6B0E0EE39BA}.Release|Mixed Platforms.Build.0 = Release|Any CPU
		{318EC31C-54EF-4138-A837-E6B0E0EE39BA}.Release|x86.ActiveCfg = Release|Any CPU
		{318EC31C-54EF-4138-A837-E6B0E0EE39BA}.Release|x86.Build.0 = Release|Any CPU
		{B9A17F32-4FD9-4834-840D-99AA8DEF72F1}.Debug|Any CPU.ActiveCfg = Debug|Any CPU
		{B9A17F32-4FD9-4834-840D-99AA8DEF72F1}.Debug|Any CPU.Build.0 = Debug|Any CPU
		{B9A17F32-4FD9-4834-840D-99AA8DEF72F1}.Debug|Mixed Platforms.ActiveCfg = Debug|Any CPU
		{B9A17F32-4FD9-4834-840D-99AA8DEF72F1}.Debug|Mixed Platforms.Build.0 = Debug|Any CPU
		{B9A17F32-4FD9-4834-840D-99AA8DEF72F1}.Debug|x86.ActiveCfg = Debug|Any CPU
		{B9A17F32-4FD9-4834-840D-99AA8DEF72F1}.Release|Any CPU.ActiveCfg = Release|Any CPU
		{B9A17F32-4FD9-4834-840D-99AA8DEF72F1}.Release|Any CPU.Build.0 = Release|Any CPU
		{B9A17F32-4FD9-4834-840D-99AA8DEF72F1}.Release|Mixed Platforms.ActiveCfg = Release|Any CPU
		{B9A17F32-4FD9-4834-840D-99AA8DEF72F1}.Release|Mixed Platforms.Build.0 = Release|Any CPU
		{B9A17F32-4FD9-4834-840D-99AA8DEF72F1}.Release|x86.ActiveCfg = Release|Any CPU
		{353C51D9-3C4C-4FB9-8971-E175E364B13C}.Debug|Any CPU.ActiveCfg = Debug|Any CPU
		{353C51D9-3C4C-4FB9-8971-E175E364B13C}.Debug|Any CPU.Build.0 = Debug|Any CPU
		{353C51D9-3C4C-4FB9-8971-E175E364B13C}.Debug|Mixed Platforms.ActiveCfg = Debug|Any CPU
		{353C51D9-3C4C-4FB9-8971-E175E364B13C}.Debug|Mixed Platforms.Build.0 = Debug|Any CPU
		{353C51D9-3C4C-4FB9-8971-E175E364B13C}.Debug|x86.ActiveCfg = Debug|Any CPU
		{353C51D9-3C4C-4FB9-8971-E175E364B13C}.Release|Any CPU.ActiveCfg = Release|Any CPU
		{353C51D9-3C4C-4FB9-8971-E175E364B13C}.Release|Any CPU.Build.0 = Release|Any CPU
		{353C51D9-3C4C-4FB9-8971-E175E364B13C}.Release|Mixed Platforms.ActiveCfg = Release|Any CPU
		{353C51D9-3C4C-4FB9-8971-E175E364B13C}.Release|Mixed Platforms.Build.0 = Release|Any CPU
		{353C51D9-3C4C-4FB9-8971-E175E364B13C}.Release|x86.ActiveCfg = Release|Any CPU
		{B1ECF3AD-57BE-4F79-9AEA-0DB153117AEB}.Debug|Any CPU.ActiveCfg = Debug|Any CPU
		{B1ECF3AD-57BE-4F79-9AEA-0DB153117AEB}.Debug|Any CPU.Build.0 = Debug|Any CPU
		{B1ECF3AD-57BE-4F79-9AEA-0DB153117AEB}.Debug|Mixed Platforms.ActiveCfg = Debug|Any CPU
		{B1ECF3AD-57BE-4F79-9AEA-0DB153117AEB}.Debug|Mixed Platforms.Build.0 = Debug|Any CPU
		{B1ECF3AD-57BE-4F79-9AEA-0DB153117AEB}.Debug|x86.ActiveCfg = Debug|Any CPU
		{B1ECF3AD-57BE-4F79-9AEA-0DB153117AEB}.Release|Any CPU.ActiveCfg = Release|Any CPU
		{B1ECF3AD-57BE-4F79-9AEA-0DB153117AEB}.Release|Any CPU.Build.0 = Release|Any CPU
		{B1ECF3AD-57BE-4F79-9AEA-0DB153117AEB}.Release|Mixed Platforms.ActiveCfg = Release|Any CPU
		{B1ECF3AD-57BE-4F79-9AEA-0DB153117AEB}.Release|Mixed Platforms.Build.0 = Release|Any CPU
		{B1ECF3AD-57BE-4F79-9AEA-0DB153117AEB}.Release|x86.ActiveCfg = Release|Any CPU
		{503092C1-23FE-4AD8-B855-CF1D24D632A9}.Debug|Any CPU.ActiveCfg = Debug|Any CPU
		{503092C1-23FE-4AD8-B855-CF1D24D632A9}.Debug|Any CPU.Build.0 = Debug|Any CPU
		{503092C1-23FE-4AD8-B855-CF1D24D632A9}.Debug|Mixed Platforms.ActiveCfg = Debug|Any CPU
		{503092C1-23FE-4AD8-B855-CF1D24D632A9}.Debug|Mixed Platforms.Build.0 = Debug|Any CPU
		{503092C1-23FE-4AD8-B855-CF1D24D632A9}.Debug|x86.ActiveCfg = Debug|Any CPU
		{503092C1-23FE-4AD8-B855-CF1D24D632A9}.Release|Any CPU.ActiveCfg = Release|Any CPU
		{503092C1-23FE-4AD8-B855-CF1D24D632A9}.Release|Any CPU.Build.0 = Release|Any CPU
		{503092C1-23FE-4AD8-B855-CF1D24D632A9}.Release|Mixed Platforms.ActiveCfg = Release|Any CPU
		{503092C1-23FE-4AD8-B855-CF1D24D632A9}.Release|Mixed Platforms.Build.0 = Release|Any CPU
		{503092C1-23FE-4AD8-B855-CF1D24D632A9}.Release|x86.ActiveCfg = Release|Any CPU
		{E66D3023-26DD-4328-954B-91BB52D9CACD}.Debug|Any CPU.ActiveCfg = Debug|Any CPU
		{E66D3023-26DD-4328-954B-91BB52D9CACD}.Debug|Any CPU.Build.0 = Debug|Any CPU
		{E66D3023-26DD-4328-954B-91BB52D9CACD}.Debug|Mixed Platforms.ActiveCfg = Debug|Any CPU
		{E66D3023-26DD-4328-954B-91BB52D9CACD}.Debug|Mixed Platforms.Build.0 = Debug|Any CPU
		{E66D3023-26DD-4328-954B-91BB52D9CACD}.Debug|x86.ActiveCfg = Debug|Any CPU
		{E66D3023-26DD-4328-954B-91BB52D9CACD}.Release|Any CPU.ActiveCfg = Release|Any CPU
		{E66D3023-26DD-4328-954B-91BB52D9CACD}.Release|Any CPU.Build.0 = Release|Any CPU
		{E66D3023-26DD-4328-954B-91BB52D9CACD}.Release|Mixed Platforms.ActiveCfg = Release|Any CPU
		{E66D3023-26DD-4328-954B-91BB52D9CACD}.Release|Mixed Platforms.Build.0 = Release|Any CPU
		{E66D3023-26DD-4328-954B-91BB52D9CACD}.Release|x86.ActiveCfg = Release|Any CPU
		{66385FF8-1FF8-4495-B1BF-81A963855517}.Debug|Any CPU.ActiveCfg = Debug|x86
		{66385FF8-1FF8-4495-B1BF-81A963855517}.Debug|Mixed Platforms.ActiveCfg = Debug|x86
		{66385FF8-1FF8-4495-B1BF-81A963855517}.Debug|Mixed Platforms.Build.0 = Debug|x86
		{66385FF8-1FF8-4495-B1BF-81A963855517}.Debug|x86.ActiveCfg = Debug|x86
		{66385FF8-1FF8-4495-B1BF-81A963855517}.Debug|x86.Build.0 = Debug|x86
		{66385FF8-1FF8-4495-B1BF-81A963855517}.Release|Any CPU.ActiveCfg = Release|x86
		{66385FF8-1FF8-4495-B1BF-81A963855517}.Release|Mixed Platforms.ActiveCfg = Release|x86
		{66385FF8-1FF8-4495-B1BF-81A963855517}.Release|Mixed Platforms.Build.0 = Release|x86
		{66385FF8-1FF8-4495-B1BF-81A963855517}.Release|x86.ActiveCfg = Release|x86
		{66385FF8-1FF8-4495-B1BF-81A963855517}.Release|x86.Build.0 = Release|x86
	EndGlobalSection
	GlobalSection(SolutionProperties) = preSolution
		HideSolutionNode = FALSE
	EndGlobalSection
	GlobalSection(NestedProjects) = preSolution
		{08B38C72-E7CF-458C-9961-294CB254DE56} = {F255C14F-7EC8-4020-B066-3D1A67F26F5E}
		{6C0A2D55-61C0-4EF5-AF5A-C8723DC1B16E} = {F255C14F-7EC8-4020-B066-3D1A67F26F5E}
		{997BAC3D-13CB-4427-BE85-3149FF04053C} = {F255C14F-7EC8-4020-B066-3D1A67F26F5E}
		{89A4B805-6920-44D8-816E-4D92BED338B5} = {F255C14F-7EC8-4020-B066-3D1A67F26F5E}
		{B9A17F32-4FD9-4834-840D-99AA8DEF72F1} = {F255C14F-7EC8-4020-B066-3D1A67F26F5E}
		{353C51D9-3C4C-4FB9-8971-E175E364B13C} = {F255C14F-7EC8-4020-B066-3D1A67F26F5E}
		{F4019736-6C04-4C93-869D-D41FFFB1DB14} = {F255C14F-7EC8-4020-B066-3D1A67F26F5E}
		{B4B34AAF-973C-427D-9B42-183573407908} = {CC992324-4B93-4E9B-9A2F-AF1D06833965}
		{8DF9EAA8-F830-4642-95FA-826F732E58D0} = {CC992324-4B93-4E9B-9A2F-AF1D06833965}
		{A6FDD784-536C-4305-85C9-6C423A3C6BC8} = {CC992324-4B93-4E9B-9A2F-AF1D06833965}
		{6039E458-A237-428D-89D2-BEF3E9DE08A2} = {CC992324-4B93-4E9B-9A2F-AF1D06833965}
		{F7630576-A480-4705-A60E-2ABD07AA7037} = {CC992324-4B93-4E9B-9A2F-AF1D06833965}
		{35DEF1F9-4FFE-494F-AE8D-0AF15B278C22} = {CC992324-4B93-4E9B-9A2F-AF1D06833965}
		{11AEB004-EADE-47BF-8C76-7650915B4F2F} = {CC992324-4B93-4E9B-9A2F-AF1D06833965}
		{589EDA2C-421D-40F1-9682-D4360E02897A} = {CC992324-4B93-4E9B-9A2F-AF1D06833965}
		{08842DAA-31EA-49D2-A613-865C83A63386} = {0C37D9E4-EE97-4740-A811-710B2D0BBF8E}
		{C7FA0920-78D8-4C6E-9055-A9E0421E6438} = {0C37D9E4-EE97-4740-A811-710B2D0BBF8E}
		{E53124A5-CEC6-40F5-BB01-89D280AD22E9} = {2A452081-FFE5-43C4-82D1-7202917BC509}
		{318EC31C-54EF-4138-A837-E6B0E0EE39BA} = {2A452081-FFE5-43C4-82D1-7202917BC509}
		{E4025895-1C60-4E94-BD66-AC1EDEAA26B3} = {2A452081-FFE5-43C4-82D1-7202917BC509}
		{503092C1-23FE-4AD8-B855-CF1D24D632A9} = {2A452081-FFE5-43C4-82D1-7202917BC509}
		{66385FF8-1FF8-4495-B1BF-81A963855517} = {2A452081-FFE5-43C4-82D1-7202917BC509}
	EndGlobalSection
EndGlobal
