Microsoft Visual Studio Solution File, Format Version 12.00
# Visual Studio 2012
Project("{FAE04EC0-301F-11D3-BF4B-00C04F79EFBC}") = "OSAE.Jabber", "Plugins\OSAE.Jabber\OSAE.Jabber.csproj", "{589EDA2C-421D-40F1-9682-D4360E02897A}"
EndProject
Project("{FAE04EC0-301F-11D3-BF4B-00C04F79EFBC}") = "OSAE.API", "OSAE.API\OSAE.API.csproj", "{022F45F1-C988-41A1-A203-39E97BE928B6}"
EndProject
Project("{FAE04EC0-301F-11D3-BF4B-00C04F79EFBC}") = "OSAE.Service", "Services\OSA.Service\OSAE.Service.csproj", "{C7FA0920-78D8-4C6E-9055-A9E0421E6438}"
EndProject
Project("{FAE04EC0-301F-11D3-BF4B-00C04F79EFBC}") = "OSAE.Bluetooth", "Plugins\OSAE.Bluetooth\OSAE.Bluetooth.csproj", "{B4B34AAF-973C-427D-9B42-183573407908}"
EndProject
Project("{FAE04EC0-301F-11D3-BF4B-00C04F79EFBC}") = "OSAE.Email", "Plugins\OSAE.Email\OSAE.Email.csproj", "{8DF9EAA8-F830-4642-95FA-826F732E58D0}"
EndProject
Project("{FAE04EC0-301F-11D3-BF4B-00C04F79EFBC}") = "OSAE.NetworkMonitor", "Plugins\OSAE.NetworkMonitor\OSAE.NetworkMonitor.csproj", "{A6FDD784-536C-4305-85C9-6C423A3C6BC8}"
EndProject
Project("{F184B08F-C81C-45F6-A57F-5ABD9991F28F}") = "OSAE.ScriptProcessor", "Plugins\OSAE.ScriptProcessor\OSAE.ScriptProcessor.vbproj", "{6039E458-A237-428D-89D2-BEF3E9DE08A2}"
EndProject
Project("{FAE04EC0-301F-11D3-BF4B-00C04F79EFBC}") = "ClientService", "Services\ClientService\ClientService.csproj", "{08842DAA-31EA-49D2-A613-865C83A63386}"
EndProject
Project("{FAE04EC0-301F-11D3-BF4B-00C04F79EFBC}") = "Screens", "UI\Screens\Screens.csproj", "{E53124A5-CEC6-40F5-BB01-89D280AD22E9}"
EndProject
Project("{FAE04EC0-301F-11D3-BF4B-00C04F79EFBC}") = "VR2", "UI\VR2\VR2.csproj", "{770F99D6-26C6-495A-905D-0EA3ACC5D5D2}"
EndProject
Project("{FAE04EC0-301F-11D3-BF4B-00C04F79EFBC}") = "Speech", "Plugins\OSAE.Speech\Speech.csproj", "{11AEB004-EADE-47BF-8C76-7650915B4F2F}"
EndProject
Project("{FAE04EC0-301F-11D3-BF4B-00C04F79EFBC}") = "Manager", "UI\Manager\Manager.csproj", "{318EC31C-54EF-4138-A837-E6B0E0EE39BA}"
EndProject
Project("{2150E333-8FDC-42A3-9474-1A3956D46DE8}") = "Plugins", "Plugins", "{CC992324-4B93-4E9B-9A2F-AF1D06833965}"
EndProject
Project("{2150E333-8FDC-42A3-9474-1A3956D46DE8}") = "UI", "UI", "{2A452081-FFE5-43C4-82D1-7202917BC509}"
EndProject
Project("{2150E333-8FDC-42A3-9474-1A3956D46DE8}") = "Services", "Services", "{0C37D9E4-EE97-4740-A811-710B2D0BBF8E}"
EndProject
Project("{FAE04EC0-301F-11D3-BF4B-00C04F79EFBC}") = "PluginDescriptionEditor", "UI\PluginDescriptionEditor\PluginDescriptionEditor.csproj", "{B1ECF3AD-57BE-4F79-9AEA-0DB153117AEB}"
EndProject
Project("{FAE04EC0-301F-11D3-BF4B-00C04F79EFBC}") = "OSAE.UI.Controls", "UI\OSAE.UI.Controls\OSAE.UI.Controls.csproj", "{503092C1-23FE-4AD8-B855-CF1D24D632A9}"
EndProject
Project("{FAE04EC0-301F-11D3-BF4B-00C04F79EFBC}") = "OSAE.Rest", "Plugins\OSAE.Rest\OSAE.Rest.csproj", "{AF008EA4-CD39-481C-9F6B-3C6B97243658}"
EndProject
Project("{E24C65DC-7377-472B-9ABA-BC803B73C61A}") = "WebUI", "http://localhost:53994", "{E730B38F-5144-4AA2-9369-5287A3667CB0}"
	ProjectSection(WebsiteProperties) = preProject
		UseIISExpress = "true"
		TargetFrameworkMoniker = ".NETFramework,Version%3Dv4.0"
		ProjectReferences = "{022f45f1-c988-41a1-a203-39e97be928b6}|OSAE.API.dll;"
		Debug.AspNetCompiler.VirtualPath = "/localhost_53994"
		Debug.AspNetCompiler.PhysicalPath = "UI\Web\"
		Debug.AspNetCompiler.TargetPath = "PrecompiledWeb\localhost_53994\"
		Debug.AspNetCompiler.Updateable = "true"
		Debug.AspNetCompiler.ForceOverwrite = "true"
		Debug.AspNetCompiler.FixedNames = "false"
		Debug.AspNetCompiler.Debug = "True"
		Release.AspNetCompiler.VirtualPath = "/localhost_53994"
		Release.AspNetCompiler.PhysicalPath = "UI\Web\"
		Release.AspNetCompiler.TargetPath = "PrecompiledWeb\localhost_53994\"
		Release.AspNetCompiler.Updateable = "true"
		Release.AspNetCompiler.ForceOverwrite = "true"
		Release.AspNetCompiler.FixedNames = "false"
		Release.AspNetCompiler.Debug = "False"
		SlnRelativePath = "UI\Web\"
		DefaultWebSiteLanguage = "Visual C#"
	EndProjectSection
EndProject
Project("{FAE04EC0-301F-11D3-BF4B-00C04F79EFBC}") = "OSAE.WUnderground", "Plugins\OSAE.WUnderground\OSAE.WUnderground.csproj", "{84834D6F-8606-4912-BB48-8811162F3F97}"
EndProject
Project("{FAE04EC0-301F-11D3-BF4B-00C04F79EFBC}") = "OSAE.PowerShell", "Plugins\OSAE.PowerShellProcessor\OSAE.PowerShell.csproj", "{5BAEF1F3-5BE7-4D0B-BBBA-7459B3D3F79B}"
EndProject
Project("{FAE04EC0-301F-11D3-BF4B-00C04F79EFBC}") = "OSAE.WebServer", "Plugins\OSAE.WebServer\OSAE.WebServer.csproj", "{35DEF1F9-4FFE-494F-AE8D-0AF15B278C22}"
EndProject
Project("{FAE04EC0-301F-11D3-BF4B-00C04F79EFBC}") = "LUA", "Plugins\LUA\LUA.csproj", "{81DC04B3-C3D3-4203-8C7B-95110A460750}"
EndProject
Global
	GlobalSection(SolutionConfigurationPlatforms) = preSolution
		Debug|Any CPU = Debug|Any CPU
		Debug|Mixed Platforms = Debug|Mixed Platforms
		Debug|x86 = Debug|x86
		Release|Any CPU = Release|Any CPU
		Release|Mixed Platforms = Release|Mixed Platforms
		Release|x86 = Release|x86
	EndGlobalSection
	GlobalSection(ProjectConfigurationPlatforms) = postSolution
		{589EDA2C-421D-40F1-9682-D4360E02897A}.Debug|Any CPU.ActiveCfg = Debug|Any CPU
		{589EDA2C-421D-40F1-9682-D4360E02897A}.Debug|Any CPU.Build.0 = Debug|Any CPU
		{589EDA2C-421D-40F1-9682-D4360E02897A}.Debug|Mixed Platforms.ActiveCfg = Debug|Any CPU
		{589EDA2C-421D-40F1-9682-D4360E02897A}.Debug|Mixed Platforms.Build.0 = Debug|Any CPU
		{589EDA2C-421D-40F1-9682-D4360E02897A}.Debug|x86.ActiveCfg = Debug|Any CPU
		{589EDA2C-421D-40F1-9682-D4360E02897A}.Release|Any CPU.ActiveCfg = Release|Any CPU
		{589EDA2C-421D-40F1-9682-D4360E02897A}.Release|Any CPU.Build.0 = Release|Any CPU
		{589EDA2C-421D-40F1-9682-D4360E02897A}.Release|Mixed Platforms.ActiveCfg = Release|Any CPU
		{589EDA2C-421D-40F1-9682-D4360E02897A}.Release|Mixed Platforms.Build.0 = Release|Any CPU
		{589EDA2C-421D-40F1-9682-D4360E02897A}.Release|x86.ActiveCfg = Release|Any CPU
		{022F45F1-C988-41A1-A203-39E97BE928B6}.Debug|Any CPU.ActiveCfg = Debug|Any CPU
		{022F45F1-C988-41A1-A203-39E97BE928B6}.Debug|Any CPU.Build.0 = Debug|Any CPU
		{022F45F1-C988-41A1-A203-39E97BE928B6}.Debug|Mixed Platforms.ActiveCfg = Debug|Any CPU
		{022F45F1-C988-41A1-A203-39E97BE928B6}.Debug|Mixed Platforms.Build.0 = Debug|Any CPU
		{022F45F1-C988-41A1-A203-39E97BE928B6}.Debug|x86.ActiveCfg = Debug|Any CPU
		{022F45F1-C988-41A1-A203-39E97BE928B6}.Release|Any CPU.ActiveCfg = Release|Any CPU
		{022F45F1-C988-41A1-A203-39E97BE928B6}.Release|Any CPU.Build.0 = Release|Any CPU
		{022F45F1-C988-41A1-A203-39E97BE928B6}.Release|Mixed Platforms.ActiveCfg = Release|Any CPU
		{022F45F1-C988-41A1-A203-39E97BE928B6}.Release|Mixed Platforms.Build.0 = Release|Any CPU
		{022F45F1-C988-41A1-A203-39E97BE928B6}.Release|x86.ActiveCfg = Release|Any CPU
		{C7FA0920-78D8-4C6E-9055-A9E0421E6438}.Debug|Any CPU.ActiveCfg = Debug|Any CPU
		{C7FA0920-78D8-4C6E-9055-A9E0421E6438}.Debug|Any CPU.Build.0 = Debug|Any CPU
		{C7FA0920-78D8-4C6E-9055-A9E0421E6438}.Debug|Mixed Platforms.ActiveCfg = Debug|Any CPU
		{C7FA0920-78D8-4C6E-9055-A9E0421E6438}.Debug|Mixed Platforms.Build.0 = Debug|Any CPU
		{C7FA0920-78D8-4C6E-9055-A9E0421E6438}.Debug|x86.ActiveCfg = Debug|Any CPU
		{C7FA0920-78D8-4C6E-9055-A9E0421E6438}.Release|Any CPU.ActiveCfg = Release|Any CPU
		{C7FA0920-78D8-4C6E-9055-A9E0421E6438}.Release|Any CPU.Build.0 = Release|Any CPU
		{C7FA0920-78D8-4C6E-9055-A9E0421E6438}.Release|Mixed Platforms.ActiveCfg = Release|Any CPU
		{C7FA0920-78D8-4C6E-9055-A9E0421E6438}.Release|Mixed Platforms.Build.0 = Release|Any CPU
		{C7FA0920-78D8-4C6E-9055-A9E0421E6438}.Release|x86.ActiveCfg = Release|Any CPU
		{B4B34AAF-973C-427D-9B42-183573407908}.Debug|Any CPU.ActiveCfg = Debug|Any CPU
		{B4B34AAF-973C-427D-9B42-183573407908}.Debug|Any CPU.Build.0 = Debug|Any CPU
		{B4B34AAF-973C-427D-9B42-183573407908}.Debug|Mixed Platforms.ActiveCfg = Debug|Any CPU
		{B4B34AAF-973C-427D-9B42-183573407908}.Debug|Mixed Platforms.Build.0 = Debug|Any CPU
		{B4B34AAF-973C-427D-9B42-183573407908}.Debug|x86.ActiveCfg = Debug|Any CPU
		{B4B34AAF-973C-427D-9B42-183573407908}.Release|Any CPU.ActiveCfg = Release|Any CPU
		{B4B34AAF-973C-427D-9B42-183573407908}.Release|Any CPU.Build.0 = Release|Any CPU
		{B4B34AAF-973C-427D-9B42-183573407908}.Release|Mixed Platforms.ActiveCfg = Release|Any CPU
		{B4B34AAF-973C-427D-9B42-183573407908}.Release|Mixed Platforms.Build.0 = Release|Any CPU
		{B4B34AAF-973C-427D-9B42-183573407908}.Release|x86.ActiveCfg = Release|Any CPU
		{8DF9EAA8-F830-4642-95FA-826F732E58D0}.Debug|Any CPU.ActiveCfg = Debug|Any CPU
		{8DF9EAA8-F830-4642-95FA-826F732E58D0}.Debug|Any CPU.Build.0 = Debug|Any CPU
		{8DF9EAA8-F830-4642-95FA-826F732E58D0}.Debug|Mixed Platforms.ActiveCfg = Debug|Any CPU
		{8DF9EAA8-F830-4642-95FA-826F732E58D0}.Debug|Mixed Platforms.Build.0 = Debug|Any CPU
		{8DF9EAA8-F830-4642-95FA-826F732E58D0}.Debug|x86.ActiveCfg = Debug|Any CPU
		{8DF9EAA8-F830-4642-95FA-826F732E58D0}.Release|Any CPU.ActiveCfg = Release|Any CPU
		{8DF9EAA8-F830-4642-95FA-826F732E58D0}.Release|Any CPU.Build.0 = Release|Any CPU
		{8DF9EAA8-F830-4642-95FA-826F732E58D0}.Release|Mixed Platforms.ActiveCfg = Release|Any CPU
		{8DF9EAA8-F830-4642-95FA-826F732E58D0}.Release|Mixed Platforms.Build.0 = Release|Any CPU
		{8DF9EAA8-F830-4642-95FA-826F732E58D0}.Release|x86.ActiveCfg = Release|Any CPU
		{A6FDD784-536C-4305-85C9-6C423A3C6BC8}.Debug|Any CPU.ActiveCfg = Debug|Any CPU
		{A6FDD784-536C-4305-85C9-6C423A3C6BC8}.Debug|Any CPU.Build.0 = Debug|Any CPU
		{A6FDD784-536C-4305-85C9-6C423A3C6BC8}.Debug|Mixed Platforms.ActiveCfg = Debug|Any CPU
		{A6FDD784-536C-4305-85C9-6C423A3C6BC8}.Debug|Mixed Platforms.Build.0 = Debug|Any CPU
		{A6FDD784-536C-4305-85C9-6C423A3C6BC8}.Debug|x86.ActiveCfg = Debug|Any CPU
		{A6FDD784-536C-4305-85C9-6C423A3C6BC8}.Release|Any CPU.ActiveCfg = Release|Any CPU
		{A6FDD784-536C-4305-85C9-6C423A3C6BC8}.Release|Any CPU.Build.0 = Release|Any CPU
		{A6FDD784-536C-4305-85C9-6C423A3C6BC8}.Release|Mixed Platforms.ActiveCfg = Release|Any CPU
		{A6FDD784-536C-4305-85C9-6C423A3C6BC8}.Release|Mixed Platforms.Build.0 = Release|Any CPU
		{A6FDD784-536C-4305-85C9-6C423A3C6BC8}.Release|x86.ActiveCfg = Release|Any CPU
		{6039E458-A237-428D-89D2-BEF3E9DE08A2}.Debug|Any CPU.ActiveCfg = Debug|Any CPU
		{6039E458-A237-428D-89D2-BEF3E9DE08A2}.Debug|Any CPU.Build.0 = Debug|Any CPU
		{6039E458-A237-428D-89D2-BEF3E9DE08A2}.Debug|Mixed Platforms.ActiveCfg = Debug|Any CPU
		{6039E458-A237-428D-89D2-BEF3E9DE08A2}.Debug|Mixed Platforms.Build.0 = Debug|Any CPU
		{6039E458-A237-428D-89D2-BEF3E9DE08A2}.Debug|x86.ActiveCfg = Debug|Any CPU
		{6039E458-A237-428D-89D2-BEF3E9DE08A2}.Release|Any CPU.ActiveCfg = Release|Any CPU
		{6039E458-A237-428D-89D2-BEF3E9DE08A2}.Release|Any CPU.Build.0 = Release|Any CPU
		{6039E458-A237-428D-89D2-BEF3E9DE08A2}.Release|Mixed Platforms.ActiveCfg = Release|Any CPU
		{6039E458-A237-428D-89D2-BEF3E9DE08A2}.Release|Mixed Platforms.Build.0 = Release|Any CPU
		{6039E458-A237-428D-89D2-BEF3E9DE08A2}.Release|x86.ActiveCfg = Release|Any CPU
		{08842DAA-31EA-49D2-A613-865C83A63386}.Debug|Any CPU.ActiveCfg = Debug|Any CPU
		{08842DAA-31EA-49D2-A613-865C83A63386}.Debug|Any CPU.Build.0 = Debug|Any CPU
		{08842DAA-31EA-49D2-A613-865C83A63386}.Debug|Mixed Platforms.ActiveCfg = Debug|Any CPU
		{08842DAA-31EA-49D2-A613-865C83A63386}.Debug|Mixed Platforms.Build.0 = Debug|Any CPU
		{08842DAA-31EA-49D2-A613-865C83A63386}.Debug|x86.ActiveCfg = Debug|Any CPU
		{08842DAA-31EA-49D2-A613-865C83A63386}.Debug|x86.Build.0 = Debug|Any CPU
		{08842DAA-31EA-49D2-A613-865C83A63386}.Release|Any CPU.ActiveCfg = Release|Any CPU
		{08842DAA-31EA-49D2-A613-865C83A63386}.Release|Mixed Platforms.ActiveCfg = Release|Any CPU
		{08842DAA-31EA-49D2-A613-865C83A63386}.Release|Mixed Platforms.Build.0 = Release|Any CPU
		{08842DAA-31EA-49D2-A613-865C83A63386}.Release|x86.ActiveCfg = Release|Any CPU
		{08842DAA-31EA-49D2-A613-865C83A63386}.Release|x86.Build.0 = Release|Any CPU
		{E53124A5-CEC6-40F5-BB01-89D280AD22E9}.Debug|Any CPU.ActiveCfg = Debug|Any CPU
		{E53124A5-CEC6-40F5-BB01-89D280AD22E9}.Debug|Any CPU.Build.0 = Debug|Any CPU
		{E53124A5-CEC6-40F5-BB01-89D280AD22E9}.Debug|Mixed Platforms.ActiveCfg = Debug|Any CPU
		{E53124A5-CEC6-40F5-BB01-89D280AD22E9}.Debug|Mixed Platforms.Build.0 = Debug|Any CPU
		{E53124A5-CEC6-40F5-BB01-89D280AD22E9}.Debug|x86.ActiveCfg = Debug|x86
		{E53124A5-CEC6-40F5-BB01-89D280AD22E9}.Debug|x86.Build.0 = Debug|x86
		{E53124A5-CEC6-40F5-BB01-89D280AD22E9}.Release|Any CPU.ActiveCfg = Release|Any CPU
		{E53124A5-CEC6-40F5-BB01-89D280AD22E9}.Release|Any CPU.Build.0 = Release|Any CPU
		{E53124A5-CEC6-40F5-BB01-89D280AD22E9}.Release|Mixed Platforms.ActiveCfg = Release|Any CPU
		{E53124A5-CEC6-40F5-BB01-89D280AD22E9}.Release|Mixed Platforms.Build.0 = Release|Any CPU
		{E53124A5-CEC6-40F5-BB01-89D280AD22E9}.Release|x86.ActiveCfg = Release|x86
		{E53124A5-CEC6-40F5-BB01-89D280AD22E9}.Release|x86.Build.0 = Release|x86
		{770F99D6-26C6-495A-905D-0EA3ACC5D5D2}.Debug|Any CPU.ActiveCfg = Debug|Any CPU
		{770F99D6-26C6-495A-905D-0EA3ACC5D5D2}.Debug|Any CPU.Build.0 = Debug|Any CPU
		{770F99D6-26C6-495A-905D-0EA3ACC5D5D2}.Debug|Mixed Platforms.ActiveCfg = Debug|Any CPU
		{770F99D6-26C6-495A-905D-0EA3ACC5D5D2}.Debug|Mixed Platforms.Build.0 = Debug|Any CPU
		{770F99D6-26C6-495A-905D-0EA3ACC5D5D2}.Debug|x86.ActiveCfg = Debug|x86
		{770F99D6-26C6-495A-905D-0EA3ACC5D5D2}.Debug|x86.Build.0 = Debug|x86
		{770F99D6-26C6-495A-905D-0EA3ACC5D5D2}.Release|Any CPU.ActiveCfg = Release|Any CPU
		{770F99D6-26C6-495A-905D-0EA3ACC5D5D2}.Release|Any CPU.Build.0 = Release|Any CPU
		{770F99D6-26C6-495A-905D-0EA3ACC5D5D2}.Release|Mixed Platforms.ActiveCfg = Release|Any CPU
		{770F99D6-26C6-495A-905D-0EA3ACC5D5D2}.Release|Mixed Platforms.Build.0 = Release|Any CPU
		{770F99D6-26C6-495A-905D-0EA3ACC5D5D2}.Release|x86.ActiveCfg = Release|x86
		{770F99D6-26C6-495A-905D-0EA3ACC5D5D2}.Release|x86.Build.0 = Release|x86
		{11AEB004-EADE-47BF-8C76-7650915B4F2F}.Debug|Any CPU.ActiveCfg = Debug|Any CPU
		{11AEB004-EADE-47BF-8C76-7650915B4F2F}.Debug|Any CPU.Build.0 = Debug|Any CPU
		{11AEB004-EADE-47BF-8C76-7650915B4F2F}.Debug|Mixed Platforms.ActiveCfg = Debug|Any CPU
		{11AEB004-EADE-47BF-8C76-7650915B4F2F}.Debug|Mixed Platforms.Build.0 = Debug|Any CPU
		{11AEB004-EADE-47BF-8C76-7650915B4F2F}.Debug|x86.ActiveCfg = Debug|Any CPU
		{11AEB004-EADE-47BF-8C76-7650915B4F2F}.Release|Any CPU.ActiveCfg = Release|Any CPU
		{11AEB004-EADE-47BF-8C76-7650915B4F2F}.Release|Any CPU.Build.0 = Release|Any CPU
		{11AEB004-EADE-47BF-8C76-7650915B4F2F}.Release|Mixed Platforms.ActiveCfg = Release|Any CPU
		{11AEB004-EADE-47BF-8C76-7650915B4F2F}.Release|Mixed Platforms.Build.0 = Release|Any CPU
		{11AEB004-EADE-47BF-8C76-7650915B4F2F}.Release|x86.ActiveCfg = Release|Any CPU
		{318EC31C-54EF-4138-A837-E6B0E0EE39BA}.Debug|Any CPU.ActiveCfg = Debug|Any CPU
		{318EC31C-54EF-4138-A837-E6B0E0EE39BA}.Debug|Any CPU.Build.0 = Debug|Any CPU
		{318EC31C-54EF-4138-A837-E6B0E0EE39BA}.Debug|Mixed Platforms.ActiveCfg = Debug|Any CPU
		{318EC31C-54EF-4138-A837-E6B0E0EE39BA}.Debug|Mixed Platforms.Build.0 = Debug|Any CPU
		{318EC31C-54EF-4138-A837-E6B0E0EE39BA}.Debug|x86.ActiveCfg = Debug|Any CPU
		{318EC31C-54EF-4138-A837-E6B0E0EE39BA}.Debug|x86.Build.0 = Debug|Any CPU
		{318EC31C-54EF-4138-A837-E6B0E0EE39BA}.Release|Any CPU.ActiveCfg = Release|Any CPU
		{318EC31C-54EF-4138-A837-E6B0E0EE39BA}.Release|Mixed Platforms.ActiveCfg = Release|Any CPU
		{318EC31C-54EF-4138-A837-E6B0E0EE39BA}.Release|Mixed Platforms.Build.0 = Release|Any CPU
		{318EC31C-54EF-4138-A837-E6B0E0EE39BA}.Release|x86.ActiveCfg = Release|Any CPU
		{318EC31C-54EF-4138-A837-E6B0E0EE39BA}.Release|x86.Build.0 = Release|Any CPU
		{B1ECF3AD-57BE-4F79-9AEA-0DB153117AEB}.Debug|Any CPU.ActiveCfg = Debug|Any CPU
		{B1ECF3AD-57BE-4F79-9AEA-0DB153117AEB}.Debug|Any CPU.Build.0 = Debug|Any CPU
		{B1ECF3AD-57BE-4F79-9AEA-0DB153117AEB}.Debug|Mixed Platforms.ActiveCfg = Debug|Any CPU
		{B1ECF3AD-57BE-4F79-9AEA-0DB153117AEB}.Debug|Mixed Platforms.Build.0 = Debug|Any CPU
		{B1ECF3AD-57BE-4F79-9AEA-0DB153117AEB}.Debug|x86.ActiveCfg = Debug|Any CPU
		{B1ECF3AD-57BE-4F79-9AEA-0DB153117AEB}.Release|Any CPU.ActiveCfg = Release|Any CPU
		{B1ECF3AD-57BE-4F79-9AEA-0DB153117AEB}.Release|Any CPU.Build.0 = Release|Any CPU
		{B1ECF3AD-57BE-4F79-9AEA-0DB153117AEB}.Release|Mixed Platforms.ActiveCfg = Release|Any CPU
		{B1ECF3AD-57BE-4F79-9AEA-0DB153117AEB}.Release|Mixed Platforms.Build.0 = Release|Any CPU
		{B1ECF3AD-57BE-4F79-9AEA-0DB153117AEB}.Release|x86.ActiveCfg = Release|Any CPU
		{503092C1-23FE-4AD8-B855-CF1D24D632A9}.Debug|Any CPU.ActiveCfg = Debug|Any CPU
		{503092C1-23FE-4AD8-B855-CF1D24D632A9}.Debug|Any CPU.Build.0 = Debug|Any CPU
		{503092C1-23FE-4AD8-B855-CF1D24D632A9}.Debug|Mixed Platforms.ActiveCfg = Debug|Any CPU
		{503092C1-23FE-4AD8-B855-CF1D24D632A9}.Debug|Mixed Platforms.Build.0 = Debug|Any CPU
		{503092C1-23FE-4AD8-B855-CF1D24D632A9}.Debug|x86.ActiveCfg = Debug|Any CPU
		{503092C1-23FE-4AD8-B855-CF1D24D632A9}.Release|Any CPU.ActiveCfg = Release|Any CPU
		{503092C1-23FE-4AD8-B855-CF1D24D632A9}.Release|Any CPU.Build.0 = Release|Any CPU
		{503092C1-23FE-4AD8-B855-CF1D24D632A9}.Release|Mixed Platforms.ActiveCfg = Release|Any CPU
		{503092C1-23FE-4AD8-B855-CF1D24D632A9}.Release|Mixed Platforms.Build.0 = Release|Any CPU
		{503092C1-23FE-4AD8-B855-CF1D24D632A9}.Release|x86.ActiveCfg = Release|Any CPU
		{AF008EA4-CD39-481C-9F6B-3C6B97243658}.Debug|Any CPU.ActiveCfg = Debug|Any CPU
		{AF008EA4-CD39-481C-9F6B-3C6B97243658}.Debug|Any CPU.Build.0 = Debug|Any CPU
		{AF008EA4-CD39-481C-9F6B-3C6B97243658}.Debug|Mixed Platforms.ActiveCfg = Debug|Any CPU
		{AF008EA4-CD39-481C-9F6B-3C6B97243658}.Debug|Mixed Platforms.Build.0 = Debug|Any CPU
		{AF008EA4-CD39-481C-9F6B-3C6B97243658}.Debug|x86.ActiveCfg = Debug|Any CPU
		{AF008EA4-CD39-481C-9F6B-3C6B97243658}.Release|Any CPU.ActiveCfg = Release|Any CPU
		{AF008EA4-CD39-481C-9F6B-3C6B97243658}.Release|Any CPU.Build.0 = Release|Any CPU
		{AF008EA4-CD39-481C-9F6B-3C6B97243658}.Release|Mixed Platforms.ActiveCfg = Release|Any CPU
		{AF008EA4-CD39-481C-9F6B-3C6B97243658}.Release|Mixed Platforms.Build.0 = Release|Any CPU
		{AF008EA4-CD39-481C-9F6B-3C6B97243658}.Release|x86.ActiveCfg = Release|Any CPU
		{E730B38F-5144-4AA2-9369-5287A3667CB0}.Debug|Any CPU.ActiveCfg = Debug|Any CPU
		{E730B38F-5144-4AA2-9369-5287A3667CB0}.Debug|Any CPU.Build.0 = Debug|Any CPU
		{E730B38F-5144-4AA2-9369-5287A3667CB0}.Debug|Mixed Platforms.ActiveCfg = Debug|Any CPU
		{E730B38F-5144-4AA2-9369-5287A3667CB0}.Debug|Mixed Platforms.Build.0 = Debug|Any CPU
		{E730B38F-5144-4AA2-9369-5287A3667CB0}.Debug|x86.ActiveCfg = Debug|Any CPU
		{E730B38F-5144-4AA2-9369-5287A3667CB0}.Release|Any CPU.ActiveCfg = Debug|Any CPU
		{E730B38F-5144-4AA2-9369-5287A3667CB0}.Release|Any CPU.Build.0 = Debug|Any CPU
		{E730B38F-5144-4AA2-9369-5287A3667CB0}.Release|Mixed Platforms.ActiveCfg = Debug|Any CPU
		{E730B38F-5144-4AA2-9369-5287A3667CB0}.Release|Mixed Platforms.Build.0 = Debug|Any CPU
		{E730B38F-5144-4AA2-9369-5287A3667CB0}.Release|x86.ActiveCfg = Debug|Any CPU
		{84834D6F-8606-4912-BB48-8811162F3F97}.Debug|Any CPU.ActiveCfg = Debug|Any CPU
		{84834D6F-8606-4912-BB48-8811162F3F97}.Debug|Any CPU.Build.0 = Debug|Any CPU
		{84834D6F-8606-4912-BB48-8811162F3F97}.Debug|Mixed Platforms.ActiveCfg = Debug|Any CPU
		{84834D6F-8606-4912-BB48-8811162F3F97}.Debug|Mixed Platforms.Build.0 = Debug|Any CPU
		{84834D6F-8606-4912-BB48-8811162F3F97}.Debug|x86.ActiveCfg = Debug|Any CPU
		{84834D6F-8606-4912-BB48-8811162F3F97}.Release|Any CPU.ActiveCfg = Release|Any CPU
		{84834D6F-8606-4912-BB48-8811162F3F97}.Release|Any CPU.Build.0 = Release|Any CPU
		{84834D6F-8606-4912-BB48-8811162F3F97}.Release|Mixed Platforms.ActiveCfg = Release|Any CPU
		{84834D6F-8606-4912-BB48-8811162F3F97}.Release|Mixed Platforms.Build.0 = Release|Any CPU
		{84834D6F-8606-4912-BB48-8811162F3F97}.Release|x86.ActiveCfg = Release|Any CPU
		{5BAEF1F3-5BE7-4D0B-BBBA-7459B3D3F79B}.Debug|Any CPU.ActiveCfg = Debug|Any CPU
		{5BAEF1F3-5BE7-4D0B-BBBA-7459B3D3F79B}.Debug|Any CPU.Build.0 = Debug|Any CPU
		{5BAEF1F3-5BE7-4D0B-BBBA-7459B3D3F79B}.Debug|Mixed Platforms.ActiveCfg = Debug|Any CPU
		{5BAEF1F3-5BE7-4D0B-BBBA-7459B3D3F79B}.Debug|Mixed Platforms.Build.0 = Debug|Any CPU
		{5BAEF1F3-5BE7-4D0B-BBBA-7459B3D3F79B}.Debug|x86.ActiveCfg = Debug|Any CPU
		{5BAEF1F3-5BE7-4D0B-BBBA-7459B3D3F79B}.Release|Any CPU.ActiveCfg = Release|Any CPU
		{5BAEF1F3-5BE7-4D0B-BBBA-7459B3D3F79B}.Release|Any CPU.Build.0 = Release|Any CPU
		{5BAEF1F3-5BE7-4D0B-BBBA-7459B3D3F79B}.Release|Mixed Platforms.ActiveCfg = Release|Any CPU
		{5BAEF1F3-5BE7-4D0B-BBBA-7459B3D3F79B}.Release|Mixed Platforms.Build.0 = Release|Any CPU
		{5BAEF1F3-5BE7-4D0B-BBBA-7459B3D3F79B}.Release|x86.ActiveCfg = Release|Any CPU
		{35DEF1F9-4FFE-494F-AE8D-0AF15B278C22}.Debug|Any CPU.ActiveCfg = Debug|Any CPU
		{35DEF1F9-4FFE-494F-AE8D-0AF15B278C22}.Debug|Any CPU.Build.0 = Debug|Any CPU
		{35DEF1F9-4FFE-494F-AE8D-0AF15B278C22}.Debug|Mixed Platforms.ActiveCfg = Debug|Any CPU
		{35DEF1F9-4FFE-494F-AE8D-0AF15B278C22}.Debug|Mixed Platforms.Build.0 = Debug|Any CPU
		{35DEF1F9-4FFE-494F-AE8D-0AF15B278C22}.Debug|x86.ActiveCfg = Debug|Any CPU
		{35DEF1F9-4FFE-494F-AE8D-0AF15B278C22}.Release|Any CPU.ActiveCfg = Release|Any CPU
		{35DEF1F9-4FFE-494F-AE8D-0AF15B278C22}.Release|Any CPU.Build.0 = Release|Any CPU
		{35DEF1F9-4FFE-494F-AE8D-0AF15B278C22}.Release|Mixed Platforms.ActiveCfg = Release|Any CPU
		{35DEF1F9-4FFE-494F-AE8D-0AF15B278C22}.Release|Mixed Platforms.Build.0 = Release|Any CPU
		{35DEF1F9-4FFE-494F-AE8D-0AF15B278C22}.Release|x86.ActiveCfg = Release|Any CPU
		{81DC04B3-C3D3-4203-8C7B-95110A460750}.Debug|Any CPU.ActiveCfg = Debug|Any CPU
		{81DC04B3-C3D3-4203-8C7B-95110A460750}.Debug|Any CPU.Build.0 = Debug|Any CPU
		{81DC04B3-C3D3-4203-8C7B-95110A460750}.Debug|Mixed Platforms.ActiveCfg = Debug|Any CPU
		{81DC04B3-C3D3-4203-8C7B-95110A460750}.Debug|Mixed Platforms.Build.0 = Debug|Any CPU
		{81DC04B3-C3D3-4203-8C7B-95110A460750}.Debug|x86.ActiveCfg = Debug|Any CPU
		{81DC04B3-C3D3-4203-8C7B-95110A460750}.Release|Any CPU.ActiveCfg = Release|Any CPU
		{81DC04B3-C3D3-4203-8C7B-95110A460750}.Release|Any CPU.Build.0 = Release|Any CPU
		{81DC04B3-C3D3-4203-8C7B-95110A460750}.Release|Mixed Platforms.ActiveCfg = Release|Any CPU
		{81DC04B3-C3D3-4203-8C7B-95110A460750}.Release|Mixed Platforms.Build.0 = Release|Any CPU
		{81DC04B3-C3D3-4203-8C7B-95110A460750}.Release|x86.ActiveCfg = Release|Any CPU
	EndGlobalSection
	GlobalSection(SolutionProperties) = preSolution
		HideSolutionNode = FALSE
	EndGlobalSection
	GlobalSection(NestedProjects) = preSolution
		{B4B34AAF-973C-427D-9B42-183573407908} = {CC992324-4B93-4E9B-9A2F-AF1D06833965}
		{8DF9EAA8-F830-4642-95FA-826F732E58D0} = {CC992324-4B93-4E9B-9A2F-AF1D06833965}
		{A6FDD784-536C-4305-85C9-6C423A3C6BC8} = {CC992324-4B93-4E9B-9A2F-AF1D06833965}
		{6039E458-A237-428D-89D2-BEF3E9DE08A2} = {CC992324-4B93-4E9B-9A2F-AF1D06833965}
		{11AEB004-EADE-47BF-8C76-7650915B4F2F} = {CC992324-4B93-4E9B-9A2F-AF1D06833965}
		{589EDA2C-421D-40F1-9682-D4360E02897A} = {CC992324-4B93-4E9B-9A2F-AF1D06833965}
		{AF008EA4-CD39-481C-9F6B-3C6B97243658} = {CC992324-4B93-4E9B-9A2F-AF1D06833965}
		{84834D6F-8606-4912-BB48-8811162F3F97} = {CC992324-4B93-4E9B-9A2F-AF1D06833965}
		{5BAEF1F3-5BE7-4D0B-BBBA-7459B3D3F79B} = {CC992324-4B93-4E9B-9A2F-AF1D06833965}
		{35DEF1F9-4FFE-494F-AE8D-0AF15B278C22} = {CC992324-4B93-4E9B-9A2F-AF1D06833965}
		{81DC04B3-C3D3-4203-8C7B-95110A460750} = {CC992324-4B93-4E9B-9A2F-AF1D06833965}
		{08842DAA-31EA-49D2-A613-865C83A63386} = {0C37D9E4-EE97-4740-A811-710B2D0BBF8E}
		{C7FA0920-78D8-4C6E-9055-A9E0421E6438} = {0C37D9E4-EE97-4740-A811-710B2D0BBF8E}
		{770F99D6-26C6-495A-905D-0EA3ACC5D5D2} = {2A452081-FFE5-43C4-82D1-7202917BC509}
		{318EC31C-54EF-4138-A837-E6B0E0EE39BA} = {2A452081-FFE5-43C4-82D1-7202917BC509}
		{E53124A5-CEC6-40F5-BB01-89D280AD22E9} = {2A452081-FFE5-43C4-82D1-7202917BC509}
		{B1ECF3AD-57BE-4F79-9AEA-0DB153117AEB} = {2A452081-FFE5-43C4-82D1-7202917BC509}
		{503092C1-23FE-4AD8-B855-CF1D24D632A9} = {2A452081-FFE5-43C4-82D1-7202917BC509}
		{E730B38F-5144-4AA2-9369-5287A3667CB0} = {2A452081-FFE5-43C4-82D1-7202917BC509}
	EndGlobalSection
EndGlobal
