Microsoft Visual Studio Solution File, Format Version 12.00
# Visual Studio 2010
Project("{FAE04EC0-301F-11D3-BF4B-00C04F79EFBC}") = "OSAE.Jabber", "Plugins\OSAE.Jabber\OSAE.Jabber.csproj", "{589EDA2C-421D-40F1-9682-D4360E02897A}"
EndProject
Project("{FAE04EC0-301F-11D3-BF4B-00C04F79EFBC}") = "OSAE.API", "OSAE.API\OSAE.API.csproj", "{022F45F1-C988-41A1-A203-39E97BE928B6}"
EndProject
Project("{FAE04EC0-301F-11D3-BF4B-00C04F79EFBC}") = "OSAE.Service", "OSA.Service\OSAE.Service.csproj", "{C7FA0920-78D8-4C6E-9055-A9E0421E6438}"
EndProject
Project("{F184B08F-C81C-45F6-A57F-5ABD9991F28F}") = "GUI", "GUI\GUI.vbproj", "{E4025895-1C60-4E94-BD66-AC1EDEAA26B3}"
EndProject
Project("{FAE04EC0-301F-11D3-BF4B-00C04F79EFBC}") = "OSAE.Bluetooth", "Plugins\OSAE.Bluetooth\OSAE.Bluetooth.csproj", "{B4B34AAF-973C-427D-9B42-183573407908}"
EndProject
Project("{FAE04EC0-301F-11D3-BF4B-00C04F79EFBC}") = "OSAE.Email", "Plugins\OSAE.Email\OSAE.Email.csproj", "{8DF9EAA8-F830-4642-95FA-826F732E58D0}"
EndProject
Project("{FAE04EC0-301F-11D3-BF4B-00C04F79EFBC}") = "OSAE.NetworkMonitor", "Plugins\OSAE.NetworkMonitor\OSAE.NetworkMonitor.csproj", "{A6FDD784-536C-4305-85C9-6C423A3C6BC8}"
EndProject
Project("{F184B08F-C81C-45F6-A57F-5ABD9991F28F}") = "OSAE.ScriptProcessor", "Plugins\OSAE.ScriptProcessor\OSAE.ScriptProcessor.vbproj", "{6039E458-A237-428D-89D2-BEF3E9DE08A2}"
EndProject
Project("{FAE04EC0-301F-11D3-BF4B-00C04F79EFBC}") = "OSAE.Weather", "Plugins\OSAE.Weather\OSAE.Weather.csproj", "{F7630576-A480-4705-A60E-2ABD07AA7037}"
EndProject
Project("{FAE04EC0-301F-11D3-BF4B-00C04F79EFBC}") = "OSAE.WebServer", "Plugins\OSAE.WebServer\OSAE.WebServer.csproj", "{35DEF1F9-4FFE-494F-AE8D-0AF15B278C22}"
EndProject
Project("{FAE04EC0-301F-11D3-BF4B-00C04F79EFBC}") = "ClientService", "ClientService\ClientService.csproj", "{08842DAA-31EA-49D2-A613-865C83A63386}"
EndProject
Project("{FAE04EC0-301F-11D3-BF4B-00C04F79EFBC}") = "GUI2", "GUI2\GUI2.csproj", "{E53124A5-CEC6-40F5-BB01-89D280AD22E9}"
EndProject
Project("{FAE04EC0-301F-11D3-BF4B-00C04F79EFBC}") = "VR2", "VR2\VR2.csproj", "{770F99D6-26C6-495A-905D-0EA3ACC5D5D2}"
EndProject
Project("{FAE04EC0-301F-11D3-BF4B-00C04F79EFBC}") = "Speech", "Plugins\OSAE.Speech\Speech.csproj", "{11AEB004-EADE-47BF-8C76-7650915B4F2F}"
EndProject
Project("{FAE04EC0-301F-11D3-BF4B-00C04F79EFBC}") = "Manager_WPF", "Manager_WPF\Manager_WPF.csproj", "{318EC31C-54EF-4138-A837-E6B0E0EE39BA}"
EndProject
Project("{2150E333-8FDC-42A3-9474-1A3956D46DE8}") = "Plugins", "Plugins", "{CC992324-4B93-4E9B-9A2F-AF1D06833965}"
EndProject
Project("{2150E333-8FDC-42A3-9474-1A3956D46DE8}") = "UI", "UI", "{2A452081-FFE5-43C4-82D1-7202917BC509}"
EndProject
Project("{2150E333-8FDC-42A3-9474-1A3956D46DE8}") = "Services", "Services", "{0C37D9E4-EE97-4740-A811-710B2D0BBF8E}"
EndProject
Project("{FAE04EC0-301F-11D3-BF4B-00C04F79EFBC}") = "PluginDescriptionEditor", "PluginDescriptionEditor\PluginDescriptionEditor.csproj", "{B1ECF3AD-57BE-4F79-9AEA-0DB153117AEB}"
EndProject
Project("{FAE04EC0-301F-11D3-BF4B-00C04F79EFBC}") = "OSAE.UI.Controls", "OSAE.UI.Controls\OSAE.UI.Controls.csproj", "{503092C1-23FE-4AD8-B855-CF1D24D632A9}"
EndProject
Project("{FAE04EC0-301F-11D3-BF4B-00C04F79EFBC}") = "LogViewer", "LogViewer\LogViewer.csproj", "{66385FF8-1FF8-4495-B1BF-81A963855517}"
EndProject
Project("{FAE04EC0-301F-11D3-BF4B-00C04F79EFBC}") = "OSAE.Zwave", "Plugins\OSAE.Zwave\OSAE.Zwave.csproj", "{831BC234-FF0D-4A21-8D6C-B89AB0E60D6A}"
EndProject
Project("{FAE04EC0-301F-11D3-BF4B-00C04F79EFBC}") = "OSAE.Rest", "Plugins\OSAE.Rest\OSAE.Rest.csproj", "{AF008EA4-CD39-481C-9F6B-3C6B97243658}"
EndProject
Project("{FAE04EC0-301F-11D3-BF4B-00C04F79EFBC}") = "OSAE.RFXCOM", "Plugins\OSAE.RFXCOM\OSAE.RFXCOM.csproj", "{5062E95B-5519-4A61-9877-CEFE826C9648}"
EndProject
Project("{FAE04EC0-301F-11D3-BF4B-00C04F79EFBC}") = "OSAE.RSS", "Plugins\OSAE.RSS\OSAE.RSS.csproj", "{221821AF-EB43-438B-AEC7-6FD03900EE45}"
EndProject
Project("{FAE04EC0-301F-11D3-BF4B-00C04F79EFBC}") = "OSAE.RadioThermostat", "Plugins\OSAE.RadioThermostat\OSAE.RadioThermostat\OSAE.RadioThermostat.csproj", "{DF40F291-A1B3-4E4C-AE80-3D8DCD4A0DDE}"
EndProject
Project("{E24C65DC-7377-472B-9ABA-BC803B73C61A}") = "localhost", "http://localhost:53994", "{E730B38F-5144-4AA2-9369-5287A3667CB0}"
	ProjectSection(WebsiteProperties) = preProject
		UseIISExpress = "true"
		TargetFrameworkMoniker = ".NETFramework,Version%3Dv4.5"
		Debug.AspNetCompiler.VirtualPath = "/localhost_53994"
		Debug.AspNetCompiler.PhysicalPath = "WebUI\"
		Debug.AspNetCompiler.TargetPath = "PrecompiledWeb\localhost_53994\"
		Debug.AspNetCompiler.Updateable = "true"
		Debug.AspNetCompiler.ForceOverwrite = "true"
		Debug.AspNetCompiler.FixedNames = "false"
		Debug.AspNetCompiler.Debug = "True"
		Release.AspNetCompiler.VirtualPath = "/localhost_53994"
		Release.AspNetCompiler.PhysicalPath = "WebUI\"
		Release.AspNetCompiler.TargetPath = "PrecompiledWeb\localhost_53994\"
		Release.AspNetCompiler.Updateable = "true"
		Release.AspNetCompiler.ForceOverwrite = "true"
		Release.AspNetCompiler.FixedNames = "false"
		Release.AspNetCompiler.Debug = "False"
		SlnRelativePath = "WebUI\"
		DefaultWebSiteLanguage = "Visual C#"
	EndProjectSection
EndProject
Project("{FAE04EC0-301F-11D3-BF4B-00C04F79EFBC}") = "OSAE.OneWire", "Plugins\OSAE.OneWire\OSAE.OneWire.csproj", "{B12CD3CD-70EB-4150-A4C8-3CF70F63894C}"
EndProject
Project("{FAE04EC0-301F-11D3-BF4B-00C04F79EFBC}") = "OSAE.Onkyo", "Plugins\OSAE.Onkyo\OSAE.Onkyo\OSAE.Onkyo.csproj", "{9772DD21-039E-48D8-9BAC-C3A800BAC0B4}"
EndProject
Project("{FAE04EC0-301F-11D3-BF4B-00C04F79EFBC}") = "OSAE.JWorks", "Plugins\OSAE.J-Works\OSAE.JWorks.csproj", "{72963174-F22D-40CE-88D1-B11ECA7DC71C}"
EndProject
Project("{FAE04EC0-301F-11D3-BF4B-00C04F79EFBC}") = "OSAE.KillAWatt", "Plugins\OSAE.KillAWatt\OSAE.KillAWatt.csproj", "{DFD3C4B6-799C-42E9-B3A9-43F0DFE0AF49}"
EndProject
Project("{FAE04EC0-301F-11D3-BF4B-00C04F79EFBC}") = "OSAE.Roomba", "Plugins\OSAE.Roomba\OSAE.Roomba.csproj", "{889230DD-AA24-4D89-A23D-7D6FBECB2263}"
EndProject
Project("{FAE04EC0-301F-11D3-BF4B-00C04F79EFBC}") = "OSAE.SqueezeCenter", "Plugins\OSAE.SqueezeCenter\OSAE.SqueezeCenter.csproj", "{E196B0D0-A7F0-4602-B8AD-484876E05B32}"
EndProject
Project("{FAE04EC0-301F-11D3-BF4B-00C04F79EFBC}") = "OSAE.SSH", "Plugins\OSAE.SSH\OSAE.SSH.csproj", "{74D58D09-A96A-4A5D-AAE0-5C0929853B68}"
EndProject
Project("{FAE04EC0-301F-11D3-BF4B-00C04F79EFBC}") = "OSAE.Twitter", "Plugins\OSAE.Twitter\OSAE.Twitter\OSAE.Twitter.csproj", "{AC14DDB4-8CBD-4C14-BE76-B5A6E42B2B57}"
EndProject
Project("{F184B08F-C81C-45F6-A57F-5ABD9991F28F}") = "OSAE.AprilaireThermostat", "Plugins\OSAE.AprilaireThermostat\OSAE.AprilaireThermostat.vbproj", "{18AAF32A-9F27-40C1-AB39-31EAE5389B6A}"
EndProject
Project("{F184B08F-C81C-45F6-A57F-5ABD9991F28F}") = "OSAE.DSC Alarm", "Plugins\OSAE.DSC Alarm\OSAE.DSC Alarm.vbproj", "{45C3557F-F17E-4981-A155-593D730F3C07}"
EndProject
Project("{F184B08F-C81C-45F6-A57F-5ABD9991F28F}") = "CM11A", "Plugins\OSAE.CM11A\CM11A.vbproj", "{A2D8224E-670A-4751-8ACE-B9CDEE52B958}"
EndProject
Project("{F184B08F-C81C-45F6-A57F-5ABD9991F28F}") = "OSAE.CM15A", "Plugins\OSAE.CM15A\OSAE.CM15A.vbproj", "{C1756803-3F2B-4148-B539-AAB8D3B66EC1}"
EndProject
Project("{F184B08F-C81C-45F6-A57F-5ABD9991F28F}") = "OSAE.Computer Power", "Plugins\OSAE.Computer Power\OSAE.Computer Power.vbproj", "{21C0F874-A6DC-4F66-A47B-34DBD2F896B1}"
EndProject
Project("{F184B08F-C81C-45F6-A57F-5ABD9991F28F}") = "Insteon", "Plugins\OSAE.Insteon\Insteon.vbproj", "{601BF74B-759E-49B7-B7D2-2BEE3C4D5B0F}"
EndProject
Project("{F184B08F-C81C-45F6-A57F-5ABD9991F28F}") = "OSAE.LightswitchServer", "Plugins\OSAE.LightswitchServer\OSAE.LightswitchServer.vbproj", "{D27D3B19-7517-4CCE-A072-3B12F3D0A48D}"
EndProject
Project("{F184B08F-C81C-45F6-A57F-5ABD9991F28F}") = "OSAE.Meter Reader", "Plugins\OSAE.MeterReader\OSAE.Meter Reader.vbproj", "{240E089D-A5E3-46A6-9024-997E3A0FD5A6}"
EndProject
Project("{F184B08F-C81C-45F6-A57F-5ABD9991F28F}") = "OSAE.USBUIRT", "Plugins\OSAE.USBUIRT\OSAE.USBUIRT.vbproj", "{D43E6829-BA45-4023-B2C7-91C879751AC4}"
EndProject
Project("{F184B08F-C81C-45F6-A57F-5ABD9991F28F}") = "OSAE.W800RF", "Plugins\OSAE.W800RF\OSAE.W800RF.vbproj", "{74A80966-CEF2-47A2-9CA0-3069A6DACA3D}"
EndProject
Project("{FAE04EC0-301F-11D3-BF4B-00C04F79EFBC}") = "OSAE.WUnderground", "Plugins\OSAE.WUnderground\OSAE.WUnderground.csproj", "{84834D6F-8606-4912-BB48-8811162F3F97}"
EndProject
Global
	GlobalSection(SolutionConfigurationPlatforms) = preSolution
		Debug|Any CPU = Debug|Any CPU
		Debug|Mixed Platforms = Debug|Mixed Platforms
		Debug|x86 = Debug|x86
		Release|Any CPU = Release|Any CPU
		Release|Mixed Platforms = Release|Mixed Platforms
		Release|x86 = Release|x86
	EndGlobalSection
	GlobalSection(ProjectConfigurationPlatforms) = postSolution
		{589EDA2C-421D-40F1-9682-D4360E02897A}.Debug|Any CPU.ActiveCfg = Debug|Any CPU
		{589EDA2C-421D-40F1-9682-D4360E02897A}.Debug|Any CPU.Build.0 = Debug|Any CPU
		{589EDA2C-421D-40F1-9682-D4360E02897A}.Debug|Mixed Platforms.ActiveCfg = Debug|Any CPU
		{589EDA2C-421D-40F1-9682-D4360E02897A}.Debug|Mixed Platforms.Build.0 = Debug|Any CPU
		{589EDA2C-421D-40F1-9682-D4360E02897A}.Debug|x86.ActiveCfg = Debug|Any CPU
		{589EDA2C-421D-40F1-9682-D4360E02897A}.Release|Any CPU.ActiveCfg = Release|Any CPU
		{589EDA2C-421D-40F1-9682-D4360E02897A}.Release|Any CPU.Build.0 = Release|Any CPU
		{589EDA2C-421D-40F1-9682-D4360E02897A}.Release|Mixed Platforms.ActiveCfg = Release|Any CPU
		{589EDA2C-421D-40F1-9682-D4360E02897A}.Release|Mixed Platforms.Build.0 = Release|Any CPU
		{589EDA2C-421D-40F1-9682-D4360E02897A}.Release|x86.ActiveCfg = Release|Any CPU
		{022F45F1-C988-41A1-A203-39E97BE928B6}.Debug|Any CPU.ActiveCfg = Debug|Any CPU
		{022F45F1-C988-41A1-A203-39E97BE928B6}.Debug|Any CPU.Build.0 = Debug|Any CPU
		{022F45F1-C988-41A1-A203-39E97BE928B6}.Debug|Mixed Platforms.ActiveCfg = Debug|Any CPU
		{022F45F1-C988-41A1-A203-39E97BE928B6}.Debug|Mixed Platforms.Build.0 = Debug|Any CPU
		{022F45F1-C988-41A1-A203-39E97BE928B6}.Debug|x86.ActiveCfg = Debug|Any CPU
		{022F45F1-C988-41A1-A203-39E97BE928B6}.Release|Any CPU.ActiveCfg = Release|Any CPU
		{022F45F1-C988-41A1-A203-39E97BE928B6}.Release|Any CPU.Build.0 = Release|Any CPU
		{022F45F1-C988-41A1-A203-39E97BE928B6}.Release|Mixed Platforms.ActiveCfg = Release|Any CPU
		{022F45F1-C988-41A1-A203-39E97BE928B6}.Release|Mixed Platforms.Build.0 = Release|Any CPU
		{022F45F1-C988-41A1-A203-39E97BE928B6}.Release|x86.ActiveCfg = Release|Any CPU
		{C7FA0920-78D8-4C6E-9055-A9E0421E6438}.Debug|Any CPU.ActiveCfg = Debug|Any CPU
		{C7FA0920-78D8-4C6E-9055-A9E0421E6438}.Debug|Any CPU.Build.0 = Debug|Any CPU
		{C7FA0920-78D8-4C6E-9055-A9E0421E6438}.Debug|Mixed Platforms.ActiveCfg = Debug|Any CPU
		{C7FA0920-78D8-4C6E-9055-A9E0421E6438}.Debug|Mixed Platforms.Build.0 = Debug|Any CPU
		{C7FA0920-78D8-4C6E-9055-A9E0421E6438}.Debug|x86.ActiveCfg = Debug|Any CPU
		{C7FA0920-78D8-4C6E-9055-A9E0421E6438}.Release|Any CPU.ActiveCfg = Release|Any CPU
		{C7FA0920-78D8-4C6E-9055-A9E0421E6438}.Release|Any CPU.Build.0 = Release|Any CPU
		{C7FA0920-78D8-4C6E-9055-A9E0421E6438}.Release|Mixed Platforms.ActiveCfg = Release|Any CPU
		{C7FA0920-78D8-4C6E-9055-A9E0421E6438}.Release|Mixed Platforms.Build.0 = Release|Any CPU
		{C7FA0920-78D8-4C6E-9055-A9E0421E6438}.Release|x86.ActiveCfg = Release|Any CPU
		{E4025895-1C60-4E94-BD66-AC1EDEAA26B3}.Debug|Any CPU.ActiveCfg = Debug|Any CPU
		{E4025895-1C60-4E94-BD66-AC1EDEAA26B3}.Debug|Any CPU.Build.0 = Debug|Any CPU
		{E4025895-1C60-4E94-BD66-AC1EDEAA26B3}.Debug|Mixed Platforms.ActiveCfg = Debug|Any CPU
		{E4025895-1C60-4E94-BD66-AC1EDEAA26B3}.Debug|Mixed Platforms.Build.0 = Debug|Any CPU
		{E4025895-1C60-4E94-BD66-AC1EDEAA26B3}.Debug|x86.ActiveCfg = Debug|Any CPU
		{E4025895-1C60-4E94-BD66-AC1EDEAA26B3}.Release|Any CPU.ActiveCfg = Release|Any CPU
		{E4025895-1C60-4E94-BD66-AC1EDEAA26B3}.Release|Any CPU.Build.0 = Release|Any CPU
		{E4025895-1C60-4E94-BD66-AC1EDEAA26B3}.Release|Mixed Platforms.ActiveCfg = Release|Any CPU
		{E4025895-1C60-4E94-BD66-AC1EDEAA26B3}.Release|Mixed Platforms.Build.0 = Release|Any CPU
		{E4025895-1C60-4E94-BD66-AC1EDEAA26B3}.Release|x86.ActiveCfg = Release|Any CPU
		{B4B34AAF-973C-427D-9B42-183573407908}.Debug|Any CPU.ActiveCfg = Debug|Any CPU
		{B4B34AAF-973C-427D-9B42-183573407908}.Debug|Any CPU.Build.0 = Debug|Any CPU
		{B4B34AAF-973C-427D-9B42-183573407908}.Debug|Mixed Platforms.ActiveCfg = Debug|Any CPU
		{B4B34AAF-973C-427D-9B42-183573407908}.Debug|Mixed Platforms.Build.0 = Debug|Any CPU
		{B4B34AAF-973C-427D-9B42-183573407908}.Debug|x86.ActiveCfg = Debug|Any CPU
		{B4B34AAF-973C-427D-9B42-183573407908}.Release|Any CPU.ActiveCfg = Release|Any CPU
		{B4B34AAF-973C-427D-9B42-183573407908}.Release|Any CPU.Build.0 = Release|Any CPU
		{B4B34AAF-973C-427D-9B42-183573407908}.Release|Mixed Platforms.ActiveCfg = Release|Any CPU
		{B4B34AAF-973C-427D-9B42-183573407908}.Release|Mixed Platforms.Build.0 = Release|Any CPU
		{B4B34AAF-973C-427D-9B42-183573407908}.Release|x86.ActiveCfg = Release|Any CPU
		{8DF9EAA8-F830-4642-95FA-826F732E58D0}.Debug|Any CPU.ActiveCfg = Debug|Any CPU
		{8DF9EAA8-F830-4642-95FA-826F732E58D0}.Debug|Any CPU.Build.0 = Debug|Any CPU
		{8DF9EAA8-F830-4642-95FA-826F732E58D0}.Debug|Mixed Platforms.ActiveCfg = Debug|Any CPU
		{8DF9EAA8-F830-4642-95FA-826F732E58D0}.Debug|Mixed Platforms.Build.0 = Debug|Any CPU
		{8DF9EAA8-F830-4642-95FA-826F732E58D0}.Debug|x86.ActiveCfg = Debug|Any CPU
		{8DF9EAA8-F830-4642-95FA-826F732E58D0}.Release|Any CPU.ActiveCfg = Release|Any CPU
		{8DF9EAA8-F830-4642-95FA-826F732E58D0}.Release|Any CPU.Build.0 = Release|Any CPU
		{8DF9EAA8-F830-4642-95FA-826F732E58D0}.Release|Mixed Platforms.ActiveCfg = Release|Any CPU
		{8DF9EAA8-F830-4642-95FA-826F732E58D0}.Release|Mixed Platforms.Build.0 = Release|Any CPU
		{8DF9EAA8-F830-4642-95FA-826F732E58D0}.Release|x86.ActiveCfg = Release|Any CPU
		{A6FDD784-536C-4305-85C9-6C423A3C6BC8}.Debug|Any CPU.ActiveCfg = Debug|Any CPU
		{A6FDD784-536C-4305-85C9-6C423A3C6BC8}.Debug|Any CPU.Build.0 = Debug|Any CPU
		{A6FDD784-536C-4305-85C9-6C423A3C6BC8}.Debug|Mixed Platforms.ActiveCfg = Debug|Any CPU
		{A6FDD784-536C-4305-85C9-6C423A3C6BC8}.Debug|Mixed Platforms.Build.0 = Debug|Any CPU
		{A6FDD784-536C-4305-85C9-6C423A3C6BC8}.Debug|x86.ActiveCfg = Debug|Any CPU
		{A6FDD784-536C-4305-85C9-6C423A3C6BC8}.Release|Any CPU.ActiveCfg = Release|Any CPU
		{A6FDD784-536C-4305-85C9-6C423A3C6BC8}.Release|Any CPU.Build.0 = Release|Any CPU
		{A6FDD784-536C-4305-85C9-6C423A3C6BC8}.Release|Mixed Platforms.ActiveCfg = Release|Any CPU
		{A6FDD784-536C-4305-85C9-6C423A3C6BC8}.Release|Mixed Platforms.Build.0 = Release|Any CPU
		{A6FDD784-536C-4305-85C9-6C423A3C6BC8}.Release|x86.ActiveCfg = Release|Any CPU
		{6039E458-A237-428D-89D2-BEF3E9DE08A2}.Debug|Any CPU.ActiveCfg = Debug|Any CPU
		{6039E458-A237-428D-89D2-BEF3E9DE08A2}.Debug|Any CPU.Build.0 = Debug|Any CPU
		{6039E458-A237-428D-89D2-BEF3E9DE08A2}.Debug|Mixed Platforms.ActiveCfg = Debug|Any CPU
		{6039E458-A237-428D-89D2-BEF3E9DE08A2}.Debug|Mixed Platforms.Build.0 = Debug|Any CPU
		{6039E458-A237-428D-89D2-BEF3E9DE08A2}.Debug|x86.ActiveCfg = Debug|Any CPU
		{6039E458-A237-428D-89D2-BEF3E9DE08A2}.Release|Any CPU.ActiveCfg = Release|Any CPU
		{6039E458-A237-428D-89D2-BEF3E9DE08A2}.Release|Any CPU.Build.0 = Release|Any CPU
		{6039E458-A237-428D-89D2-BEF3E9DE08A2}.Release|Mixed Platforms.ActiveCfg = Release|Any CPU
		{6039E458-A237-428D-89D2-BEF3E9DE08A2}.Release|Mixed Platforms.Build.0 = Release|Any CPU
		{6039E458-A237-428D-89D2-BEF3E9DE08A2}.Release|x86.ActiveCfg = Release|Any CPU
		{F7630576-A480-4705-A60E-2ABD07AA7037}.Debug|Any CPU.ActiveCfg = Debug|Any CPU
		{F7630576-A480-4705-A60E-2ABD07AA7037}.Debug|Any CPU.Build.0 = Debug|Any CPU
		{F7630576-A480-4705-A60E-2ABD07AA7037}.Debug|Mixed Platforms.ActiveCfg = Debug|Any CPU
		{F7630576-A480-4705-A60E-2ABD07AA7037}.Debug|Mixed Platforms.Build.0 = Debug|Any CPU
		{F7630576-A480-4705-A60E-2ABD07AA7037}.Debug|x86.ActiveCfg = Debug|Any CPU
		{F7630576-A480-4705-A60E-2ABD07AA7037}.Release|Any CPU.ActiveCfg = Release|Any CPU
		{F7630576-A480-4705-A60E-2ABD07AA7037}.Release|Any CPU.Build.0 = Release|Any CPU
		{F7630576-A480-4705-A60E-2ABD07AA7037}.Release|Mixed Platforms.ActiveCfg = Release|Any CPU
		{F7630576-A480-4705-A60E-2ABD07AA7037}.Release|Mixed Platforms.Build.0 = Release|Any CPU
		{F7630576-A480-4705-A60E-2ABD07AA7037}.Release|x86.ActiveCfg = Release|Any CPU
		{35DEF1F9-4FFE-494F-AE8D-0AF15B278C22}.Debug|Any CPU.ActiveCfg = Debug|Any CPU
		{35DEF1F9-4FFE-494F-AE8D-0AF15B278C22}.Debug|Any CPU.Build.0 = Debug|Any CPU
		{35DEF1F9-4FFE-494F-AE8D-0AF15B278C22}.Debug|Mixed Platforms.ActiveCfg = Debug|Any CPU
		{35DEF1F9-4FFE-494F-AE8D-0AF15B278C22}.Debug|Mixed Platforms.Build.0 = Debug|Any CPU
		{35DEF1F9-4FFE-494F-AE8D-0AF15B278C22}.Debug|x86.ActiveCfg = Debug|Any CPU
		{35DEF1F9-4FFE-494F-AE8D-0AF15B278C22}.Release|Any CPU.ActiveCfg = Release|Any CPU
		{35DEF1F9-4FFE-494F-AE8D-0AF15B278C22}.Release|Any CPU.Build.0 = Release|Any CPU
		{35DEF1F9-4FFE-494F-AE8D-0AF15B278C22}.Release|Mixed Platforms.ActiveCfg = Release|Any CPU
		{35DEF1F9-4FFE-494F-AE8D-0AF15B278C22}.Release|Mixed Platforms.Build.0 = Release|Any CPU
		{35DEF1F9-4FFE-494F-AE8D-0AF15B278C22}.Release|x86.ActiveCfg = Release|Any CPU
		{08842DAA-31EA-49D2-A613-865C83A63386}.Debug|Any CPU.ActiveCfg = Debug|Any CPU
		{08842DAA-31EA-49D2-A613-865C83A63386}.Debug|Any CPU.Build.0 = Debug|Any CPU
		{08842DAA-31EA-49D2-A613-865C83A63386}.Debug|Mixed Platforms.ActiveCfg = Debug|Any CPU
		{08842DAA-31EA-49D2-A613-865C83A63386}.Debug|Mixed Platforms.Build.0 = Debug|Any CPU
		{08842DAA-31EA-49D2-A613-865C83A63386}.Debug|x86.ActiveCfg = Debug|Any CPU
		{08842DAA-31EA-49D2-A613-865C83A63386}.Debug|x86.Build.0 = Debug|Any CPU
		{08842DAA-31EA-49D2-A613-865C83A63386}.Release|Any CPU.ActiveCfg = Release|Any CPU
		{08842DAA-31EA-49D2-A613-865C83A63386}.Release|Mixed Platforms.ActiveCfg = Release|Any CPU
		{08842DAA-31EA-49D2-A613-865C83A63386}.Release|Mixed Platforms.Build.0 = Release|Any CPU
		{08842DAA-31EA-49D2-A613-865C83A63386}.Release|x86.ActiveCfg = Release|Any CPU
		{08842DAA-31EA-49D2-A613-865C83A63386}.Release|x86.Build.0 = Release|Any CPU
		{E53124A5-CEC6-40F5-BB01-89D280AD22E9}.Debug|Any CPU.ActiveCfg = Debug|Any CPU
		{E53124A5-CEC6-40F5-BB01-89D280AD22E9}.Debug|Any CPU.Build.0 = Debug|Any CPU
		{E53124A5-CEC6-40F5-BB01-89D280AD22E9}.Debug|Mixed Platforms.ActiveCfg = Debug|Any CPU
		{E53124A5-CEC6-40F5-BB01-89D280AD22E9}.Debug|Mixed Platforms.Build.0 = Debug|Any CPU
		{E53124A5-CEC6-40F5-BB01-89D280AD22E9}.Debug|x86.ActiveCfg = Debug|x86
		{E53124A5-CEC6-40F5-BB01-89D280AD22E9}.Debug|x86.Build.0 = Debug|x86
		{E53124A5-CEC6-40F5-BB01-89D280AD22E9}.Release|Any CPU.ActiveCfg = Release|Any CPU
		{E53124A5-CEC6-40F5-BB01-89D280AD22E9}.Release|Any CPU.Build.0 = Release|Any CPU
		{E53124A5-CEC6-40F5-BB01-89D280AD22E9}.Release|Mixed Platforms.ActiveCfg = Release|Any CPU
		{E53124A5-CEC6-40F5-BB01-89D280AD22E9}.Release|Mixed Platforms.Build.0 = Release|Any CPU
		{E53124A5-CEC6-40F5-BB01-89D280AD22E9}.Release|x86.ActiveCfg = Release|x86
		{E53124A5-CEC6-40F5-BB01-89D280AD22E9}.Release|x86.Build.0 = Release|x86
		{770F99D6-26C6-495A-905D-0EA3ACC5D5D2}.Debug|Any CPU.ActiveCfg = Debug|Any CPU
		{770F99D6-26C6-495A-905D-0EA3ACC5D5D2}.Debug|Any CPU.Build.0 = Debug|Any CPU
		{770F99D6-26C6-495A-905D-0EA3ACC5D5D2}.Debug|Mixed Platforms.ActiveCfg = Debug|Any CPU
		{770F99D6-26C6-495A-905D-0EA3ACC5D5D2}.Debug|Mixed Platforms.Build.0 = Debug|Any CPU
		{770F99D6-26C6-495A-905D-0EA3ACC5D5D2}.Debug|x86.ActiveCfg = Debug|x86
		{770F99D6-26C6-495A-905D-0EA3ACC5D5D2}.Debug|x86.Build.0 = Debug|x86
		{770F99D6-26C6-495A-905D-0EA3ACC5D5D2}.Release|Any CPU.ActiveCfg = Release|Any CPU
		{770F99D6-26C6-495A-905D-0EA3ACC5D5D2}.Release|Any CPU.Build.0 = Release|Any CPU
		{770F99D6-26C6-495A-905D-0EA3ACC5D5D2}.Release|Mixed Platforms.ActiveCfg = Release|Any CPU
		{770F99D6-26C6-495A-905D-0EA3ACC5D5D2}.Release|Mixed Platforms.Build.0 = Release|Any CPU
		{770F99D6-26C6-495A-905D-0EA3ACC5D5D2}.Release|x86.ActiveCfg = Release|x86
		{770F99D6-26C6-495A-905D-0EA3ACC5D5D2}.Release|x86.Build.0 = Release|x86
		{11AEB004-EADE-47BF-8C76-7650915B4F2F}.Debug|Any CPU.ActiveCfg = Debug|Any CPU
		{11AEB004-EADE-47BF-8C76-7650915B4F2F}.Debug|Any CPU.Build.0 = Debug|Any CPU
		{11AEB004-EADE-47BF-8C76-7650915B4F2F}.Debug|Mixed Platforms.ActiveCfg = Debug|Any CPU
		{11AEB004-EADE-47BF-8C76-7650915B4F2F}.Debug|Mixed Platforms.Build.0 = Debug|Any CPU
		{11AEB004-EADE-47BF-8C76-7650915B4F2F}.Debug|x86.ActiveCfg = Debug|Any CPU
		{11AEB004-EADE-47BF-8C76-7650915B4F2F}.Release|Any CPU.ActiveCfg = Release|Any CPU
		{11AEB004-EADE-47BF-8C76-7650915B4F2F}.Release|Any CPU.Build.0 = Release|Any CPU
		{11AEB004-EADE-47BF-8C76-7650915B4F2F}.Release|Mixed Platforms.ActiveCfg = Release|Any CPU
		{11AEB004-EADE-47BF-8C76-7650915B4F2F}.Release|Mixed Platforms.Build.0 = Release|Any CPU
		{11AEB004-EADE-47BF-8C76-7650915B4F2F}.Release|x86.ActiveCfg = Release|Any CPU
		{318EC31C-54EF-4138-A837-E6B0E0EE39BA}.Debug|Any CPU.ActiveCfg = Debug|Any CPU
		{318EC31C-54EF-4138-A837-E6B0E0EE39BA}.Debug|Any CPU.Build.0 = Debug|Any CPU
		{318EC31C-54EF-4138-A837-E6B0E0EE39BA}.Debug|Mixed Platforms.ActiveCfg = Debug|Any CPU
		{318EC31C-54EF-4138-A837-E6B0E0EE39BA}.Debug|Mixed Platforms.Build.0 = Debug|Any CPU
		{318EC31C-54EF-4138-A837-E6B0E0EE39BA}.Debug|x86.ActiveCfg = Debug|Any CPU
		{318EC31C-54EF-4138-A837-E6B0E0EE39BA}.Debug|x86.Build.0 = Debug|Any CPU
		{318EC31C-54EF-4138-A837-E6B0E0EE39BA}.Release|Any CPU.ActiveCfg = Release|Any CPU
		{318EC31C-54EF-4138-A837-E6B0E0EE39BA}.Release|Mixed Platforms.ActiveCfg = Release|Any CPU
		{318EC31C-54EF-4138-A837-E6B0E0EE39BA}.Release|Mixed Platforms.Build.0 = Release|Any CPU
		{318EC31C-54EF-4138-A837-E6B0E0EE39BA}.Release|x86.ActiveCfg = Release|Any CPU
		{318EC31C-54EF-4138-A837-E6B0E0EE39BA}.Release|x86.Build.0 = Release|Any CPU
		{B1ECF3AD-57BE-4F79-9AEA-0DB153117AEB}.Debug|Any CPU.ActiveCfg = Debug|Any CPU
		{B1ECF3AD-57BE-4F79-9AEA-0DB153117AEB}.Debug|Any CPU.Build.0 = Debug|Any CPU
		{B1ECF3AD-57BE-4F79-9AEA-0DB153117AEB}.Debug|Mixed Platforms.ActiveCfg = Debug|Any CPU
		{B1ECF3AD-57BE-4F79-9AEA-0DB153117AEB}.Debug|Mixed Platforms.Build.0 = Debug|Any CPU
		{B1ECF3AD-57BE-4F79-9AEA-0DB153117AEB}.Debug|x86.ActiveCfg = Debug|Any CPU
		{B1ECF3AD-57BE-4F79-9AEA-0DB153117AEB}.Release|Any CPU.ActiveCfg = Release|Any CPU
		{B1ECF3AD-57BE-4F79-9AEA-0DB153117AEB}.Release|Any CPU.Build.0 = Release|Any CPU
		{B1ECF3AD-57BE-4F79-9AEA-0DB153117AEB}.Release|Mixed Platforms.ActiveCfg = Release|Any CPU
		{B1ECF3AD-57BE-4F79-9AEA-0DB153117AEB}.Release|Mixed Platforms.Build.0 = Release|Any CPU
		{B1ECF3AD-57BE-4F79-9AEA-0DB153117AEB}.Release|x86.ActiveCfg = Release|Any CPU
		{503092C1-23FE-4AD8-B855-CF1D24D632A9}.Debug|Any CPU.ActiveCfg = Debug|Any CPU
		{503092C1-23FE-4AD8-B855-CF1D24D632A9}.Debug|Any CPU.Build.0 = Debug|Any CPU
		{503092C1-23FE-4AD8-B855-CF1D24D632A9}.Debug|Mixed Platforms.ActiveCfg = Debug|Any CPU
		{503092C1-23FE-4AD8-B855-CF1D24D632A9}.Debug|Mixed Platforms.Build.0 = Debug|Any CPU
		{503092C1-23FE-4AD8-B855-CF1D24D632A9}.Debug|x86.ActiveCfg = Debug|Any CPU
		{503092C1-23FE-4AD8-B855-CF1D24D632A9}.Release|Any CPU.ActiveCfg = Release|Any CPU
		{503092C1-23FE-4AD8-B855-CF1D24D632A9}.Release|Any CPU.Build.0 = Release|Any CPU
		{503092C1-23FE-4AD8-B855-CF1D24D632A9}.Release|Mixed Platforms.ActiveCfg = Release|Any CPU
		{503092C1-23FE-4AD8-B855-CF1D24D632A9}.Release|Mixed Platforms.Build.0 = Release|Any CPU
		{503092C1-23FE-4AD8-B855-CF1D24D632A9}.Release|x86.ActiveCfg = Release|Any CPU
		{66385FF8-1FF8-4495-B1BF-81A963855517}.Debug|Any CPU.ActiveCfg = Debug|x86
		{66385FF8-1FF8-4495-B1BF-81A963855517}.Debug|Mixed Platforms.ActiveCfg = Debug|x86
		{66385FF8-1FF8-4495-B1BF-81A963855517}.Debug|Mixed Platforms.Build.0 = Debug|x86
		{66385FF8-1FF8-4495-B1BF-81A963855517}.Debug|x86.ActiveCfg = Debug|x86
		{66385FF8-1FF8-4495-B1BF-81A963855517}.Debug|x86.Build.0 = Debug|x86
		{66385FF8-1FF8-4495-B1BF-81A963855517}.Release|Any CPU.ActiveCfg = Release|x86
		{66385FF8-1FF8-4495-B1BF-81A963855517}.Release|Mixed Platforms.ActiveCfg = Release|x86
		{66385FF8-1FF8-4495-B1BF-81A963855517}.Release|Mixed Platforms.Build.0 = Release|x86
		{66385FF8-1FF8-4495-B1BF-81A963855517}.Release|x86.ActiveCfg = Release|x86
		{66385FF8-1FF8-4495-B1BF-81A963855517}.Release|x86.Build.0 = Release|x86
		{831BC234-FF0D-4A21-8D6C-B89AB0E60D6A}.Debug|Any CPU.ActiveCfg = Debug|Any CPU
		{831BC234-FF0D-4A21-8D6C-B89AB0E60D6A}.Debug|Any CPU.Build.0 = Debug|Any CPU
		{831BC234-FF0D-4A21-8D6C-B89AB0E60D6A}.Debug|Mixed Platforms.ActiveCfg = Debug|Any CPU
		{831BC234-FF0D-4A21-8D6C-B89AB0E60D6A}.Debug|Mixed Platforms.Build.0 = Debug|Any CPU
		{831BC234-FF0D-4A21-8D6C-B89AB0E60D6A}.Debug|x86.ActiveCfg = Debug|Any CPU
		{831BC234-FF0D-4A21-8D6C-B89AB0E60D6A}.Release|Any CPU.ActiveCfg = Release|Any CPU
		{831BC234-FF0D-4A21-8D6C-B89AB0E60D6A}.Release|Any CPU.Build.0 = Release|Any CPU
		{831BC234-FF0D-4A21-8D6C-B89AB0E60D6A}.Release|Mixed Platforms.ActiveCfg = Release|Any CPU
		{831BC234-FF0D-4A21-8D6C-B89AB0E60D6A}.Release|Mixed Platforms.Build.0 = Release|Any CPU
		{831BC234-FF0D-4A21-8D6C-B89AB0E60D6A}.Release|x86.ActiveCfg = Release|Any CPU
		{AF008EA4-CD39-481C-9F6B-3C6B97243658}.Debug|Any CPU.ActiveCfg = Debug|Any CPU
		{AF008EA4-CD39-481C-9F6B-3C6B97243658}.Debug|Any CPU.Build.0 = Debug|Any CPU
		{AF008EA4-CD39-481C-9F6B-3C6B97243658}.Debug|Mixed Platforms.ActiveCfg = Debug|Any CPU
		{AF008EA4-CD39-481C-9F6B-3C6B97243658}.Debug|Mixed Platforms.Build.0 = Debug|Any CPU
		{AF008EA4-CD39-481C-9F6B-3C6B97243658}.Debug|x86.ActiveCfg = Debug|Any CPU
		{AF008EA4-CD39-481C-9F6B-3C6B97243658}.Release|Any CPU.ActiveCfg = Release|Any CPU
		{AF008EA4-CD39-481C-9F6B-3C6B97243658}.Release|Any CPU.Build.0 = Release|Any CPU
		{AF008EA4-CD39-481C-9F6B-3C6B97243658}.Release|Mixed Platforms.ActiveCfg = Release|Any CPU
		{AF008EA4-CD39-481C-9F6B-3C6B97243658}.Release|Mixed Platforms.Build.0 = Release|Any CPU
		{AF008EA4-CD39-481C-9F6B-3C6B97243658}.Release|x86.ActiveCfg = Release|Any CPU
		{5062E95B-5519-4A61-9877-CEFE826C9648}.Debug|Any CPU.ActiveCfg = Debug|Any CPU
		{5062E95B-5519-4A61-9877-CEFE826C9648}.Debug|Any CPU.Build.0 = Debug|Any CPU
		{5062E95B-5519-4A61-9877-CEFE826C9648}.Debug|Mixed Platforms.ActiveCfg = Debug|Any CPU
		{5062E95B-5519-4A61-9877-CEFE826C9648}.Debug|Mixed Platforms.Build.0 = Debug|Any CPU
		{5062E95B-5519-4A61-9877-CEFE826C9648}.Debug|x86.ActiveCfg = Debug|Any CPU
		{5062E95B-5519-4A61-9877-CEFE826C9648}.Release|Any CPU.ActiveCfg = Release|Any CPU
		{5062E95B-5519-4A61-9877-CEFE826C9648}.Release|Any CPU.Build.0 = Release|Any CPU
		{5062E95B-5519-4A61-9877-CEFE826C9648}.Release|Mixed Platforms.ActiveCfg = Release|Any CPU
		{5062E95B-5519-4A61-9877-CEFE826C9648}.Release|Mixed Platforms.Build.0 = Release|Any CPU
		{5062E95B-5519-4A61-9877-CEFE826C9648}.Release|x86.ActiveCfg = Release|Any CPU
		{221821AF-EB43-438B-AEC7-6FD03900EE45}.Debug|Any CPU.ActiveCfg = Debug|Any CPU
		{221821AF-EB43-438B-AEC7-6FD03900EE45}.Debug|Any CPU.Build.0 = Debug|Any CPU
		{221821AF-EB43-438B-AEC7-6FD03900EE45}.Debug|Mixed Platforms.ActiveCfg = Debug|Any CPU
		{221821AF-EB43-438B-AEC7-6FD03900EE45}.Debug|Mixed Platforms.Build.0 = Debug|Any CPU
		{221821AF-EB43-438B-AEC7-6FD03900EE45}.Debug|x86.ActiveCfg = Debug|Any CPU
		{221821AF-EB43-438B-AEC7-6FD03900EE45}.Release|Any CPU.ActiveCfg = Release|Any CPU
		{221821AF-EB43-438B-AEC7-6FD03900EE45}.Release|Any CPU.Build.0 = Release|Any CPU
		{221821AF-EB43-438B-AEC7-6FD03900EE45}.Release|Mixed Platforms.ActiveCfg = Release|Any CPU
		{221821AF-EB43-438B-AEC7-6FD03900EE45}.Release|Mixed Platforms.Build.0 = Release|Any CPU
		{221821AF-EB43-438B-AEC7-6FD03900EE45}.Release|x86.ActiveCfg = Release|Any CPU
		{DF40F291-A1B3-4E4C-AE80-3D8DCD4A0DDE}.Debug|Any CPU.ActiveCfg = Debug|Any CPU
		{DF40F291-A1B3-4E4C-AE80-3D8DCD4A0DDE}.Debug|Any CPU.Build.0 = Debug|Any CPU
		{DF40F291-A1B3-4E4C-AE80-3D8DCD4A0DDE}.Debug|Mixed Platforms.ActiveCfg = Debug|Any CPU
		{DF40F291-A1B3-4E4C-AE80-3D8DCD4A0DDE}.Debug|Mixed Platforms.Build.0 = Debug|Any CPU
		{DF40F291-A1B3-4E4C-AE80-3D8DCD4A0DDE}.Debug|x86.ActiveCfg = Debug|Any CPU
		{DF40F291-A1B3-4E4C-AE80-3D8DCD4A0DDE}.Release|Any CPU.ActiveCfg = Release|Any CPU
		{DF40F291-A1B3-4E4C-AE80-3D8DCD4A0DDE}.Release|Any CPU.Build.0 = Release|Any CPU
		{DF40F291-A1B3-4E4C-AE80-3D8DCD4A0DDE}.Release|Mixed Platforms.ActiveCfg = Release|Any CPU
		{DF40F291-A1B3-4E4C-AE80-3D8DCD4A0DDE}.Release|Mixed Platforms.Build.0 = Release|Any CPU
		{DF40F291-A1B3-4E4C-AE80-3D8DCD4A0DDE}.Release|x86.ActiveCfg = Release|Any CPU
		{E730B38F-5144-4AA2-9369-5287A3667CB0}.Debug|Any CPU.ActiveCfg = Debug|Any CPU
		{E730B38F-5144-4AA2-9369-5287A3667CB0}.Debug|Any CPU.Build.0 = Debug|Any CPU
		{E730B38F-5144-4AA2-9369-5287A3667CB0}.Debug|Mixed Platforms.ActiveCfg = Debug|Any CPU
		{E730B38F-5144-4AA2-9369-5287A3667CB0}.Debug|Mixed Platforms.Build.0 = Debug|Any CPU
		{E730B38F-5144-4AA2-9369-5287A3667CB0}.Debug|x86.ActiveCfg = Debug|Any CPU
		{E730B38F-5144-4AA2-9369-5287A3667CB0}.Release|Any CPU.ActiveCfg = Debug|Any CPU
		{E730B38F-5144-4AA2-9369-5287A3667CB0}.Release|Any CPU.Build.0 = Debug|Any CPU
		{E730B38F-5144-4AA2-9369-5287A3667CB0}.Release|Mixed Platforms.ActiveCfg = Debug|Any CPU
		{E730B38F-5144-4AA2-9369-5287A3667CB0}.Release|Mixed Platforms.Build.0 = Debug|Any CPU
		{E730B38F-5144-4AA2-9369-5287A3667CB0}.Release|x86.ActiveCfg = Debug|Any CPU
		{B12CD3CD-70EB-4150-A4C8-3CF70F63894C}.Debug|Any CPU.ActiveCfg = Debug|Any CPU
		{B12CD3CD-70EB-4150-A4C8-3CF70F63894C}.Debug|Any CPU.Build.0 = Debug|Any CPU
		{B12CD3CD-70EB-4150-A4C8-3CF70F63894C}.Debug|Mixed Platforms.ActiveCfg = Debug|Any CPU
		{B12CD3CD-70EB-4150-A4C8-3CF70F63894C}.Debug|Mixed Platforms.Build.0 = Debug|Any CPU
		{B12CD3CD-70EB-4150-A4C8-3CF70F63894C}.Debug|x86.ActiveCfg = Debug|Any CPU
		{B12CD3CD-70EB-4150-A4C8-3CF70F63894C}.Release|Any CPU.ActiveCfg = Release|Any CPU
		{B12CD3CD-70EB-4150-A4C8-3CF70F63894C}.Release|Any CPU.Build.0 = Release|Any CPU
		{B12CD3CD-70EB-4150-A4C8-3CF70F63894C}.Release|Mixed Platforms.ActiveCfg = Release|Any CPU
		{B12CD3CD-70EB-4150-A4C8-3CF70F63894C}.Release|Mixed Platforms.Build.0 = Release|Any CPU
		{B12CD3CD-70EB-4150-A4C8-3CF70F63894C}.Release|x86.ActiveCfg = Release|Any CPU
		{9772DD21-039E-48D8-9BAC-C3A800BAC0B4}.Debug|Any CPU.ActiveCfg = Debug|Any CPU
		{9772DD21-039E-48D8-9BAC-C3A800BAC0B4}.Debug|Any CPU.Build.0 = Debug|Any CPU
		{9772DD21-039E-48D8-9BAC-C3A800BAC0B4}.Debug|Mixed Platforms.ActiveCfg = Debug|Any CPU
		{9772DD21-039E-48D8-9BAC-C3A800BAC0B4}.Debug|Mixed Platforms.Build.0 = Debug|Any CPU
		{9772DD21-039E-48D8-9BAC-C3A800BAC0B4}.Debug|x86.ActiveCfg = Debug|Any CPU
		{9772DD21-039E-48D8-9BAC-C3A800BAC0B4}.Release|Any CPU.ActiveCfg = Release|Any CPU
		{9772DD21-039E-48D8-9BAC-C3A800BAC0B4}.Release|Any CPU.Build.0 = Release|Any CPU
		{9772DD21-039E-48D8-9BAC-C3A800BAC0B4}.Release|Mixed Platforms.ActiveCfg = Release|Any CPU
		{9772DD21-039E-48D8-9BAC-C3A800BAC0B4}.Release|Mixed Platforms.Build.0 = Release|Any CPU
		{9772DD21-039E-48D8-9BAC-C3A800BAC0B4}.Release|x86.ActiveCfg = Release|Any CPU
		{72963174-F22D-40CE-88D1-B11ECA7DC71C}.Debug|Any CPU.ActiveCfg = Debug|Any CPU
		{72963174-F22D-40CE-88D1-B11ECA7DC71C}.Debug|Any CPU.Build.0 = Debug|Any CPU
		{72963174-F22D-40CE-88D1-B11ECA7DC71C}.Debug|Mixed Platforms.ActiveCfg = Debug|Any CPU
		{72963174-F22D-40CE-88D1-B11ECA7DC71C}.Debug|Mixed Platforms.Build.0 = Debug|Any CPU
		{72963174-F22D-40CE-88D1-B11ECA7DC71C}.Debug|x86.ActiveCfg = Debug|Any CPU
		{72963174-F22D-40CE-88D1-B11ECA7DC71C}.Release|Any CPU.ActiveCfg = Release|Any CPU
		{72963174-F22D-40CE-88D1-B11ECA7DC71C}.Release|Any CPU.Build.0 = Release|Any CPU
		{72963174-F22D-40CE-88D1-B11ECA7DC71C}.Release|Mixed Platforms.ActiveCfg = Release|Any CPU
		{72963174-F22D-40CE-88D1-B11ECA7DC71C}.Release|Mixed Platforms.Build.0 = Release|Any CPU
		{72963174-F22D-40CE-88D1-B11ECA7DC71C}.Release|x86.ActiveCfg = Release|Any CPU
		{DFD3C4B6-799C-42E9-B3A9-43F0DFE0AF49}.Debug|Any CPU.ActiveCfg = Debug|Any CPU
		{DFD3C4B6-799C-42E9-B3A9-43F0DFE0AF49}.Debug|Any CPU.Build.0 = Debug|Any CPU
		{DFD3C4B6-799C-42E9-B3A9-43F0DFE0AF49}.Debug|Mixed Platforms.ActiveCfg = Debug|Any CPU
		{DFD3C4B6-799C-42E9-B3A9-43F0DFE0AF49}.Debug|Mixed Platforms.Build.0 = Debug|Any CPU
		{DFD3C4B6-799C-42E9-B3A9-43F0DFE0AF49}.Debug|x86.ActiveCfg = Debug|Any CPU
		{DFD3C4B6-799C-42E9-B3A9-43F0DFE0AF49}.Release|Any CPU.ActiveCfg = Release|Any CPU
		{DFD3C4B6-799C-42E9-B3A9-43F0DFE0AF49}.Release|Any CPU.Build.0 = Release|Any CPU
		{DFD3C4B6-799C-42E9-B3A9-43F0DFE0AF49}.Release|Mixed Platforms.ActiveCfg = Release|Any CPU
		{DFD3C4B6-799C-42E9-B3A9-43F0DFE0AF49}.Release|Mixed Platforms.Build.0 = Release|Any CPU
		{DFD3C4B6-799C-42E9-B3A9-43F0DFE0AF49}.Release|x86.ActiveCfg = Release|Any CPU
		{889230DD-AA24-4D89-A23D-7D6FBECB2263}.Debug|Any CPU.ActiveCfg = Debug|Any CPU
		{889230DD-AA24-4D89-A23D-7D6FBECB2263}.Debug|Any CPU.Build.0 = Debug|Any CPU
		{889230DD-AA24-4D89-A23D-7D6FBECB2263}.Debug|Mixed Platforms.ActiveCfg = Debug|Any CPU
		{889230DD-AA24-4D89-A23D-7D6FBECB2263}.Debug|Mixed Platforms.Build.0 = Debug|Any CPU
		{889230DD-AA24-4D89-A23D-7D6FBECB2263}.Debug|x86.ActiveCfg = Debug|Any CPU
		{889230DD-AA24-4D89-A23D-7D6FBECB2263}.Release|Any CPU.ActiveCfg = Release|Any CPU
		{889230DD-AA24-4D89-A23D-7D6FBECB2263}.Release|Any CPU.Build.0 = Release|Any CPU
		{889230DD-AA24-4D89-A23D-7D6FBECB2263}.Release|Mixed Platforms.ActiveCfg = Release|Any CPU
		{889230DD-AA24-4D89-A23D-7D6FBECB2263}.Release|Mixed Platforms.Build.0 = Release|Any CPU
		{889230DD-AA24-4D89-A23D-7D6FBECB2263}.Release|x86.ActiveCfg = Release|Any CPU
		{E196B0D0-A7F0-4602-B8AD-484876E05B32}.Debug|Any CPU.ActiveCfg = Debug|Any CPU
		{E196B0D0-A7F0-4602-B8AD-484876E05B32}.Debug|Any CPU.Build.0 = Debug|Any CPU
		{E196B0D0-A7F0-4602-B8AD-484876E05B32}.Debug|Mixed Platforms.ActiveCfg = Debug|Any CPU
		{E196B0D0-A7F0-4602-B8AD-484876E05B32}.Debug|Mixed Platforms.Build.0 = Debug|Any CPU
		{E196B0D0-A7F0-4602-B8AD-484876E05B32}.Debug|x86.ActiveCfg = Debug|Any CPU
		{E196B0D0-A7F0-4602-B8AD-484876E05B32}.Release|Any CPU.ActiveCfg = Release|Any CPU
		{E196B0D0-A7F0-4602-B8AD-484876E05B32}.Release|Any CPU.Build.0 = Release|Any CPU
		{E196B0D0-A7F0-4602-B8AD-484876E05B32}.Release|Mixed Platforms.ActiveCfg = Release|Any CPU
		{E196B0D0-A7F0-4602-B8AD-484876E05B32}.Release|Mixed Platforms.Build.0 = Release|Any CPU
		{E196B0D0-A7F0-4602-B8AD-484876E05B32}.Release|x86.ActiveCfg = Release|Any CPU
		{74D58D09-A96A-4A5D-AAE0-5C0929853B68}.Debug|Any CPU.ActiveCfg = Debug|Any CPU
		{74D58D09-A96A-4A5D-AAE0-5C0929853B68}.Debug|Any CPU.Build.0 = Debug|Any CPU
		{74D58D09-A96A-4A5D-AAE0-5C0929853B68}.Debug|Mixed Platforms.ActiveCfg = Debug|Any CPU
		{74D58D09-A96A-4A5D-AAE0-5C0929853B68}.Debug|Mixed Platforms.Build.0 = Debug|Any CPU
		{74D58D09-A96A-4A5D-AAE0-5C0929853B68}.Debug|x86.ActiveCfg = Debug|Any CPU
		{74D58D09-A96A-4A5D-AAE0-5C0929853B68}.Release|Any CPU.ActiveCfg = Release|Any CPU
		{74D58D09-A96A-4A5D-AAE0-5C0929853B68}.Release|Any CPU.Build.0 = Release|Any CPU
		{74D58D09-A96A-4A5D-AAE0-5C0929853B68}.Release|Mixed Platforms.ActiveCfg = Release|Any CPU
		{74D58D09-A96A-4A5D-AAE0-5C0929853B68}.Release|Mixed Platforms.Build.0 = Release|Any CPU
		{74D58D09-A96A-4A5D-AAE0-5C0929853B68}.Release|x86.ActiveCfg = Release|Any CPU
		{AC14DDB4-8CBD-4C14-BE76-B5A6E42B2B57}.Debug|Any CPU.ActiveCfg = Debug|Any CPU
		{AC14DDB4-8CBD-4C14-BE76-B5A6E42B2B57}.Debug|Any CPU.Build.0 = Debug|Any CPU
		{AC14DDB4-8CBD-4C14-BE76-B5A6E42B2B57}.Debug|Mixed Platforms.ActiveCfg = Debug|Any CPU
		{AC14DDB4-8CBD-4C14-BE76-B5A6E42B2B57}.Debug|Mixed Platforms.Build.0 = Debug|Any CPU
		{AC14DDB4-8CBD-4C14-BE76-B5A6E42B2B57}.Debug|x86.ActiveCfg = Debug|Any CPU
		{AC14DDB4-8CBD-4C14-BE76-B5A6E42B2B57}.Release|Any CPU.ActiveCfg = Release|Any CPU
		{AC14DDB4-8CBD-4C14-BE76-B5A6E42B2B57}.Release|Any CPU.Build.0 = Release|Any CPU
		{AC14DDB4-8CBD-4C14-BE76-B5A6E42B2B57}.Release|Mixed Platforms.ActiveCfg = Release|Any CPU
		{AC14DDB4-8CBD-4C14-BE76-B5A6E42B2B57}.Release|Mixed Platforms.Build.0 = Release|Any CPU
		{AC14DDB4-8CBD-4C14-BE76-B5A6E42B2B57}.Release|x86.ActiveCfg = Release|Any CPU
		{18AAF32A-9F27-40C1-AB39-31EAE5389B6A}.Debug|Any CPU.ActiveCfg = Debug|Any CPU
		{18AAF32A-9F27-40C1-AB39-31EAE5389B6A}.Debug|Any CPU.Build.0 = Debug|Any CPU
		{18AAF32A-9F27-40C1-AB39-31EAE5389B6A}.Debug|Mixed Platforms.ActiveCfg = Debug|Any CPU
		{18AAF32A-9F27-40C1-AB39-31EAE5389B6A}.Debug|Mixed Platforms.Build.0 = Debug|Any CPU
		{18AAF32A-9F27-40C1-AB39-31EAE5389B6A}.Debug|x86.ActiveCfg = Debug|Any CPU
		{18AAF32A-9F27-40C1-AB39-31EAE5389B6A}.Release|Any CPU.ActiveCfg = Release|Any CPU
		{18AAF32A-9F27-40C1-AB39-31EAE5389B6A}.Release|Any CPU.Build.0 = Release|Any CPU
		{18AAF32A-9F27-40C1-AB39-31EAE5389B6A}.Release|Mixed Platforms.ActiveCfg = Release|Any CPU
		{18AAF32A-9F27-40C1-AB39-31EAE5389B6A}.Release|Mixed Platforms.Build.0 = Release|Any CPU
		{18AAF32A-9F27-40C1-AB39-31EAE5389B6A}.Release|x86.ActiveCfg = Release|Any CPU
		{45C3557F-F17E-4981-A155-593D730F3C07}.Debug|Any CPU.ActiveCfg = Debug|Any CPU
		{45C3557F-F17E-4981-A155-593D730F3C07}.Debug|Any CPU.Build.0 = Debug|Any CPU
		{45C3557F-F17E-4981-A155-593D730F3C07}.Debug|Mixed Platforms.ActiveCfg = Debug|Any CPU
		{45C3557F-F17E-4981-A155-593D730F3C07}.Debug|Mixed Platforms.Build.0 = Debug|Any CPU
		{45C3557F-F17E-4981-A155-593D730F3C07}.Debug|x86.ActiveCfg = Debug|Any CPU
		{45C3557F-F17E-4981-A155-593D730F3C07}.Release|Any CPU.ActiveCfg = Release|Any CPU
		{45C3557F-F17E-4981-A155-593D730F3C07}.Release|Any CPU.Build.0 = Release|Any CPU
		{45C3557F-F17E-4981-A155-593D730F3C07}.Release|Mixed Platforms.ActiveCfg = Release|Any CPU
		{45C3557F-F17E-4981-A155-593D730F3C07}.Release|Mixed Platforms.Build.0 = Release|Any CPU
		{45C3557F-F17E-4981-A155-593D730F3C07}.Release|x86.ActiveCfg = Release|Any CPU
		{A2D8224E-670A-4751-8ACE-B9CDEE52B958}.Debug|Any CPU.ActiveCfg = Debug|Any CPU
		{A2D8224E-670A-4751-8ACE-B9CDEE52B958}.Debug|Any CPU.Build.0 = Debug|Any CPU
		{A2D8224E-670A-4751-8ACE-B9CDEE52B958}.Debug|Mixed Platforms.ActiveCfg = Debug|Any CPU
		{A2D8224E-670A-4751-8ACE-B9CDEE52B958}.Debug|Mixed Platforms.Build.0 = Debug|Any CPU
		{A2D8224E-670A-4751-8ACE-B9CDEE52B958}.Debug|x86.ActiveCfg = Debug|Any CPU
		{A2D8224E-670A-4751-8ACE-B9CDEE52B958}.Release|Any CPU.ActiveCfg = Release|Any CPU
		{A2D8224E-670A-4751-8ACE-B9CDEE52B958}.Release|Any CPU.Build.0 = Release|Any CPU
		{A2D8224E-670A-4751-8ACE-B9CDEE52B958}.Release|Mixed Platforms.ActiveCfg = Release|Any CPU
		{A2D8224E-670A-4751-8ACE-B9CDEE52B958}.Release|Mixed Platforms.Build.0 = Release|Any CPU
		{A2D8224E-670A-4751-8ACE-B9CDEE52B958}.Release|x86.ActiveCfg = Release|Any CPU
		{C1756803-3F2B-4148-B539-AAB8D3B66EC1}.Debug|Any CPU.ActiveCfg = Debug|Any CPU
		{C1756803-3F2B-4148-B539-AAB8D3B66EC1}.Debug|Any CPU.Build.0 = Debug|Any CPU
		{C1756803-3F2B-4148-B539-AAB8D3B66EC1}.Debug|Mixed Platforms.ActiveCfg = Debug|x86
		{C1756803-3F2B-4148-B539-AAB8D3B66EC1}.Debug|Mixed Platforms.Build.0 = Debug|x86
		{C1756803-3F2B-4148-B539-AAB8D3B66EC1}.Debug|x86.ActiveCfg = Debug|x86
		{C1756803-3F2B-4148-B539-AAB8D3B66EC1}.Debug|x86.Build.0 = Debug|x86
		{C1756803-3F2B-4148-B539-AAB8D3B66EC1}.Release|Any CPU.ActiveCfg = Release|Any CPU
		{C1756803-3F2B-4148-B539-AAB8D3B66EC1}.Release|Any CPU.Build.0 = Release|Any CPU
		{C1756803-3F2B-4148-B539-AAB8D3B66EC1}.Release|Mixed Platforms.ActiveCfg = Release|x86
		{C1756803-3F2B-4148-B539-AAB8D3B66EC1}.Release|Mixed Platforms.Build.0 = Release|x86
		{C1756803-3F2B-4148-B539-AAB8D3B66EC1}.Release|x86.ActiveCfg = Release|x86
		{C1756803-3F2B-4148-B539-AAB8D3B66EC1}.Release|x86.Build.0 = Release|x86
		{21C0F874-A6DC-4F66-A47B-34DBD2F896B1}.Debug|Any CPU.ActiveCfg = Debug|Any CPU
		{21C0F874-A6DC-4F66-A47B-34DBD2F896B1}.Debug|Any CPU.Build.0 = Debug|Any CPU
		{21C0F874-A6DC-4F66-A47B-34DBD2F896B1}.Debug|Mixed Platforms.ActiveCfg = Debug|Any CPU
		{21C0F874-A6DC-4F66-A47B-34DBD2F896B1}.Debug|Mixed Platforms.Build.0 = Debug|Any CPU
		{21C0F874-A6DC-4F66-A47B-34DBD2F896B1}.Debug|x86.ActiveCfg = Debug|Any CPU
		{21C0F874-A6DC-4F66-A47B-34DBD2F896B1}.Release|Any CPU.ActiveCfg = Release|Any CPU
		{21C0F874-A6DC-4F66-A47B-34DBD2F896B1}.Release|Any CPU.Build.0 = Release|Any CPU
		{21C0F874-A6DC-4F66-A47B-34DBD2F896B1}.Release|Mixed Platforms.ActiveCfg = Release|Any CPU
		{21C0F874-A6DC-4F66-A47B-34DBD2F896B1}.Release|Mixed Platforms.Build.0 = Release|Any CPU
		{21C0F874-A6DC-4F66-A47B-34DBD2F896B1}.Release|x86.ActiveCfg = Release|Any CPU
		{601BF74B-759E-49B7-B7D2-2BEE3C4D5B0F}.Debug|Any CPU.ActiveCfg = Debug|Any CPU
		{601BF74B-759E-49B7-B7D2-2BEE3C4D5B0F}.Debug|Any CPU.Build.0 = Debug|Any CPU
		{601BF74B-759E-49B7-B7D2-2BEE3C4D5B0F}.Debug|Mixed Platforms.ActiveCfg = Debug|Any CPU
		{601BF74B-759E-49B7-B7D2-2BEE3C4D5B0F}.Debug|Mixed Platforms.Build.0 = Debug|Any CPU
		{601BF74B-759E-49B7-B7D2-2BEE3C4D5B0F}.Debug|x86.ActiveCfg = Debug|Any CPU
		{601BF74B-759E-49B7-B7D2-2BEE3C4D5B0F}.Release|Any CPU.ActiveCfg = Release|Any CPU
		{601BF74B-759E-49B7-B7D2-2BEE3C4D5B0F}.Release|Any CPU.Build.0 = Release|Any CPU
		{601BF74B-759E-49B7-B7D2-2BEE3C4D5B0F}.Release|Mixed Platforms.ActiveCfg = Release|Any CPU
		{601BF74B-759E-49B7-B7D2-2BEE3C4D5B0F}.Release|Mixed Platforms.Build.0 = Release|Any CPU
		{601BF74B-759E-49B7-B7D2-2BEE3C4D5B0F}.Release|x86.ActiveCfg = Release|Any CPU
		{D27D3B19-7517-4CCE-A072-3B12F3D0A48D}.Debug|Any CPU.ActiveCfg = Debug|Any CPU
		{D27D3B19-7517-4CCE-A072-3B12F3D0A48D}.Debug|Any CPU.Build.0 = Debug|Any CPU
		{D27D3B19-7517-4CCE-A072-3B12F3D0A48D}.Debug|Mixed Platforms.ActiveCfg = Debug|Any CPU
		{D27D3B19-7517-4CCE-A072-3B12F3D0A48D}.Debug|Mixed Platforms.Build.0 = Debug|Any CPU
		{D27D3B19-7517-4CCE-A072-3B12F3D0A48D}.Debug|x86.ActiveCfg = Debug|Any CPU
		{D27D3B19-7517-4CCE-A072-3B12F3D0A48D}.Release|Any CPU.ActiveCfg = Release|Any CPU
		{D27D3B19-7517-4CCE-A072-3B12F3D0A48D}.Release|Any CPU.Build.0 = Release|Any CPU
		{D27D3B19-7517-4CCE-A072-3B12F3D0A48D}.Release|Mixed Platforms.ActiveCfg = Release|Any CPU
		{D27D3B19-7517-4CCE-A072-3B12F3D0A48D}.Release|Mixed Platforms.Build.0 = Release|Any CPU
		{D27D3B19-7517-4CCE-A072-3B12F3D0A48D}.Release|x86.ActiveCfg = Release|Any CPU
		{240E089D-A5E3-46A6-9024-997E3A0FD5A6}.Debug|Any CPU.ActiveCfg = Debug|Any CPU
		{240E089D-A5E3-46A6-9024-997E3A0FD5A6}.Debug|Any CPU.Build.0 = Debug|Any CPU
		{240E089D-A5E3-46A6-9024-997E3A0FD5A6}.Debug|Mixed Platforms.ActiveCfg = Debug|Any CPU
		{240E089D-A5E3-46A6-9024-997E3A0FD5A6}.Debug|Mixed Platforms.Build.0 = Debug|Any CPU
		{240E089D-A5E3-46A6-9024-997E3A0FD5A6}.Debug|x86.ActiveCfg = Debug|Any CPU
		{240E089D-A5E3-46A6-9024-997E3A0FD5A6}.Release|Any CPU.ActiveCfg = Release|Any CPU
		{240E089D-A5E3-46A6-9024-997E3A0FD5A6}.Release|Any CPU.Build.0 = Release|Any CPU
		{240E089D-A5E3-46A6-9024-997E3A0FD5A6}.Release|Mixed Platforms.ActiveCfg = Release|Any CPU
		{240E089D-A5E3-46A6-9024-997E3A0FD5A6}.Release|Mixed Platforms.Build.0 = Release|Any CPU
		{240E089D-A5E3-46A6-9024-997E3A0FD5A6}.Release|x86.ActiveCfg = Release|Any CPU
		{D43E6829-BA45-4023-B2C7-91C879751AC4}.Debug|Any CPU.ActiveCfg = Debug|Any CPU
		{D43E6829-BA45-4023-B2C7-91C879751AC4}.Debug|Any CPU.Build.0 = Debug|Any CPU
		{D43E6829-BA45-4023-B2C7-91C879751AC4}.Debug|Mixed Platforms.ActiveCfg = Debug|Any CPU
		{D43E6829-BA45-4023-B2C7-91C879751AC4}.Debug|Mixed Platforms.Build.0 = Debug|Any CPU
		{D43E6829-BA45-4023-B2C7-91C879751AC4}.Debug|x86.ActiveCfg = Debug|Any CPU
		{D43E6829-BA45-4023-B2C7-91C879751AC4}.Release|Any CPU.ActiveCfg = Release|Any CPU
		{D43E6829-BA45-4023-B2C7-91C879751AC4}.Release|Any CPU.Build.0 = Release|Any CPU
		{D43E6829-BA45-4023-B2C7-91C879751AC4}.Release|Mixed Platforms.ActiveCfg = Release|Any CPU
		{D43E6829-BA45-4023-B2C7-91C879751AC4}.Release|Mixed Platforms.Build.0 = Release|Any CPU
		{D43E6829-BA45-4023-B2C7-91C879751AC4}.Release|x86.ActiveCfg = Release|Any CPU
		{74A80966-CEF2-47A2-9CA0-3069A6DACA3D}.Debug|Any CPU.ActiveCfg = Debug|Any CPU
		{74A80966-CEF2-47A2-9CA0-3069A6DACA3D}.Debug|Any CPU.Build.0 = Debug|Any CPU
		{74A80966-CEF2-47A2-9CA0-3069A6DACA3D}.Debug|Mixed Platforms.ActiveCfg = Debug|Any CPU
		{74A80966-CEF2-47A2-9CA0-3069A6DACA3D}.Debug|Mixed Platforms.Build.0 = Debug|Any CPU
		{74A80966-CEF2-47A2-9CA0-3069A6DACA3D}.Debug|x86.ActiveCfg = Debug|Any CPU
		{74A80966-CEF2-47A2-9CA0-3069A6DACA3D}.Release|Any CPU.ActiveCfg = Release|Any CPU
		{74A80966-CEF2-47A2-9CA0-3069A6DACA3D}.Release|Any CPU.Build.0 = Release|Any CPU
		{74A80966-CEF2-47A2-9CA0-3069A6DACA3D}.Release|Mixed Platforms.ActiveCfg = Release|Any CPU
		{74A80966-CEF2-47A2-9CA0-3069A6DACA3D}.Release|Mixed Platforms.Build.0 = Release|Any CPU
		{74A80966-CEF2-47A2-9CA0-3069A6DACA3D}.Release|x86.ActiveCfg = Release|Any CPU
		{84834D6F-8606-4912-BB48-8811162F3F97}.Debug|Any CPU.ActiveCfg = Debug|Any CPU
		{84834D6F-8606-4912-BB48-8811162F3F97}.Debug|Any CPU.Build.0 = Debug|Any CPU
		{84834D6F-8606-4912-BB48-8811162F3F97}.Debug|Mixed Platforms.ActiveCfg = Debug|Any CPU
		{84834D6F-8606-4912-BB48-8811162F3F97}.Debug|Mixed Platforms.Build.0 = Debug|Any CPU
		{84834D6F-8606-4912-BB48-8811162F3F97}.Debug|x86.ActiveCfg = Debug|Any CPU
		{84834D6F-8606-4912-BB48-8811162F3F97}.Release|Any CPU.ActiveCfg = Release|Any CPU
		{84834D6F-8606-4912-BB48-8811162F3F97}.Release|Any CPU.Build.0 = Release|Any CPU
		{84834D6F-8606-4912-BB48-8811162F3F97}.Release|Mixed Platforms.ActiveCfg = Release|Any CPU
		{84834D6F-8606-4912-BB48-8811162F3F97}.Release|Mixed Platforms.Build.0 = Release|Any CPU
		{84834D6F-8606-4912-BB48-8811162F3F97}.Release|x86.ActiveCfg = Release|Any CPU
	EndGlobalSection
	GlobalSection(SolutionProperties) = preSolution
		HideSolutionNode = FALSE
	EndGlobalSection
	GlobalSection(NestedProjects) = preSolution
		{B4B34AAF-973C-427D-9B42-183573407908} = {CC992324-4B93-4E9B-9A2F-AF1D06833965}
		{8DF9EAA8-F830-4642-95FA-826F732E58D0} = {CC992324-4B93-4E9B-9A2F-AF1D06833965}
		{A6FDD784-536C-4305-85C9-6C423A3C6BC8} = {CC992324-4B93-4E9B-9A2F-AF1D06833965}
		{6039E458-A237-428D-89D2-BEF3E9DE08A2} = {CC992324-4B93-4E9B-9A2F-AF1D06833965}
		{F7630576-A480-4705-A60E-2ABD07AA7037} = {CC992324-4B93-4E9B-9A2F-AF1D06833965}
		{35DEF1F9-4FFE-494F-AE8D-0AF15B278C22} = {CC992324-4B93-4E9B-9A2F-AF1D06833965}
		{11AEB004-EADE-47BF-8C76-7650915B4F2F} = {CC992324-4B93-4E9B-9A2F-AF1D06833965}
		{589EDA2C-421D-40F1-9682-D4360E02897A} = {CC992324-4B93-4E9B-9A2F-AF1D06833965}
		{831BC234-FF0D-4A21-8D6C-B89AB0E60D6A} = {CC992324-4B93-4E9B-9A2F-AF1D06833965}
		{AF008EA4-CD39-481C-9F6B-3C6B97243658} = {CC992324-4B93-4E9B-9A2F-AF1D06833965}
		{5062E95B-5519-4A61-9877-CEFE826C9648} = {CC992324-4B93-4E9B-9A2F-AF1D06833965}
		{221821AF-EB43-438B-AEC7-6FD03900EE45} = {CC992324-4B93-4E9B-9A2F-AF1D06833965}
		{DF40F291-A1B3-4E4C-AE80-3D8DCD4A0DDE} = {CC992324-4B93-4E9B-9A2F-AF1D06833965}
		{B12CD3CD-70EB-4150-A4C8-3CF70F63894C} = {CC992324-4B93-4E9B-9A2F-AF1D06833965}
		{9772DD21-039E-48D8-9BAC-C3A800BAC0B4} = {CC992324-4B93-4E9B-9A2F-AF1D06833965}
		{72963174-F22D-40CE-88D1-B11ECA7DC71C} = {CC992324-4B93-4E9B-9A2F-AF1D06833965}
		{DFD3C4B6-799C-42E9-B3A9-43F0DFE0AF49} = {CC992324-4B93-4E9B-9A2F-AF1D06833965}
		{889230DD-AA24-4D89-A23D-7D6FBECB2263} = {CC992324-4B93-4E9B-9A2F-AF1D06833965}
		{E196B0D0-A7F0-4602-B8AD-484876E05B32} = {CC992324-4B93-4E9B-9A2F-AF1D06833965}
		{74D58D09-A96A-4A5D-AAE0-5C0929853B68} = {CC992324-4B93-4E9B-9A2F-AF1D06833965}
		{AC14DDB4-8CBD-4C14-BE76-B5A6E42B2B57} = {CC992324-4B93-4E9B-9A2F-AF1D06833965}
		{18AAF32A-9F27-40C1-AB39-31EAE5389B6A} = {CC992324-4B93-4E9B-9A2F-AF1D06833965}
		{45C3557F-F17E-4981-A155-593D730F3C07} = {CC992324-4B93-4E9B-9A2F-AF1D06833965}
		{A2D8224E-670A-4751-8ACE-B9CDEE52B958} = {CC992324-4B93-4E9B-9A2F-AF1D06833965}
		{C1756803-3F2B-4148-B539-AAB8D3B66EC1} = {CC992324-4B93-4E9B-9A2F-AF1D06833965}
		{21C0F874-A6DC-4F66-A47B-34DBD2F896B1} = {CC992324-4B93-4E9B-9A2F-AF1D06833965}
		{601BF74B-759E-49B7-B7D2-2BEE3C4D5B0F} = {CC992324-4B93-4E9B-9A2F-AF1D06833965}
		{D27D3B19-7517-4CCE-A072-3B12F3D0A48D} = {CC992324-4B93-4E9B-9A2F-AF1D06833965}
		{240E089D-A5E3-46A6-9024-997E3A0FD5A6} = {CC992324-4B93-4E9B-9A2F-AF1D06833965}
		{D43E6829-BA45-4023-B2C7-91C879751AC4} = {CC992324-4B93-4E9B-9A2F-AF1D06833965}
		{74A80966-CEF2-47A2-9CA0-3069A6DACA3D} = {CC992324-4B93-4E9B-9A2F-AF1D06833965}
		{84834D6F-8606-4912-BB48-8811162F3F97} = {CC992324-4B93-4E9B-9A2F-AF1D06833965}
		{08842DAA-31EA-49D2-A613-865C83A63386} = {0C37D9E4-EE97-4740-A811-710B2D0BBF8E}
		{C7FA0920-78D8-4C6E-9055-A9E0421E6438} = {0C37D9E4-EE97-4740-A811-710B2D0BBF8E}
		{E53124A5-CEC6-40F5-BB01-89D280AD22E9} = {2A452081-FFE5-43C4-82D1-7202917BC509}
		{770F99D6-26C6-495A-905D-0EA3ACC5D5D2} = {2A452081-FFE5-43C4-82D1-7202917BC509}
		{318EC31C-54EF-4138-A837-E6B0E0EE39BA} = {2A452081-FFE5-43C4-82D1-7202917BC509}
		{E4025895-1C60-4E94-BD66-AC1EDEAA26B3} = {2A452081-FFE5-43C4-82D1-7202917BC509}
		{B1ECF3AD-57BE-4F79-9AEA-0DB153117AEB} = {2A452081-FFE5-43C4-82D1-7202917BC509}
		{503092C1-23FE-4AD8-B855-CF1D24D632A9} = {2A452081-FFE5-43C4-82D1-7202917BC509}
		{66385FF8-1FF8-4495-B1BF-81A963855517} = {2A452081-FFE5-43C4-82D1-7202917BC509}
		{E730B38F-5144-4AA2-9369-5287A3667CB0} = {2A452081-FFE5-43C4-82D1-7202917BC509}
	EndGlobalSection
EndGlobal
