
Microsoft Visual Studio Solution File, Format Version 11.00
# Visual Studio 2010
Project("{FAE04EC0-301F-11D3-BF4B-00C04F79EFBC}") = "OSAE.SqueezeCenter", "OSAE.SqueezeCenter.csproj", "{E196B0D0-A7F0-4602-B8AD-484876E05B32}"
EndProject
Global
	GlobalSection(SolutionConfigurationPlatforms) = preSolution
		Debug|Any CPU = Debug|Any CPU
		Release|Any CPU = Release|Any CPU
	EndGlobalSection
	GlobalSection(ProjectConfigurationPlatforms) = postSolution
		{E196B0D0-A7F0-4602-B8AD-484876E05B32}.Debug|Any CPU.ActiveCfg = Debug|Any CPU
		{E196B0D0-A7F0-4602-B8AD-484876E05B32}.Debug|Any CPU.Build.0 = Debug|Any CPU
		{E196B0D0-A7F0-4602-B8AD-484876E05B32}.Release|Any CPU.ActiveCfg = Release|Any CPU
		{E196B0D0-A7F0-4602-B8AD-484876E05B32}.Release|Any CPU.Build.0 = Release|Any CPU
	EndGlobalSection
	GlobalSection(SolutionProperties) = preSolution
		HideSolutionNode = FALSE
	EndGlobalSection
EndGlobal
