
Microsoft Visual Studio Solution File, Format Version 11.00
# Visual Studio 2010
Project("{FAE04EC0-301F-11D3-BF4B-00C04F79EFBC}") = "OSAE.Onkyo", "OSAE.Onkyo\OSAE.Onkyo.csproj", "{9772DD21-039E-48D8-9BAC-C3A800BAC0B4}"
EndProject
Global
	GlobalSection(SolutionConfigurationPlatforms) = preSolution
		Debug|Any CPU = Debug|Any CPU
		Release|Any CPU = Release|Any CPU
	EndGlobalSection
	GlobalSection(ProjectConfigurationPlatforms) = postSolution
		{9772DD21-039E-48D8-9BAC-C3A800BAC0B4}.Debug|Any CPU.ActiveCfg = Debug|Any CPU
		{9772DD21-039E-48D8-9BAC-C3A800BAC0B4}.Debug|Any CPU.Build.0 = Debug|Any CPU
		{9772DD21-039E-48D8-9BAC-C3A800BAC0B4}.Release|Any CPU.ActiveCfg = Release|Any CPU
		{9772DD21-039E-48D8-9BAC-C3A800BAC0B4}.Release|Any CPU.Build.0 = Release|Any CPU
	EndGlobalSection
	GlobalSection(SolutionProperties) = preSolution
		HideSolutionNode = FALSE
	EndGlobalSection
EndGlobal
