
Microsoft Visual Studio Solution File, Format Version 12.00
# Visual Studio Express 2012 for Windows Desktop
Project("{FAE04EC0-301F-11D3-BF4B-00C04F79EFBC}") = "VideoStreamViewer", "VideoStreamViewer\VideoStreamViewer.csproj", "{8B3F4EF2-87E8-408C-85F6-56475282A661}"
EndProject
Global
	GlobalSection(SolutionConfigurationPlatforms) = preSolution
		Debug|Any CPU = Debug|Any CPU
		Release|Any CPU = Release|Any CPU
	EndGlobalSection
	GlobalSection(ProjectConfigurationPlatforms) = postSolution
		{8B3F4EF2-87E8-408C-85F6-56475282A661}.Debug|Any CPU.ActiveCfg = Debug|Any CPU
		{8B3F4EF2-87E8-408C-85F6-56475282A661}.Debug|Any CPU.Build.0 = Debug|Any CPU
		{8B3F4EF2-87E8-408C-85F6-56475282A661}.Release|Any CPU.ActiveCfg = Release|Any CPU
		{8B3F4EF2-87E8-408C-85F6-56475282A661}.Release|Any CPU.Build.0 = Release|Any CPU
	EndGlobalSection
	GlobalSection(SolutionProperties) = preSolution
		HideSolutionNode = FALSE
	EndGlobalSection
EndGlobal
