
Microsoft Visual Studio Solution File, Format Version 12.00
# Visual Studio 2012
Project("{FAE04EC0-301F-11D3-BF4B-00C04F79EFBC}") = "GUI_WPF", "GUI_WPF\GUI_WPF.csproj", "{69605FFA-E075-4E52-97F1-8DBBE3627544}"
EndProject
Project("{FAE04EC0-301F-11D3-BF4B-00C04F79EFBC}") = "OSAE.UI.Controls", "..\OSAE.UI.Controls\OSAE.UI.Controls.csproj", "{503092C1-23FE-4AD8-B855-CF1D24D632A9}"
EndProject
Project("{FAE04EC0-301F-11D3-BF4B-00C04F79EFBC}") = "OSAE.API", "..\..\OSAE.API\OSAE.API.csproj", "{022F45F1-C988-41A1-A203-39E97BE928B6}"
EndProject
Project("{FAE04EC0-301F-11D3-BF4B-00C04F79EFBC}") = "Manager_WPF", "..\..\Manager_WPF\Manager_WPF.csproj", "{318EC31C-54EF-4138-A837-E6B0E0EE39BA}"
EndProject
Project("{FAE04EC0-301F-11D3-BF4B-00C04F79EFBC}") = "OSAE.UI.Windows", "..\OSAE.UI.Windows\OSAE.UI.Windows.csproj", "{340C399F-5991-4EE2-B177-FC7C4054BB04}"
EndProject
Global
	GlobalSection(SolutionConfigurationPlatforms) = preSolution
		Debug|Any CPU = Debug|Any CPU
		Release|Any CPU = Release|Any CPU
	EndGlobalSection
	GlobalSection(ProjectConfigurationPlatforms) = postSolution
		{69605FFA-E075-4E52-97F1-8DBBE3627544}.Debug|Any CPU.ActiveCfg = Debug|Any CPU
		{69605FFA-E075-4E52-97F1-8DBBE3627544}.Debug|Any CPU.Build.0 = Debug|Any CPU
		{69605FFA-E075-4E52-97F1-8DBBE3627544}.Release|Any CPU.ActiveCfg = Release|Any CPU
		{69605FFA-E075-4E52-97F1-8DBBE3627544}.Release|Any CPU.Build.0 = Release|Any CPU
		{503092C1-23FE-4AD8-B855-CF1D24D632A9}.Debug|Any CPU.ActiveCfg = Debug|Any CPU
		{503092C1-23FE-4AD8-B855-CF1D24D632A9}.Debug|Any CPU.Build.0 = Debug|Any CPU
		{503092C1-23FE-4AD8-B855-CF1D24D632A9}.Release|Any CPU.ActiveCfg = Release|Any CPU
		{503092C1-23FE-4AD8-B855-CF1D24D632A9}.Release|Any CPU.Build.0 = Release|Any CPU
		{022F45F1-C988-41A1-A203-39E97BE928B6}.Debug|Any CPU.ActiveCfg = Debug|Any CPU
		{022F45F1-C988-41A1-A203-39E97BE928B6}.Debug|Any CPU.Build.0 = Debug|Any CPU
		{022F45F1-C988-41A1-A203-39E97BE928B6}.Release|Any CPU.ActiveCfg = Release|Any CPU
		{022F45F1-C988-41A1-A203-39E97BE928B6}.Release|Any CPU.Build.0 = Release|Any CPU
		{318EC31C-54EF-4138-A837-E6B0E0EE39BA}.Debug|Any CPU.ActiveCfg = Debug|Any CPU
		{318EC31C-54EF-4138-A837-E6B0E0EE39BA}.Debug|Any CPU.Build.0 = Debug|Any CPU
		{318EC31C-54EF-4138-A837-E6B0E0EE39BA}.Release|Any CPU.ActiveCfg = Release|Any CPU
		{318EC31C-54EF-4138-A837-E6B0E0EE39BA}.Release|Any CPU.Build.0 = Release|Any CPU
		{340C399F-5991-4EE2-B177-FC7C4054BB04}.Debug|Any CPU.ActiveCfg = Debug|Any CPU
		{340C399F-5991-4EE2-B177-FC7C4054BB04}.Debug|Any CPU.Build.0 = Debug|Any CPU
		{340C399F-5991-4EE2-B177-FC7C4054BB04}.Release|Any CPU.ActiveCfg = Release|Any CPU
		{340C399F-5991-4EE2-B177-FC7C4054BB04}.Release|Any CPU.Build.0 = Release|Any CPU
	EndGlobalSection
	GlobalSection(SolutionProperties) = preSolution
		HideSolutionNode = FALSE
	EndGlobalSection
EndGlobal
