
Microsoft Visual Studio Solution File, Format Version 12.00
# Visual Studio 2012
Project("{930C7802-8A8C-48F9-8165-68863BCCD9DD}") = "Screens Installer", "InstallComponents\Screens Installer\Screens Installer.wixproj", "{AC55F85A-C8FA-48BC-B948-91C6499B71A7}"
	ProjectSection(ProjectDependencies) = postProject
		{C305F3D0-DC22-43B5-B943-913E8E84DAE2} = {C305F3D0-DC22-43B5-B943-913E8E84DAE2}
	EndProjectSection
EndProject
Project("{930C7802-8A8C-48F9-8165-68863BCCD9DD}") = "Screens Bootstrapper", "BootStrappers\Screen Bootstrapper\Screens Bootstrapper.wixproj", "{CE5B0991-791E-4085-B206-F6CCCDF4437B}"
	ProjectSection(ProjectDependencies) = postProject
		{EA705507-6ACC-4BB6-9910-D0B9CE03FD0D} = {EA705507-6ACC-4BB6-9910-D0B9CE03FD0D}
		{AC55F85A-C8FA-48BC-B948-91C6499B71A7} = {AC55F85A-C8FA-48BC-B948-91C6499B71A7}
		{C305F3D0-DC22-43B5-B943-913E8E84DAE2} = {C305F3D0-DC22-43B5-B943-913E8E84DAE2}
	EndProjectSection
EndProject
Project("{930C7802-8A8C-48F9-8165-68863BCCD9DD}") = "Screens Installer x64", "InstallComponents\Screens Installer x64\Screens Installer x64.wixproj", "{EA705507-6ACC-4BB6-9910-D0B9CE03FD0D}"
	ProjectSection(ProjectDependencies) = postProject
		{C305F3D0-DC22-43B5-B943-913E8E84DAE2} = {C305F3D0-DC22-43B5-B943-913E8E84DAE2}
	EndProjectSection
EndProject
Project("{930C7802-8A8C-48F9-8165-68863BCCD9DD}") = "Client Installer", "InstallComponents\Client Installer\Client Installer.wixproj", "{61FBA02A-24F2-4E6A-ABAD-BE64260D5D5D}"
	ProjectSection(ProjectDependencies) = postProject
		{C305F3D0-DC22-43B5-B943-913E8E84DAE2} = {C305F3D0-DC22-43B5-B943-913E8E84DAE2}
	EndProjectSection
EndProject
Project("{930C7802-8A8C-48F9-8165-68863BCCD9DD}") = "Client BootStrapper", "BootStrappers\Client BootStrapper\Client BootStrapper.wixproj", "{4A7126EE-FFB2-4873-A99D-8026305E56BC}"
	ProjectSection(ProjectDependencies) = postProject
		{61FBA02A-24F2-4E6A-ABAD-BE64260D5D5D} = {61FBA02A-24F2-4E6A-ABAD-BE64260D5D5D}
		{2CC7929F-9540-4845-954B-39A15C7FB56D} = {2CC7929F-9540-4845-954B-39A15C7FB56D}
	EndProjectSection
EndProject
Project("{930C7802-8A8C-48F9-8165-68863BCCD9DD}") = "Client Installer x64", "InstallComponents\Client Installer x64\Client Installer x64.wixproj", "{2CC7929F-9540-4845-954B-39A15C7FB56D}"
	ProjectSection(ProjectDependencies) = postProject
		{C305F3D0-DC22-43B5-B943-913E8E84DAE2} = {C305F3D0-DC22-43B5-B943-913E8E84DAE2}
	EndProjectSection
EndProject
Project("{FAE04EC0-301F-11D3-BF4B-00C04F79EFBC}") = "OSAInstallCustomActions", "CustomActions\OSAInstallCustomActions.csproj", "{C305F3D0-DC22-43B5-B943-913E8E84DAE2}"
EndProject
Project("{930C7802-8A8C-48F9-8165-68863BCCD9DD}") = "Server Installer", "InstallComponents\Server Installer\Server Installer.wixproj", "{BB82DCA5-D06E-40B8-93D3-7A9512943C1F}"
	ProjectSection(ProjectDependencies) = postProject
		{9FC1EB92-BDE0-40A8-A5B0-56446B298B24} = {9FC1EB92-BDE0-40A8-A5B0-56446B298B24}
		{C305F3D0-DC22-43B5-B943-913E8E84DAE2} = {C305F3D0-DC22-43B5-B943-913E8E84DAE2}
		{7FF66ED4-7BDC-4CE3-AFFB-EEA06231C604} = {7FF66ED4-7BDC-4CE3-AFFB-EEA06231C604}
	EndProjectSection
EndProject
Project("{930C7802-8A8C-48F9-8165-68863BCCD9DD}") = "Server Installer x64", "InstallComponents\Server Installer x64\Server Installer x64.wixproj", "{93F85DAD-E1B6-4E92-B7E1-06843331F209}"
	ProjectSection(ProjectDependencies) = postProject
		{9FC1EB92-BDE0-40A8-A5B0-56446B298B24} = {9FC1EB92-BDE0-40A8-A5B0-56446B298B24}
		{C305F3D0-DC22-43B5-B943-913E8E84DAE2} = {C305F3D0-DC22-43B5-B943-913E8E84DAE2}
		{7FF66ED4-7BDC-4CE3-AFFB-EEA06231C604} = {7FF66ED4-7BDC-4CE3-AFFB-EEA06231C604}
	EndProjectSection
EndProject
Project("{930C7802-8A8C-48F9-8165-68863BCCD9DD}") = "Server BootStrapper", "BootStrappers\Server BootStrapper\Server BootStrapper.wixproj", "{7C272B37-1D4C-4027-872A-59469F9265DD}"
	ProjectSection(ProjectDependencies) = postProject
		{CE5B0991-791E-4085-B206-F6CCCDF4437B} = {CE5B0991-791E-4085-B206-F6CCCDF4437B}
		{BB82DCA5-D06E-40B8-93D3-7A9512943C1F} = {BB82DCA5-D06E-40B8-93D3-7A9512943C1F}
		{93F85DAD-E1B6-4E92-B7E1-06843331F209} = {93F85DAD-E1B6-4E92-B7E1-06843331F209}
	EndProjectSection
EndProject
Project("{930C7802-8A8C-48F9-8165-68863BCCD9DD}") = "Plugins", "MergeModules\Plugins\Plugins.wixproj", "{9FC1EB92-BDE0-40A8-A5B0-56446B298B24}"
EndProject
Project("{2150E333-8FDC-42A3-9474-1A3956D46DE8}") = "MergeModules", "MergeModules", "{91BD59E8-12A2-4E24-BD0D-0EA50898EA9C}"
EndProject
Project("{930C7802-8A8C-48F9-8165-68863BCCD9DD}") = "Server", "MergeModules\Server\Server.wixproj", "{7FF66ED4-7BDC-4CE3-AFFB-EEA06231C604}"
EndProject
Project("{2150E333-8FDC-42A3-9474-1A3956D46DE8}") = "InstallComponents", "InstallComponents", "{70AA4C9A-F77A-4C28-9FFA-3BA7DA5B52A7}"
EndProject
Project("{2150E333-8FDC-42A3-9474-1A3956D46DE8}") = "BootStrappers", "BootStrappers", "{60B625AD-C8FE-4485-A024-7FC73975F99E}"
EndProject
Project("{2150E333-8FDC-42A3-9474-1A3956D46DE8}") = "CustomActions", "CustomActions", "{86AB3C91-8EE3-4356-B1CB-FAF567CD73DD}"
EndProject
Global
	GlobalSection(TestCaseManagementSettings) = postSolution
		CategoryFile = burn.vsmdi
	EndGlobalSection
	GlobalSection(SolutionConfigurationPlatforms) = preSolution
		Combined|Any CPU = Combined|Any CPU
		Combined|arm = Combined|arm
		Combined|ia64 = Combined|ia64
		Combined|Itanium = Combined|Itanium
		Combined|Mixed Platforms = Combined|Mixed Platforms
		Combined|Win32 = Combined|Win32
		Combined|x64 = Combined|x64
		Combined|x86 = Combined|x86
		Debug|Any CPU = Debug|Any CPU
		Debug|arm = Debug|arm
		Debug|ia64 = Debug|ia64
		Debug|Itanium = Debug|Itanium
		Debug|Mixed Platforms = Debug|Mixed Platforms
		Debug|Win32 = Debug|Win32
		Debug|x64 = Debug|x64
		Debug|x86 = Debug|x86
		Release|Any CPU = Release|Any CPU
		Release|arm = Release|arm
		Release|ia64 = Release|ia64
		Release|Itanium = Release|Itanium
		Release|Mixed Platforms = Release|Mixed Platforms
		Release|Win32 = Release|Win32
		Release|x64 = Release|x64
		Release|x86 = Release|x86
		Template|Any CPU = Template|Any CPU
		Template|arm = Template|arm
		Template|ia64 = Template|ia64
		Template|Itanium = Template|Itanium
		Template|Mixed Platforms = Template|Mixed Platforms
		Template|Win32 = Template|Win32
		Template|x64 = Template|x64
		Template|x86 = Template|x86
	EndGlobalSection
	GlobalSection(ProjectConfigurationPlatforms) = postSolution
		{AC55F85A-C8FA-48BC-B948-91C6499B71A7}.Combined|Any CPU.ActiveCfg = Combined|x86
		{AC55F85A-C8FA-48BC-B948-91C6499B71A7}.Combined|Any CPU.Build.0 = Combined|x86
		{AC55F85A-C8FA-48BC-B948-91C6499B71A7}.Combined|arm.ActiveCfg = Debug|x86
		{AC55F85A-C8FA-48BC-B948-91C6499B71A7}.Combined|ia64.ActiveCfg = Debug|x86
		{AC55F85A-C8FA-48BC-B948-91C6499B71A7}.Combined|Itanium.ActiveCfg = Debug|x86
		{AC55F85A-C8FA-48BC-B948-91C6499B71A7}.Combined|Mixed Platforms.ActiveCfg = Debug|x86
		{AC55F85A-C8FA-48BC-B948-91C6499B71A7}.Combined|Mixed Platforms.Build.0 = Debug|x86
		{AC55F85A-C8FA-48BC-B948-91C6499B71A7}.Combined|Win32.ActiveCfg = Debug|x86
		{AC55F85A-C8FA-48BC-B948-91C6499B71A7}.Combined|Win32.Build.0 = Debug|x86
		{AC55F85A-C8FA-48BC-B948-91C6499B71A7}.Combined|x64.ActiveCfg = Debug|x64
		{AC55F85A-C8FA-48BC-B948-91C6499B71A7}.Combined|x64.Build.0 = Debug|x64
		{AC55F85A-C8FA-48BC-B948-91C6499B71A7}.Combined|x86.ActiveCfg = Debug|x86
		{AC55F85A-C8FA-48BC-B948-91C6499B71A7}.Combined|x86.Build.0 = Debug|x86
		{AC55F85A-C8FA-48BC-B948-91C6499B71A7}.Debug|Any CPU.ActiveCfg = Debug|x86
		{AC55F85A-C8FA-48BC-B948-91C6499B71A7}.Debug|arm.ActiveCfg = Debug|x86
		{AC55F85A-C8FA-48BC-B948-91C6499B71A7}.Debug|ia64.ActiveCfg = Debug|x86
		{AC55F85A-C8FA-48BC-B948-91C6499B71A7}.Debug|Itanium.ActiveCfg = Debug|x86
		{AC55F85A-C8FA-48BC-B948-91C6499B71A7}.Debug|Mixed Platforms.ActiveCfg = Debug|x86
		{AC55F85A-C8FA-48BC-B948-91C6499B71A7}.Debug|Mixed Platforms.Build.0 = Debug|x86
		{AC55F85A-C8FA-48BC-B948-91C6499B71A7}.Debug|Win32.ActiveCfg = Debug|x86
		{AC55F85A-C8FA-48BC-B948-91C6499B71A7}.Debug|Win32.Build.0 = Debug|x86
		{AC55F85A-C8FA-48BC-B948-91C6499B71A7}.Debug|x64.ActiveCfg = Debug|x86
		{AC55F85A-C8FA-48BC-B948-91C6499B71A7}.Debug|x86.ActiveCfg = Debug|x86
		{AC55F85A-C8FA-48BC-B948-91C6499B71A7}.Debug|x86.Build.0 = Debug|x86
		{AC55F85A-C8FA-48BC-B948-91C6499B71A7}.Release|Any CPU.ActiveCfg = Release|x86
		{AC55F85A-C8FA-48BC-B948-91C6499B71A7}.Release|arm.ActiveCfg = Release|x86
		{AC55F85A-C8FA-48BC-B948-91C6499B71A7}.Release|ia64.ActiveCfg = Release|x86
		{AC55F85A-C8FA-48BC-B948-91C6499B71A7}.Release|Itanium.ActiveCfg = Release|x86
		{AC55F85A-C8FA-48BC-B948-91C6499B71A7}.Release|Mixed Platforms.ActiveCfg = Release|x86
		{AC55F85A-C8FA-48BC-B948-91C6499B71A7}.Release|Mixed Platforms.Build.0 = Release|x86
		{AC55F85A-C8FA-48BC-B948-91C6499B71A7}.Release|Win32.ActiveCfg = Release|x86
		{AC55F85A-C8FA-48BC-B948-91C6499B71A7}.Release|Win32.Build.0 = Release|x86
		{AC55F85A-C8FA-48BC-B948-91C6499B71A7}.Release|x64.ActiveCfg = Release|x86
		{AC55F85A-C8FA-48BC-B948-91C6499B71A7}.Release|x64.Build.0 = Release|x86
		{AC55F85A-C8FA-48BC-B948-91C6499B71A7}.Release|x86.ActiveCfg = Release|x86
		{AC55F85A-C8FA-48BC-B948-91C6499B71A7}.Release|x86.Build.0 = Release|x86
		{AC55F85A-C8FA-48BC-B948-91C6499B71A7}.Template|Any CPU.ActiveCfg = Release|x86
		{AC55F85A-C8FA-48BC-B948-91C6499B71A7}.Template|arm.ActiveCfg = Release|x86
		{AC55F85A-C8FA-48BC-B948-91C6499B71A7}.Template|ia64.ActiveCfg = Release|x86
		{AC55F85A-C8FA-48BC-B948-91C6499B71A7}.Template|Itanium.ActiveCfg = Release|x86
		{AC55F85A-C8FA-48BC-B948-91C6499B71A7}.Template|Mixed Platforms.ActiveCfg = Release|x86
		{AC55F85A-C8FA-48BC-B948-91C6499B71A7}.Template|Mixed Platforms.Build.0 = Release|x86
		{AC55F85A-C8FA-48BC-B948-91C6499B71A7}.Template|Win32.ActiveCfg = Release|x86
		{AC55F85A-C8FA-48BC-B948-91C6499B71A7}.Template|Win32.Build.0 = Release|x86
		{AC55F85A-C8FA-48BC-B948-91C6499B71A7}.Template|x64.ActiveCfg = Release|x86
		{AC55F85A-C8FA-48BC-B948-91C6499B71A7}.Template|x86.ActiveCfg = Release|x86
		{AC55F85A-C8FA-48BC-B948-91C6499B71A7}.Template|x86.Build.0 = Release|x86
		{CE5B0991-791E-4085-B206-F6CCCDF4437B}.Combined|Any CPU.ActiveCfg = Debug|x86
		{CE5B0991-791E-4085-B206-F6CCCDF4437B}.Combined|Any CPU.Build.0 = Debug|x86
		{CE5B0991-791E-4085-B206-F6CCCDF4437B}.Combined|arm.ActiveCfg = Debug|x86
		{CE5B0991-791E-4085-B206-F6CCCDF4437B}.Combined|ia64.ActiveCfg = Debug|x86
		{CE5B0991-791E-4085-B206-F6CCCDF4437B}.Combined|Itanium.ActiveCfg = Debug|x86
		{CE5B0991-791E-4085-B206-F6CCCDF4437B}.Combined|Mixed Platforms.ActiveCfg = Debug|x86
		{CE5B0991-791E-4085-B206-F6CCCDF4437B}.Combined|Mixed Platforms.Build.0 = Debug|x86
		{CE5B0991-791E-4085-B206-F6CCCDF4437B}.Combined|Win32.ActiveCfg = Debug|x86
		{CE5B0991-791E-4085-B206-F6CCCDF4437B}.Combined|Win32.Build.0 = Debug|x86
		{CE5B0991-791E-4085-B206-F6CCCDF4437B}.Combined|x64.ActiveCfg = Debug|x86
		{CE5B0991-791E-4085-B206-F6CCCDF4437B}.Combined|x86.ActiveCfg = Debug|x86
		{CE5B0991-791E-4085-B206-F6CCCDF4437B}.Combined|x86.Build.0 = Debug|x86
		{CE5B0991-791E-4085-B206-F6CCCDF4437B}.Debug|Any CPU.ActiveCfg = Debug|x86
		{CE5B0991-791E-4085-B206-F6CCCDF4437B}.Debug|arm.ActiveCfg = Debug|x86
		{CE5B0991-791E-4085-B206-F6CCCDF4437B}.Debug|ia64.ActiveCfg = Debug|x86
		{CE5B0991-791E-4085-B206-F6CCCDF4437B}.Debug|Itanium.ActiveCfg = Debug|x86
		{CE5B0991-791E-4085-B206-F6CCCDF4437B}.Debug|Mixed Platforms.ActiveCfg = Debug|x86
		{CE5B0991-791E-4085-B206-F6CCCDF4437B}.Debug|Mixed Platforms.Build.0 = Debug|x86
		{CE5B0991-791E-4085-B206-F6CCCDF4437B}.Debug|Win32.ActiveCfg = Debug|x86
		{CE5B0991-791E-4085-B206-F6CCCDF4437B}.Debug|Win32.Build.0 = Debug|x86
		{CE5B0991-791E-4085-B206-F6CCCDF4437B}.Debug|x64.ActiveCfg = Debug|x86
		{CE5B0991-791E-4085-B206-F6CCCDF4437B}.Debug|x86.ActiveCfg = Debug|x86
		{CE5B0991-791E-4085-B206-F6CCCDF4437B}.Debug|x86.Build.0 = Debug|x86
		{CE5B0991-791E-4085-B206-F6CCCDF4437B}.Release|Any CPU.ActiveCfg = Release|x86
		{CE5B0991-791E-4085-B206-F6CCCDF4437B}.Release|arm.ActiveCfg = Release|x86
		{CE5B0991-791E-4085-B206-F6CCCDF4437B}.Release|ia64.ActiveCfg = Release|x86
		{CE5B0991-791E-4085-B206-F6CCCDF4437B}.Release|Itanium.ActiveCfg = Release|x86
		{CE5B0991-791E-4085-B206-F6CCCDF4437B}.Release|Mixed Platforms.ActiveCfg = Release|x86
		{CE5B0991-791E-4085-B206-F6CCCDF4437B}.Release|Mixed Platforms.Build.0 = Release|x86
		{CE5B0991-791E-4085-B206-F6CCCDF4437B}.Release|Win32.ActiveCfg = Release|x86
		{CE5B0991-791E-4085-B206-F6CCCDF4437B}.Release|Win32.Build.0 = Release|x86
		{CE5B0991-791E-4085-B206-F6CCCDF4437B}.Release|x64.ActiveCfg = Release|x86
		{CE5B0991-791E-4085-B206-F6CCCDF4437B}.Release|x64.Build.0 = Release|x86
		{CE5B0991-791E-4085-B206-F6CCCDF4437B}.Release|x86.ActiveCfg = Release|x86
		{CE5B0991-791E-4085-B206-F6CCCDF4437B}.Release|x86.Build.0 = Release|x86
		{CE5B0991-791E-4085-B206-F6CCCDF4437B}.Template|Any CPU.ActiveCfg = Release|x86
		{CE5B0991-791E-4085-B206-F6CCCDF4437B}.Template|arm.ActiveCfg = Release|x86
		{CE5B0991-791E-4085-B206-F6CCCDF4437B}.Template|ia64.ActiveCfg = Release|x86
		{CE5B0991-791E-4085-B206-F6CCCDF4437B}.Template|Itanium.ActiveCfg = Release|x86
		{CE5B0991-791E-4085-B206-F6CCCDF4437B}.Template|Mixed Platforms.ActiveCfg = Release|x86
		{CE5B0991-791E-4085-B206-F6CCCDF4437B}.Template|Mixed Platforms.Build.0 = Release|x86
		{CE5B0991-791E-4085-B206-F6CCCDF4437B}.Template|Win32.ActiveCfg = Release|x86
		{CE5B0991-791E-4085-B206-F6CCCDF4437B}.Template|Win32.Build.0 = Release|x86
		{CE5B0991-791E-4085-B206-F6CCCDF4437B}.Template|x64.ActiveCfg = Release|x86
		{CE5B0991-791E-4085-B206-F6CCCDF4437B}.Template|x86.ActiveCfg = Release|x86
		{CE5B0991-791E-4085-B206-F6CCCDF4437B}.Template|x86.Build.0 = Release|x86
		{EA705507-6ACC-4BB6-9910-D0B9CE03FD0D}.Combined|Any CPU.ActiveCfg = Combined|x64
		{EA705507-6ACC-4BB6-9910-D0B9CE03FD0D}.Combined|Any CPU.Build.0 = Combined|x64
		{EA705507-6ACC-4BB6-9910-D0B9CE03FD0D}.Combined|arm.ActiveCfg = Combined|x86
		{EA705507-6ACC-4BB6-9910-D0B9CE03FD0D}.Combined|ia64.ActiveCfg = Combined|x86
		{EA705507-6ACC-4BB6-9910-D0B9CE03FD0D}.Combined|Itanium.ActiveCfg = Combined|x86
		{EA705507-6ACC-4BB6-9910-D0B9CE03FD0D}.Combined|Mixed Platforms.ActiveCfg = Combined|x86
		{EA705507-6ACC-4BB6-9910-D0B9CE03FD0D}.Combined|Mixed Platforms.Build.0 = Combined|x86
		{EA705507-6ACC-4BB6-9910-D0B9CE03FD0D}.Combined|Win32.ActiveCfg = Combined|x86
		{EA705507-6ACC-4BB6-9910-D0B9CE03FD0D}.Combined|Win32.Build.0 = Combined|x86
		{EA705507-6ACC-4BB6-9910-D0B9CE03FD0D}.Combined|x64.ActiveCfg = Combined|x64
		{EA705507-6ACC-4BB6-9910-D0B9CE03FD0D}.Combined|x86.ActiveCfg = Combined|x86
		{EA705507-6ACC-4BB6-9910-D0B9CE03FD0D}.Debug|Any CPU.ActiveCfg = Debug|x86
		{EA705507-6ACC-4BB6-9910-D0B9CE03FD0D}.Debug|arm.ActiveCfg = Debug|x86
		{EA705507-6ACC-4BB6-9910-D0B9CE03FD0D}.Debug|ia64.ActiveCfg = Debug|x86
		{EA705507-6ACC-4BB6-9910-D0B9CE03FD0D}.Debug|Itanium.ActiveCfg = Debug|x86
		{EA705507-6ACC-4BB6-9910-D0B9CE03FD0D}.Debug|Mixed Platforms.ActiveCfg = Debug|x86
		{EA705507-6ACC-4BB6-9910-D0B9CE03FD0D}.Debug|Mixed Platforms.Build.0 = Debug|x86
		{EA705507-6ACC-4BB6-9910-D0B9CE03FD0D}.Debug|Win32.ActiveCfg = Debug|x86
		{EA705507-6ACC-4BB6-9910-D0B9CE03FD0D}.Debug|Win32.Build.0 = Debug|x86
		{EA705507-6ACC-4BB6-9910-D0B9CE03FD0D}.Debug|x64.ActiveCfg = Debug|x86
		{EA705507-6ACC-4BB6-9910-D0B9CE03FD0D}.Debug|x86.ActiveCfg = Debug|x86
		{EA705507-6ACC-4BB6-9910-D0B9CE03FD0D}.Debug|x86.Build.0 = Debug|x86
		{EA705507-6ACC-4BB6-9910-D0B9CE03FD0D}.Release|Any CPU.ActiveCfg = Release|x86
		{EA705507-6ACC-4BB6-9910-D0B9CE03FD0D}.Release|arm.ActiveCfg = Release|x86
		{EA705507-6ACC-4BB6-9910-D0B9CE03FD0D}.Release|ia64.ActiveCfg = Release|x86
		{EA705507-6ACC-4BB6-9910-D0B9CE03FD0D}.Release|Itanium.ActiveCfg = Release|x86
		{EA705507-6ACC-4BB6-9910-D0B9CE03FD0D}.Release|Mixed Platforms.ActiveCfg = Release|x86
		{EA705507-6ACC-4BB6-9910-D0B9CE03FD0D}.Release|Mixed Platforms.Build.0 = Release|x86
		{EA705507-6ACC-4BB6-9910-D0B9CE03FD0D}.Release|Win32.ActiveCfg = Release|x86
		{EA705507-6ACC-4BB6-9910-D0B9CE03FD0D}.Release|Win32.Build.0 = Release|x86
		{EA705507-6ACC-4BB6-9910-D0B9CE03FD0D}.Release|x64.ActiveCfg = Release|x86
		{EA705507-6ACC-4BB6-9910-D0B9CE03FD0D}.Release|x86.ActiveCfg = Release|x86
		{EA705507-6ACC-4BB6-9910-D0B9CE03FD0D}.Release|x86.Build.0 = Release|x86
		{EA705507-6ACC-4BB6-9910-D0B9CE03FD0D}.Template|Any CPU.ActiveCfg = Release|x86
		{EA705507-6ACC-4BB6-9910-D0B9CE03FD0D}.Template|arm.ActiveCfg = Release|x86
		{EA705507-6ACC-4BB6-9910-D0B9CE03FD0D}.Template|ia64.ActiveCfg = Release|x86
		{EA705507-6ACC-4BB6-9910-D0B9CE03FD0D}.Template|Itanium.ActiveCfg = Release|x86
		{EA705507-6ACC-4BB6-9910-D0B9CE03FD0D}.Template|Mixed Platforms.ActiveCfg = Release|x86
		{EA705507-6ACC-4BB6-9910-D0B9CE03FD0D}.Template|Mixed Platforms.Build.0 = Release|x86
		{EA705507-6ACC-4BB6-9910-D0B9CE03FD0D}.Template|Win32.ActiveCfg = Release|x86
		{EA705507-6ACC-4BB6-9910-D0B9CE03FD0D}.Template|Win32.Build.0 = Release|x86
		{EA705507-6ACC-4BB6-9910-D0B9CE03FD0D}.Template|x64.ActiveCfg = Release|x86
		{EA705507-6ACC-4BB6-9910-D0B9CE03FD0D}.Template|x86.ActiveCfg = Release|x86
		{EA705507-6ACC-4BB6-9910-D0B9CE03FD0D}.Template|x86.Build.0 = Release|x86
		{61FBA02A-24F2-4E6A-ABAD-BE64260D5D5D}.Combined|Any CPU.ActiveCfg = Debug|x86
		{61FBA02A-24F2-4E6A-ABAD-BE64260D5D5D}.Combined|arm.ActiveCfg = Debug|x86
		{61FBA02A-24F2-4E6A-ABAD-BE64260D5D5D}.Combined|ia64.ActiveCfg = Debug|x86
		{61FBA02A-24F2-4E6A-ABAD-BE64260D5D5D}.Combined|Itanium.ActiveCfg = Debug|x86
		{61FBA02A-24F2-4E6A-ABAD-BE64260D5D5D}.Combined|Mixed Platforms.ActiveCfg = Debug|x86
		{61FBA02A-24F2-4E6A-ABAD-BE64260D5D5D}.Combined|Win32.ActiveCfg = Debug|x86
		{61FBA02A-24F2-4E6A-ABAD-BE64260D5D5D}.Combined|x64.ActiveCfg = Debug|x86
		{61FBA02A-24F2-4E6A-ABAD-BE64260D5D5D}.Combined|x86.ActiveCfg = Debug|x86
		{61FBA02A-24F2-4E6A-ABAD-BE64260D5D5D}.Debug|Any CPU.ActiveCfg = Debug|x86
		{61FBA02A-24F2-4E6A-ABAD-BE64260D5D5D}.Debug|arm.ActiveCfg = Debug|x86
		{61FBA02A-24F2-4E6A-ABAD-BE64260D5D5D}.Debug|ia64.ActiveCfg = Debug|x86
		{61FBA02A-24F2-4E6A-ABAD-BE64260D5D5D}.Debug|Itanium.ActiveCfg = Debug|x86
		{61FBA02A-24F2-4E6A-ABAD-BE64260D5D5D}.Debug|Mixed Platforms.ActiveCfg = Debug|x86
		{61FBA02A-24F2-4E6A-ABAD-BE64260D5D5D}.Debug|Mixed Platforms.Build.0 = Debug|x86
		{61FBA02A-24F2-4E6A-ABAD-BE64260D5D5D}.Debug|Win32.ActiveCfg = Debug|x86
		{61FBA02A-24F2-4E6A-ABAD-BE64260D5D5D}.Debug|Win32.Build.0 = Debug|x86
		{61FBA02A-24F2-4E6A-ABAD-BE64260D5D5D}.Debug|x64.ActiveCfg = Debug|x86
		{61FBA02A-24F2-4E6A-ABAD-BE64260D5D5D}.Debug|x86.ActiveCfg = Debug|x86
		{61FBA02A-24F2-4E6A-ABAD-BE64260D5D5D}.Debug|x86.Build.0 = Debug|x86
		{61FBA02A-24F2-4E6A-ABAD-BE64260D5D5D}.Release|Any CPU.ActiveCfg = Release|x86
		{61FBA02A-24F2-4E6A-ABAD-BE64260D5D5D}.Release|arm.ActiveCfg = Release|x86
		{61FBA02A-24F2-4E6A-ABAD-BE64260D5D5D}.Release|ia64.ActiveCfg = Release|x86
		{61FBA02A-24F2-4E6A-ABAD-BE64260D5D5D}.Release|Itanium.ActiveCfg = Release|x86
		{61FBA02A-24F2-4E6A-ABAD-BE64260D5D5D}.Release|Mixed Platforms.ActiveCfg = Release|x86
		{61FBA02A-24F2-4E6A-ABAD-BE64260D5D5D}.Release|Mixed Platforms.Build.0 = Release|x86
		{61FBA02A-24F2-4E6A-ABAD-BE64260D5D5D}.Release|Win32.ActiveCfg = Release|x86
		{61FBA02A-24F2-4E6A-ABAD-BE64260D5D5D}.Release|Win32.Build.0 = Release|x86
		{61FBA02A-24F2-4E6A-ABAD-BE64260D5D5D}.Release|x64.ActiveCfg = Release|x86
		{61FBA02A-24F2-4E6A-ABAD-BE64260D5D5D}.Release|x86.ActiveCfg = Release|x86
		{61FBA02A-24F2-4E6A-ABAD-BE64260D5D5D}.Release|x86.Build.0 = Release|x86
		{61FBA02A-24F2-4E6A-ABAD-BE64260D5D5D}.Template|Any CPU.ActiveCfg = Release|x86
		{61FBA02A-24F2-4E6A-ABAD-BE64260D5D5D}.Template|arm.ActiveCfg = Release|x86
		{61FBA02A-24F2-4E6A-ABAD-BE64260D5D5D}.Template|ia64.ActiveCfg = Release|x86
		{61FBA02A-24F2-4E6A-ABAD-BE64260D5D5D}.Template|Itanium.ActiveCfg = Release|x86
		{61FBA02A-24F2-4E6A-ABAD-BE64260D5D5D}.Template|Mixed Platforms.ActiveCfg = Release|x86
		{61FBA02A-24F2-4E6A-ABAD-BE64260D5D5D}.Template|Mixed Platforms.Build.0 = Release|x86
		{61FBA02A-24F2-4E6A-ABAD-BE64260D5D5D}.Template|Win32.ActiveCfg = Release|x86
		{61FBA02A-24F2-4E6A-ABAD-BE64260D5D5D}.Template|Win32.Build.0 = Release|x86
		{61FBA02A-24F2-4E6A-ABAD-BE64260D5D5D}.Template|x64.ActiveCfg = Release|x86
		{61FBA02A-24F2-4E6A-ABAD-BE64260D5D5D}.Template|x86.ActiveCfg = Release|x86
		{61FBA02A-24F2-4E6A-ABAD-BE64260D5D5D}.Template|x86.Build.0 = Release|x86
		{4A7126EE-FFB2-4873-A99D-8026305E56BC}.Combined|Any CPU.ActiveCfg = Debug|x86
		{4A7126EE-FFB2-4873-A99D-8026305E56BC}.Combined|arm.ActiveCfg = Debug|x86
		{4A7126EE-FFB2-4873-A99D-8026305E56BC}.Combined|ia64.ActiveCfg = Debug|x86
		{4A7126EE-FFB2-4873-A99D-8026305E56BC}.Combined|Itanium.ActiveCfg = Debug|x86
		{4A7126EE-FFB2-4873-A99D-8026305E56BC}.Combined|Mixed Platforms.ActiveCfg = Debug|x86
		{4A7126EE-FFB2-4873-A99D-8026305E56BC}.Combined|Win32.ActiveCfg = Debug|x86
		{4A7126EE-FFB2-4873-A99D-8026305E56BC}.Combined|x64.ActiveCfg = Debug|x86
		{4A7126EE-FFB2-4873-A99D-8026305E56BC}.Combined|x86.ActiveCfg = Debug|x86
		{4A7126EE-FFB2-4873-A99D-8026305E56BC}.Debug|Any CPU.ActiveCfg = Debug|x86
		{4A7126EE-FFB2-4873-A99D-8026305E56BC}.Debug|arm.ActiveCfg = Debug|x86
		{4A7126EE-FFB2-4873-A99D-8026305E56BC}.Debug|ia64.ActiveCfg = Debug|x86
		{4A7126EE-FFB2-4873-A99D-8026305E56BC}.Debug|Itanium.ActiveCfg = Debug|x86
		{4A7126EE-FFB2-4873-A99D-8026305E56BC}.Debug|Mixed Platforms.ActiveCfg = Debug|x86
		{4A7126EE-FFB2-4873-A99D-8026305E56BC}.Debug|Mixed Platforms.Build.0 = Debug|x86
		{4A7126EE-FFB2-4873-A99D-8026305E56BC}.Debug|Win32.ActiveCfg = Debug|x86
		{4A7126EE-FFB2-4873-A99D-8026305E56BC}.Debug|Win32.Build.0 = Debug|x86
		{4A7126EE-FFB2-4873-A99D-8026305E56BC}.Debug|x64.ActiveCfg = Debug|x86
		{4A7126EE-FFB2-4873-A99D-8026305E56BC}.Debug|x86.ActiveCfg = Debug|x86
		{4A7126EE-FFB2-4873-A99D-8026305E56BC}.Debug|x86.Build.0 = Debug|x86
		{4A7126EE-FFB2-4873-A99D-8026305E56BC}.Release|Any CPU.ActiveCfg = Release|x86
		{4A7126EE-FFB2-4873-A99D-8026305E56BC}.Release|arm.ActiveCfg = Release|x86
		{4A7126EE-FFB2-4873-A99D-8026305E56BC}.Release|ia64.ActiveCfg = Release|x86
		{4A7126EE-FFB2-4873-A99D-8026305E56BC}.Release|Itanium.ActiveCfg = Release|x86
		{4A7126EE-FFB2-4873-A99D-8026305E56BC}.Release|Mixed Platforms.ActiveCfg = Release|x86
		{4A7126EE-FFB2-4873-A99D-8026305E56BC}.Release|Mixed Platforms.Build.0 = Release|x86
		{4A7126EE-FFB2-4873-A99D-8026305E56BC}.Release|Win32.ActiveCfg = Release|x86
		{4A7126EE-FFB2-4873-A99D-8026305E56BC}.Release|Win32.Build.0 = Release|x86
		{4A7126EE-FFB2-4873-A99D-8026305E56BC}.Release|x64.ActiveCfg = Release|x86
		{4A7126EE-FFB2-4873-A99D-8026305E56BC}.Release|x86.ActiveCfg = Release|x86
		{4A7126EE-FFB2-4873-A99D-8026305E56BC}.Release|x86.Build.0 = Release|x86
		{4A7126EE-FFB2-4873-A99D-8026305E56BC}.Template|Any CPU.ActiveCfg = Release|x86
		{4A7126EE-FFB2-4873-A99D-8026305E56BC}.Template|arm.ActiveCfg = Release|x86
		{4A7126EE-FFB2-4873-A99D-8026305E56BC}.Template|ia64.ActiveCfg = Release|x86
		{4A7126EE-FFB2-4873-A99D-8026305E56BC}.Template|Itanium.ActiveCfg = Release|x86
		{4A7126EE-FFB2-4873-A99D-8026305E56BC}.Template|Mixed Platforms.ActiveCfg = Release|x86
		{4A7126EE-FFB2-4873-A99D-8026305E56BC}.Template|Mixed Platforms.Build.0 = Release|x86
		{4A7126EE-FFB2-4873-A99D-8026305E56BC}.Template|Win32.ActiveCfg = Release|x86
		{4A7126EE-FFB2-4873-A99D-8026305E56BC}.Template|Win32.Build.0 = Release|x86
		{4A7126EE-FFB2-4873-A99D-8026305E56BC}.Template|x64.ActiveCfg = Release|x86
		{4A7126EE-FFB2-4873-A99D-8026305E56BC}.Template|x86.ActiveCfg = Release|x86
		{4A7126EE-FFB2-4873-A99D-8026305E56BC}.Template|x86.Build.0 = Release|x86
		{2CC7929F-9540-4845-954B-39A15C7FB56D}.Combined|Any CPU.ActiveCfg = Debug|x86
		{2CC7929F-9540-4845-954B-39A15C7FB56D}.Combined|arm.ActiveCfg = Debug|x86
		{2CC7929F-9540-4845-954B-39A15C7FB56D}.Combined|ia64.ActiveCfg = Debug|x86
		{2CC7929F-9540-4845-954B-39A15C7FB56D}.Combined|Itanium.ActiveCfg = Debug|x86
		{2CC7929F-9540-4845-954B-39A15C7FB56D}.Combined|Mixed Platforms.ActiveCfg = Debug|x86
		{2CC7929F-9540-4845-954B-39A15C7FB56D}.Combined|Win32.ActiveCfg = Debug|x86
		{2CC7929F-9540-4845-954B-39A15C7FB56D}.Combined|x64.ActiveCfg = Debug|x86
		{2CC7929F-9540-4845-954B-39A15C7FB56D}.Combined|x86.ActiveCfg = Debug|x86
		{2CC7929F-9540-4845-954B-39A15C7FB56D}.Debug|Any CPU.ActiveCfg = Debug|x86
		{2CC7929F-9540-4845-954B-39A15C7FB56D}.Debug|arm.ActiveCfg = Debug|x86
		{2CC7929F-9540-4845-954B-39A15C7FB56D}.Debug|ia64.ActiveCfg = Debug|x86
		{2CC7929F-9540-4845-954B-39A15C7FB56D}.Debug|Itanium.ActiveCfg = Debug|x86
		{2CC7929F-9540-4845-954B-39A15C7FB56D}.Debug|Mixed Platforms.ActiveCfg = Debug|x86
		{2CC7929F-9540-4845-954B-39A15C7FB56D}.Debug|Mixed Platforms.Build.0 = Debug|x86
		{2CC7929F-9540-4845-954B-39A15C7FB56D}.Debug|Win32.ActiveCfg = Debug|x86
		{2CC7929F-9540-4845-954B-39A15C7FB56D}.Debug|Win32.Build.0 = Debug|x86
		{2CC7929F-9540-4845-954B-39A15C7FB56D}.Debug|x64.ActiveCfg = Debug|x86
		{2CC7929F-9540-4845-954B-39A15C7FB56D}.Debug|x86.ActiveCfg = Debug|x86
		{2CC7929F-9540-4845-954B-39A15C7FB56D}.Debug|x86.Build.0 = Debug|x86
		{2CC7929F-9540-4845-954B-39A15C7FB56D}.Release|Any CPU.ActiveCfg = Release|x86
		{2CC7929F-9540-4845-954B-39A15C7FB56D}.Release|arm.ActiveCfg = Release|x86
		{2CC7929F-9540-4845-954B-39A15C7FB56D}.Release|ia64.ActiveCfg = Release|x86
		{2CC7929F-9540-4845-954B-39A15C7FB56D}.Release|Itanium.ActiveCfg = Release|x86
		{2CC7929F-9540-4845-954B-39A15C7FB56D}.Release|Mixed Platforms.ActiveCfg = Release|x86
		{2CC7929F-9540-4845-954B-39A15C7FB56D}.Release|Mixed Platforms.Build.0 = Release|x86
		{2CC7929F-9540-4845-954B-39A15C7FB56D}.Release|Win32.ActiveCfg = Release|x86
		{2CC7929F-9540-4845-954B-39A15C7FB56D}.Release|Win32.Build.0 = Release|x86
		{2CC7929F-9540-4845-954B-39A15C7FB56D}.Release|x64.ActiveCfg = Release|x86
		{2CC7929F-9540-4845-954B-39A15C7FB56D}.Release|x86.ActiveCfg = Release|x86
		{2CC7929F-9540-4845-954B-39A15C7FB56D}.Release|x86.Build.0 = Release|x86
		{2CC7929F-9540-4845-954B-39A15C7FB56D}.Template|Any CPU.ActiveCfg = Release|x86
		{2CC7929F-9540-4845-954B-39A15C7FB56D}.Template|arm.ActiveCfg = Release|x86
		{2CC7929F-9540-4845-954B-39A15C7FB56D}.Template|ia64.ActiveCfg = Release|x86
		{2CC7929F-9540-4845-954B-39A15C7FB56D}.Template|Itanium.ActiveCfg = Release|x86
		{2CC7929F-9540-4845-954B-39A15C7FB56D}.Template|Mixed Platforms.ActiveCfg = Release|x86
		{2CC7929F-9540-4845-954B-39A15C7FB56D}.Template|Mixed Platforms.Build.0 = Release|x86
		{2CC7929F-9540-4845-954B-39A15C7FB56D}.Template|Win32.ActiveCfg = Release|x86
		{2CC7929F-9540-4845-954B-39A15C7FB56D}.Template|Win32.Build.0 = Release|x86
		{2CC7929F-9540-4845-954B-39A15C7FB56D}.Template|x64.ActiveCfg = Release|x86
		{2CC7929F-9540-4845-954B-39A15C7FB56D}.Template|x86.ActiveCfg = Release|x86
		{2CC7929F-9540-4845-954B-39A15C7FB56D}.Template|x86.Build.0 = Release|x86
		{C305F3D0-DC22-43B5-B943-913E8E84DAE2}.Combined|Any CPU.ActiveCfg = Combined|x86
		{C305F3D0-DC22-43B5-B943-913E8E84DAE2}.Combined|Any CPU.Build.0 = Combined|x86
		{C305F3D0-DC22-43B5-B943-913E8E84DAE2}.Combined|arm.ActiveCfg = Combined|x86
		{C305F3D0-DC22-43B5-B943-913E8E84DAE2}.Combined|ia64.ActiveCfg = Combined|x86
		{C305F3D0-DC22-43B5-B943-913E8E84DAE2}.Combined|Itanium.ActiveCfg = Combined|x86
		{C305F3D0-DC22-43B5-B943-913E8E84DAE2}.Combined|Mixed Platforms.ActiveCfg = Combined|x86
		{C305F3D0-DC22-43B5-B943-913E8E84DAE2}.Combined|Mixed Platforms.Build.0 = Combined|x86
		{C305F3D0-DC22-43B5-B943-913E8E84DAE2}.Combined|Win32.ActiveCfg = Combined|x86
		{C305F3D0-DC22-43B5-B943-913E8E84DAE2}.Combined|Win32.Build.0 = Combined|x86
		{C305F3D0-DC22-43B5-B943-913E8E84DAE2}.Combined|x64.ActiveCfg = Combined|x86
		{C305F3D0-DC22-43B5-B943-913E8E84DAE2}.Combined|x86.ActiveCfg = Combined|x86
		{C305F3D0-DC22-43B5-B943-913E8E84DAE2}.Debug|Any CPU.ActiveCfg = Debug|x86
		{C305F3D0-DC22-43B5-B943-913E8E84DAE2}.Debug|arm.ActiveCfg = Debug|x86
		{C305F3D0-DC22-43B5-B943-913E8E84DAE2}.Debug|ia64.ActiveCfg = Debug|x86
		{C305F3D0-DC22-43B5-B943-913E8E84DAE2}.Debug|Itanium.ActiveCfg = Debug|x86
		{C305F3D0-DC22-43B5-B943-913E8E84DAE2}.Debug|Mixed Platforms.ActiveCfg = Debug|x86
		{C305F3D0-DC22-43B5-B943-913E8E84DAE2}.Debug|Mixed Platforms.Build.0 = Debug|x86
		{C305F3D0-DC22-43B5-B943-913E8E84DAE2}.Debug|Win32.ActiveCfg = Debug|x86
		{C305F3D0-DC22-43B5-B943-913E8E84DAE2}.Debug|Win32.Build.0 = Debug|x86
		{C305F3D0-DC22-43B5-B943-913E8E84DAE2}.Debug|x64.ActiveCfg = Debug|x86
		{C305F3D0-DC22-43B5-B943-913E8E84DAE2}.Debug|x86.ActiveCfg = Debug|x86
		{C305F3D0-DC22-43B5-B943-913E8E84DAE2}.Debug|x86.Build.0 = Debug|x86
		{C305F3D0-DC22-43B5-B943-913E8E84DAE2}.Release|Any CPU.ActiveCfg = Release|x86
		{C305F3D0-DC22-43B5-B943-913E8E84DAE2}.Release|arm.ActiveCfg = Release|x86
		{C305F3D0-DC22-43B5-B943-913E8E84DAE2}.Release|ia64.ActiveCfg = Release|x86
		{C305F3D0-DC22-43B5-B943-913E8E84DAE2}.Release|Itanium.ActiveCfg = Release|x86
		{C305F3D0-DC22-43B5-B943-913E8E84DAE2}.Release|Mixed Platforms.ActiveCfg = Release|x86
		{C305F3D0-DC22-43B5-B943-913E8E84DAE2}.Release|Mixed Platforms.Build.0 = Release|x86
		{C305F3D0-DC22-43B5-B943-913E8E84DAE2}.Release|Win32.ActiveCfg = Release|x86
		{C305F3D0-DC22-43B5-B943-913E8E84DAE2}.Release|Win32.Build.0 = Release|x86
		{C305F3D0-DC22-43B5-B943-913E8E84DAE2}.Release|x64.ActiveCfg = Release|x86
		{C305F3D0-DC22-43B5-B943-913E8E84DAE2}.Release|x86.ActiveCfg = Release|x86
		{C305F3D0-DC22-43B5-B943-913E8E84DAE2}.Release|x86.Build.0 = Release|x86
		{C305F3D0-DC22-43B5-B943-913E8E84DAE2}.Template|Any CPU.ActiveCfg = Release|x86
		{C305F3D0-DC22-43B5-B943-913E8E84DAE2}.Template|arm.ActiveCfg = Release|x86
		{C305F3D0-DC22-43B5-B943-913E8E84DAE2}.Template|ia64.ActiveCfg = Release|x86
		{C305F3D0-DC22-43B5-B943-913E8E84DAE2}.Template|Itanium.ActiveCfg = Release|x86
		{C305F3D0-DC22-43B5-B943-913E8E84DAE2}.Template|Mixed Platforms.ActiveCfg = Release|x86
		{C305F3D0-DC22-43B5-B943-913E8E84DAE2}.Template|Mixed Platforms.Build.0 = Release|x86
		{C305F3D0-DC22-43B5-B943-913E8E84DAE2}.Template|Win32.ActiveCfg = Release|x86
		{C305F3D0-DC22-43B5-B943-913E8E84DAE2}.Template|Win32.Build.0 = Release|x86
		{C305F3D0-DC22-43B5-B943-913E8E84DAE2}.Template|x64.ActiveCfg = Release|x86
		{C305F3D0-DC22-43B5-B943-913E8E84DAE2}.Template|x86.ActiveCfg = Release|x86
		{C305F3D0-DC22-43B5-B943-913E8E84DAE2}.Template|x86.Build.0 = Release|x86
		{BB82DCA5-D06E-40B8-93D3-7A9512943C1F}.Combined|Any CPU.ActiveCfg = Combined|x86
		{BB82DCA5-D06E-40B8-93D3-7A9512943C1F}.Combined|Any CPU.Build.0 = Combined|x86
		{BB82DCA5-D06E-40B8-93D3-7A9512943C1F}.Combined|arm.ActiveCfg = Debug|x86
		{BB82DCA5-D06E-40B8-93D3-7A9512943C1F}.Combined|ia64.ActiveCfg = Debug|x86
		{BB82DCA5-D06E-40B8-93D3-7A9512943C1F}.Combined|Itanium.ActiveCfg = Debug|x86
		{BB82DCA5-D06E-40B8-93D3-7A9512943C1F}.Combined|Mixed Platforms.ActiveCfg = Debug|x86
		{BB82DCA5-D06E-40B8-93D3-7A9512943C1F}.Combined|Mixed Platforms.Build.0 = Debug|x86
		{BB82DCA5-D06E-40B8-93D3-7A9512943C1F}.Combined|Win32.ActiveCfg = Debug|x86
		{BB82DCA5-D06E-40B8-93D3-7A9512943C1F}.Combined|Win32.Build.0 = Debug|x86
		{BB82DCA5-D06E-40B8-93D3-7A9512943C1F}.Combined|x64.ActiveCfg = Debug|x86
		{BB82DCA5-D06E-40B8-93D3-7A9512943C1F}.Combined|x86.ActiveCfg = Debug|x86
		{BB82DCA5-D06E-40B8-93D3-7A9512943C1F}.Combined|x86.Build.0 = Debug|x86
		{BB82DCA5-D06E-40B8-93D3-7A9512943C1F}.Debug|Any CPU.ActiveCfg = Debug|x86
		{BB82DCA5-D06E-40B8-93D3-7A9512943C1F}.Debug|arm.ActiveCfg = Debug|x86
		{BB82DCA5-D06E-40B8-93D3-7A9512943C1F}.Debug|ia64.ActiveCfg = Debug|x86
		{BB82DCA5-D06E-40B8-93D3-7A9512943C1F}.Debug|Itanium.ActiveCfg = Debug|x86
		{BB82DCA5-D06E-40B8-93D3-7A9512943C1F}.Debug|Mixed Platforms.ActiveCfg = Debug|x86
		{BB82DCA5-D06E-40B8-93D3-7A9512943C1F}.Debug|Mixed Platforms.Build.0 = Debug|x86
		{BB82DCA5-D06E-40B8-93D3-7A9512943C1F}.Debug|Win32.ActiveCfg = Debug|x86
		{BB82DCA5-D06E-40B8-93D3-7A9512943C1F}.Debug|Win32.Build.0 = Debug|x86
		{BB82DCA5-D06E-40B8-93D3-7A9512943C1F}.Debug|x64.ActiveCfg = Debug|x86
		{BB82DCA5-D06E-40B8-93D3-7A9512943C1F}.Debug|x86.ActiveCfg = Debug|x86
		{BB82DCA5-D06E-40B8-93D3-7A9512943C1F}.Debug|x86.Build.0 = Debug|x86
		{BB82DCA5-D06E-40B8-93D3-7A9512943C1F}.Release|Any CPU.ActiveCfg = Release|x86
		{BB82DCA5-D06E-40B8-93D3-7A9512943C1F}.Release|arm.ActiveCfg = Release|x86
		{BB82DCA5-D06E-40B8-93D3-7A9512943C1F}.Release|ia64.ActiveCfg = Release|x86
		{BB82DCA5-D06E-40B8-93D3-7A9512943C1F}.Release|Itanium.ActiveCfg = Release|x86
		{BB82DCA5-D06E-40B8-93D3-7A9512943C1F}.Release|Mixed Platforms.ActiveCfg = Release|x86
		{BB82DCA5-D06E-40B8-93D3-7A9512943C1F}.Release|Mixed Platforms.Build.0 = Release|x86
		{BB82DCA5-D06E-40B8-93D3-7A9512943C1F}.Release|Win32.ActiveCfg = Release|x86
		{BB82DCA5-D06E-40B8-93D3-7A9512943C1F}.Release|Win32.Build.0 = Release|x86
		{BB82DCA5-D06E-40B8-93D3-7A9512943C1F}.Release|x64.ActiveCfg = Release|x86
		{BB82DCA5-D06E-40B8-93D3-7A9512943C1F}.Release|x86.ActiveCfg = Release|x86
		{BB82DCA5-D06E-40B8-93D3-7A9512943C1F}.Release|x86.Build.0 = Release|x86
		{BB82DCA5-D06E-40B8-93D3-7A9512943C1F}.Template|Any CPU.ActiveCfg = Release|x86
		{BB82DCA5-D06E-40B8-93D3-7A9512943C1F}.Template|arm.ActiveCfg = Release|x86
		{BB82DCA5-D06E-40B8-93D3-7A9512943C1F}.Template|ia64.ActiveCfg = Release|x86
		{BB82DCA5-D06E-40B8-93D3-7A9512943C1F}.Template|Itanium.ActiveCfg = Release|x86
		{BB82DCA5-D06E-40B8-93D3-7A9512943C1F}.Template|Mixed Platforms.ActiveCfg = Release|x86
		{BB82DCA5-D06E-40B8-93D3-7A9512943C1F}.Template|Mixed Platforms.Build.0 = Release|x86
		{BB82DCA5-D06E-40B8-93D3-7A9512943C1F}.Template|Win32.ActiveCfg = Release|x86
		{BB82DCA5-D06E-40B8-93D3-7A9512943C1F}.Template|Win32.Build.0 = Release|x86
		{BB82DCA5-D06E-40B8-93D3-7A9512943C1F}.Template|x64.ActiveCfg = Release|x86
		{BB82DCA5-D06E-40B8-93D3-7A9512943C1F}.Template|x86.ActiveCfg = Release|x86
		{BB82DCA5-D06E-40B8-93D3-7A9512943C1F}.Template|x86.Build.0 = Release|x86
		{93F85DAD-E1B6-4E92-B7E1-06843331F209}.Combined|Any CPU.ActiveCfg = Combined|x64
		{93F85DAD-E1B6-4E92-B7E1-06843331F209}.Combined|Any CPU.Build.0 = Combined|x64
		{93F85DAD-E1B6-4E92-B7E1-06843331F209}.Combined|arm.ActiveCfg = Combined|x86
		{93F85DAD-E1B6-4E92-B7E1-06843331F209}.Combined|ia64.ActiveCfg = Combined|x86
		{93F85DAD-E1B6-4E92-B7E1-06843331F209}.Combined|Itanium.ActiveCfg = Combined|x86
		{93F85DAD-E1B6-4E92-B7E1-06843331F209}.Combined|Mixed Platforms.ActiveCfg = Combined|x86
		{93F85DAD-E1B6-4E92-B7E1-06843331F209}.Combined|Mixed Platforms.Build.0 = Combined|x86
		{93F85DAD-E1B6-4E92-B7E1-06843331F209}.Combined|Win32.ActiveCfg = Combined|x86
		{93F85DAD-E1B6-4E92-B7E1-06843331F209}.Combined|Win32.Build.0 = Combined|x86
		{93F85DAD-E1B6-4E92-B7E1-06843331F209}.Combined|x64.ActiveCfg = Combined|x64
		{93F85DAD-E1B6-4E92-B7E1-06843331F209}.Combined|x86.ActiveCfg = Combined|x86
		{93F85DAD-E1B6-4E92-B7E1-06843331F209}.Debug|Any CPU.ActiveCfg = Debug|x86
		{93F85DAD-E1B6-4E92-B7E1-06843331F209}.Debug|arm.ActiveCfg = Debug|x86
		{93F85DAD-E1B6-4E92-B7E1-06843331F209}.Debug|ia64.ActiveCfg = Debug|x86
		{93F85DAD-E1B6-4E92-B7E1-06843331F209}.Debug|Itanium.ActiveCfg = Debug|x86
		{93F85DAD-E1B6-4E92-B7E1-06843331F209}.Debug|Mixed Platforms.ActiveCfg = Debug|x86
		{93F85DAD-E1B6-4E92-B7E1-06843331F209}.Debug|Mixed Platforms.Build.0 = Debug|x86
		{93F85DAD-E1B6-4E92-B7E1-06843331F209}.Debug|Win32.ActiveCfg = Debug|x86
		{93F85DAD-E1B6-4E92-B7E1-06843331F209}.Debug|Win32.Build.0 = Debug|x86
		{93F85DAD-E1B6-4E92-B7E1-06843331F209}.Debug|x64.ActiveCfg = Debug|x86
		{93F85DAD-E1B6-4E92-B7E1-06843331F209}.Debug|x86.ActiveCfg = Debug|x86
		{93F85DAD-E1B6-4E92-B7E1-06843331F209}.Debug|x86.Build.0 = Debug|x86
		{93F85DAD-E1B6-4E92-B7E1-06843331F209}.Release|Any CPU.ActiveCfg = Release|x86
		{93F85DAD-E1B6-4E92-B7E1-06843331F209}.Release|arm.ActiveCfg = Release|x86
		{93F85DAD-E1B6-4E92-B7E1-06843331F209}.Release|ia64.ActiveCfg = Release|x86
		{93F85DAD-E1B6-4E92-B7E1-06843331F209}.Release|Itanium.ActiveCfg = Release|x86
		{93F85DAD-E1B6-4E92-B7E1-06843331F209}.Release|Mixed Platforms.ActiveCfg = Release|x86
		{93F85DAD-E1B6-4E92-B7E1-06843331F209}.Release|Mixed Platforms.Build.0 = Release|x86
		{93F85DAD-E1B6-4E92-B7E1-06843331F209}.Release|Win32.ActiveCfg = Release|x86
		{93F85DAD-E1B6-4E92-B7E1-06843331F209}.Release|Win32.Build.0 = Release|x86
		{93F85DAD-E1B6-4E92-B7E1-06843331F209}.Release|x64.ActiveCfg = Release|x86
		{93F85DAD-E1B6-4E92-B7E1-06843331F209}.Release|x86.ActiveCfg = Release|x86
		{93F85DAD-E1B6-4E92-B7E1-06843331F209}.Release|x86.Build.0 = Release|x86
		{93F85DAD-E1B6-4E92-B7E1-06843331F209}.Template|Any CPU.ActiveCfg = Release|x86
		{93F85DAD-E1B6-4E92-B7E1-06843331F209}.Template|arm.ActiveCfg = Release|x86
		{93F85DAD-E1B6-4E92-B7E1-06843331F209}.Template|ia64.ActiveCfg = Release|x86
		{93F85DAD-E1B6-4E92-B7E1-06843331F209}.Template|Itanium.ActiveCfg = Release|x86
		{93F85DAD-E1B6-4E92-B7E1-06843331F209}.Template|Mixed Platforms.ActiveCfg = Release|x86
		{93F85DAD-E1B6-4E92-B7E1-06843331F209}.Template|Mixed Platforms.Build.0 = Release|x86
		{93F85DAD-E1B6-4E92-B7E1-06843331F209}.Template|Win32.ActiveCfg = Release|x86
		{93F85DAD-E1B6-4E92-B7E1-06843331F209}.Template|Win32.Build.0 = Release|x86
		{93F85DAD-E1B6-4E92-B7E1-06843331F209}.Template|x64.ActiveCfg = Release|x86
		{93F85DAD-E1B6-4E92-B7E1-06843331F209}.Template|x86.ActiveCfg = Release|x86
		{93F85DAD-E1B6-4E92-B7E1-06843331F209}.Template|x86.Build.0 = Release|x86
		{7C272B37-1D4C-4027-872A-59469F9265DD}.Combined|Any CPU.ActiveCfg = Combined|x86
		{7C272B37-1D4C-4027-872A-59469F9265DD}.Combined|Any CPU.Build.0 = Combined|x86
		{7C272B37-1D4C-4027-872A-59469F9265DD}.Combined|arm.ActiveCfg = Combined|x86
		{7C272B37-1D4C-4027-872A-59469F9265DD}.Combined|ia64.ActiveCfg = Combined|x86
		{7C272B37-1D4C-4027-872A-59469F9265DD}.Combined|Itanium.ActiveCfg = Combined|x86
		{7C272B37-1D4C-4027-872A-59469F9265DD}.Combined|Mixed Platforms.ActiveCfg = Combined|x86
		{7C272B37-1D4C-4027-872A-59469F9265DD}.Combined|Mixed Platforms.Build.0 = Combined|x86
		{7C272B37-1D4C-4027-872A-59469F9265DD}.Combined|Win32.ActiveCfg = Combined|x86
		{7C272B37-1D4C-4027-872A-59469F9265DD}.Combined|Win32.Build.0 = Combined|x86
		{7C272B37-1D4C-4027-872A-59469F9265DD}.Combined|x64.ActiveCfg = Combined|x86
		{7C272B37-1D4C-4027-872A-59469F9265DD}.Combined|x86.ActiveCfg = Combined|x86
		{7C272B37-1D4C-4027-872A-59469F9265DD}.Debug|Any CPU.ActiveCfg = Debug|x86
		{7C272B37-1D4C-4027-872A-59469F9265DD}.Debug|arm.ActiveCfg = Debug|x86
		{7C272B37-1D4C-4027-872A-59469F9265DD}.Debug|ia64.ActiveCfg = Debug|x86
		{7C272B37-1D4C-4027-872A-59469F9265DD}.Debug|Itanium.ActiveCfg = Debug|x86
		{7C272B37-1D4C-4027-872A-59469F9265DD}.Debug|Mixed Platforms.ActiveCfg = Debug|x86
		{7C272B37-1D4C-4027-872A-59469F9265DD}.Debug|Mixed Platforms.Build.0 = Debug|x86
		{7C272B37-1D4C-4027-872A-59469F9265DD}.Debug|Win32.ActiveCfg = Debug|x86
		{7C272B37-1D4C-4027-872A-59469F9265DD}.Debug|Win32.Build.0 = Debug|x86
		{7C272B37-1D4C-4027-872A-59469F9265DD}.Debug|x64.ActiveCfg = Debug|x86
		{7C272B37-1D4C-4027-872A-59469F9265DD}.Debug|x86.ActiveCfg = Debug|x86
		{7C272B37-1D4C-4027-872A-59469F9265DD}.Debug|x86.Build.0 = Debug|x86
		{7C272B37-1D4C-4027-872A-59469F9265DD}.Release|Any CPU.ActiveCfg = Release|x86
		{7C272B37-1D4C-4027-872A-59469F9265DD}.Release|arm.ActiveCfg = Release|x86
		{7C272B37-1D4C-4027-872A-59469F9265DD}.Release|ia64.ActiveCfg = Release|x86
		{7C272B37-1D4C-4027-872A-59469F9265DD}.Release|Itanium.ActiveCfg = Release|x86
		{7C272B37-1D4C-4027-872A-59469F9265DD}.Release|Mixed Platforms.ActiveCfg = Release|x86
		{7C272B37-1D4C-4027-872A-59469F9265DD}.Release|Mixed Platforms.Build.0 = Release|x86
		{7C272B37-1D4C-4027-872A-59469F9265DD}.Release|Win32.ActiveCfg = Release|x86
		{7C272B37-1D4C-4027-872A-59469F9265DD}.Release|Win32.Build.0 = Release|x86
		{7C272B37-1D4C-4027-872A-59469F9265DD}.Release|x64.ActiveCfg = Release|x86
		{7C272B37-1D4C-4027-872A-59469F9265DD}.Release|x86.ActiveCfg = Release|x86
		{7C272B37-1D4C-4027-872A-59469F9265DD}.Release|x86.Build.0 = Release|x86
		{7C272B37-1D4C-4027-872A-59469F9265DD}.Template|Any CPU.ActiveCfg = Release|x86
		{7C272B37-1D4C-4027-872A-59469F9265DD}.Template|arm.ActiveCfg = Release|x86
		{7C272B37-1D4C-4027-872A-59469F9265DD}.Template|ia64.ActiveCfg = Release|x86
		{7C272B37-1D4C-4027-872A-59469F9265DD}.Template|Itanium.ActiveCfg = Release|x86
		{7C272B37-1D4C-4027-872A-59469F9265DD}.Template|Mixed Platforms.ActiveCfg = Release|x86
		{7C272B37-1D4C-4027-872A-59469F9265DD}.Template|Mixed Platforms.Build.0 = Release|x86
		{7C272B37-1D4C-4027-872A-59469F9265DD}.Template|Win32.ActiveCfg = Release|x86
		{7C272B37-1D4C-4027-872A-59469F9265DD}.Template|Win32.Build.0 = Release|x86
		{7C272B37-1D4C-4027-872A-59469F9265DD}.Template|x64.ActiveCfg = Release|x86
		{7C272B37-1D4C-4027-872A-59469F9265DD}.Template|x86.ActiveCfg = Release|x86
		{7C272B37-1D4C-4027-872A-59469F9265DD}.Template|x86.Build.0 = Release|x86
		{9FC1EB92-BDE0-40A8-A5B0-56446B298B24}.Combined|Any CPU.ActiveCfg = Debug|x86
		{9FC1EB92-BDE0-40A8-A5B0-56446B298B24}.Combined|Any CPU.Build.0 = Debug|x86
		{9FC1EB92-BDE0-40A8-A5B0-56446B298B24}.Combined|arm.ActiveCfg = Debug|x86
		{9FC1EB92-BDE0-40A8-A5B0-56446B298B24}.Combined|ia64.ActiveCfg = Debug|x86
		{9FC1EB92-BDE0-40A8-A5B0-56446B298B24}.Combined|Itanium.ActiveCfg = Debug|x86
		{9FC1EB92-BDE0-40A8-A5B0-56446B298B24}.Combined|Mixed Platforms.ActiveCfg = Debug|x86
		{9FC1EB92-BDE0-40A8-A5B0-56446B298B24}.Combined|Mixed Platforms.Build.0 = Debug|x86
		{9FC1EB92-BDE0-40A8-A5B0-56446B298B24}.Combined|Win32.ActiveCfg = Debug|x86
		{9FC1EB92-BDE0-40A8-A5B0-56446B298B24}.Combined|Win32.Build.0 = Debug|x86
		{9FC1EB92-BDE0-40A8-A5B0-56446B298B24}.Combined|x64.ActiveCfg = Debug|x86
		{9FC1EB92-BDE0-40A8-A5B0-56446B298B24}.Combined|x86.ActiveCfg = Debug|x86
		{9FC1EB92-BDE0-40A8-A5B0-56446B298B24}.Combined|x86.Build.0 = Debug|x86
		{9FC1EB92-BDE0-40A8-A5B0-56446B298B24}.Debug|Any CPU.ActiveCfg = Debug|x86
		{9FC1EB92-BDE0-40A8-A5B0-56446B298B24}.Debug|arm.ActiveCfg = Debug|x86
		{9FC1EB92-BDE0-40A8-A5B0-56446B298B24}.Debug|ia64.ActiveCfg = Debug|x86
		{9FC1EB92-BDE0-40A8-A5B0-56446B298B24}.Debug|Itanium.ActiveCfg = Debug|x86
		{9FC1EB92-BDE0-40A8-A5B0-56446B298B24}.Debug|Mixed Platforms.ActiveCfg = Debug|x86
		{9FC1EB92-BDE0-40A8-A5B0-56446B298B24}.Debug|Mixed Platforms.Build.0 = Debug|x86
		{9FC1EB92-BDE0-40A8-A5B0-56446B298B24}.Debug|Win32.ActiveCfg = Debug|x86
		{9FC1EB92-BDE0-40A8-A5B0-56446B298B24}.Debug|Win32.Build.0 = Debug|x86
		{9FC1EB92-BDE0-40A8-A5B0-56446B298B24}.Debug|x64.ActiveCfg = Debug|x86
		{9FC1EB92-BDE0-40A8-A5B0-56446B298B24}.Debug|x86.ActiveCfg = Debug|x86
		{9FC1EB92-BDE0-40A8-A5B0-56446B298B24}.Debug|x86.Build.0 = Debug|x86
		{9FC1EB92-BDE0-40A8-A5B0-56446B298B24}.Release|Any CPU.ActiveCfg = Release|x86
		{9FC1EB92-BDE0-40A8-A5B0-56446B298B24}.Release|arm.ActiveCfg = Release|x86
		{9FC1EB92-BDE0-40A8-A5B0-56446B298B24}.Release|ia64.ActiveCfg = Release|x86
		{9FC1EB92-BDE0-40A8-A5B0-56446B298B24}.Release|Itanium.ActiveCfg = Release|x86
		{9FC1EB92-BDE0-40A8-A5B0-56446B298B24}.Release|Mixed Platforms.ActiveCfg = Release|x86
		{9FC1EB92-BDE0-40A8-A5B0-56446B298B24}.Release|Mixed Platforms.Build.0 = Release|x86
		{9FC1EB92-BDE0-40A8-A5B0-56446B298B24}.Release|Win32.ActiveCfg = Release|x86
		{9FC1EB92-BDE0-40A8-A5B0-56446B298B24}.Release|Win32.Build.0 = Release|x86
		{9FC1EB92-BDE0-40A8-A5B0-56446B298B24}.Release|x64.ActiveCfg = Release|x86
		{9FC1EB92-BDE0-40A8-A5B0-56446B298B24}.Release|x86.ActiveCfg = Release|x86
		{9FC1EB92-BDE0-40A8-A5B0-56446B298B24}.Release|x86.Build.0 = Release|x86
		{9FC1EB92-BDE0-40A8-A5B0-56446B298B24}.Template|Any CPU.ActiveCfg = Release|x86
		{9FC1EB92-BDE0-40A8-A5B0-56446B298B24}.Template|arm.ActiveCfg = Release|x86
		{9FC1EB92-BDE0-40A8-A5B0-56446B298B24}.Template|ia64.ActiveCfg = Release|x86
		{9FC1EB92-BDE0-40A8-A5B0-56446B298B24}.Template|Itanium.ActiveCfg = Release|x86
		{9FC1EB92-BDE0-40A8-A5B0-56446B298B24}.Template|Mixed Platforms.ActiveCfg = Release|x86
		{9FC1EB92-BDE0-40A8-A5B0-56446B298B24}.Template|Mixed Platforms.Build.0 = Release|x86
		{9FC1EB92-BDE0-40A8-A5B0-56446B298B24}.Template|Win32.ActiveCfg = Release|x86
		{9FC1EB92-BDE0-40A8-A5B0-56446B298B24}.Template|Win32.Build.0 = Release|x86
		{9FC1EB92-BDE0-40A8-A5B0-56446B298B24}.Template|x64.ActiveCfg = Release|x86
		{9FC1EB92-BDE0-40A8-A5B0-56446B298B24}.Template|x86.ActiveCfg = Release|x86
		{9FC1EB92-BDE0-40A8-A5B0-56446B298B24}.Template|x86.Build.0 = Release|x86
		{7FF66ED4-7BDC-4CE3-AFFB-EEA06231C604}.Combined|Any CPU.ActiveCfg = Debug|x86
		{7FF66ED4-7BDC-4CE3-AFFB-EEA06231C604}.Combined|Any CPU.Build.0 = Debug|x86
		{7FF66ED4-7BDC-4CE3-AFFB-EEA06231C604}.Combined|arm.ActiveCfg = Debug|x86
		{7FF66ED4-7BDC-4CE3-AFFB-EEA06231C604}.Combined|ia64.ActiveCfg = Debug|x86
		{7FF66ED4-7BDC-4CE3-AFFB-EEA06231C604}.Combined|Itanium.ActiveCfg = Debug|x86
		{7FF66ED4-7BDC-4CE3-AFFB-EEA06231C604}.Combined|Mixed Platforms.ActiveCfg = Debug|x86
		{7FF66ED4-7BDC-4CE3-AFFB-EEA06231C604}.Combined|Mixed Platforms.Build.0 = Debug|x86
		{7FF66ED4-7BDC-4CE3-AFFB-EEA06231C604}.Combined|Win32.ActiveCfg = Debug|x86
		{7FF66ED4-7BDC-4CE3-AFFB-EEA06231C604}.Combined|Win32.Build.0 = Debug|x86
		{7FF66ED4-7BDC-4CE3-AFFB-EEA06231C604}.Combined|x64.ActiveCfg = Debug|x86
		{7FF66ED4-7BDC-4CE3-AFFB-EEA06231C604}.Combined|x86.ActiveCfg = Debug|x86
		{7FF66ED4-7BDC-4CE3-AFFB-EEA06231C604}.Combined|x86.Build.0 = Debug|x86
		{7FF66ED4-7BDC-4CE3-AFFB-EEA06231C604}.Debug|Any CPU.ActiveCfg = Debug|x86
		{7FF66ED4-7BDC-4CE3-AFFB-EEA06231C604}.Debug|arm.ActiveCfg = Debug|x86
		{7FF66ED4-7BDC-4CE3-AFFB-EEA06231C604}.Debug|ia64.ActiveCfg = Debug|x86
		{7FF66ED4-7BDC-4CE3-AFFB-EEA06231C604}.Debug|Itanium.ActiveCfg = Debug|x86
		{7FF66ED4-7BDC-4CE3-AFFB-EEA06231C604}.Debug|Mixed Platforms.ActiveCfg = Debug|x86
		{7FF66ED4-7BDC-4CE3-AFFB-EEA06231C604}.Debug|Mixed Platforms.Build.0 = Debug|x86
		{7FF66ED4-7BDC-4CE3-AFFB-EEA06231C604}.Debug|Win32.ActiveCfg = Debug|x86
		{7FF66ED4-7BDC-4CE3-AFFB-EEA06231C604}.Debug|Win32.Build.0 = Debug|x86
		{7FF66ED4-7BDC-4CE3-AFFB-EEA06231C604}.Debug|x64.ActiveCfg = Debug|x86
		{7FF66ED4-7BDC-4CE3-AFFB-EEA06231C604}.Debug|x86.ActiveCfg = Debug|x86
		{7FF66ED4-7BDC-4CE3-AFFB-EEA06231C604}.Debug|x86.Build.0 = Debug|x86
		{7FF66ED4-7BDC-4CE3-AFFB-EEA06231C604}.Release|Any CPU.ActiveCfg = Release|x86
		{7FF66ED4-7BDC-4CE3-AFFB-EEA06231C604}.Release|arm.ActiveCfg = Release|x86
		{7FF66ED4-7BDC-4CE3-AFFB-EEA06231C604}.Release|ia64.ActiveCfg = Release|x86
		{7FF66ED4-7BDC-4CE3-AFFB-EEA06231C604}.Release|Itanium.ActiveCfg = Release|x86
		{7FF66ED4-7BDC-4CE3-AFFB-EEA06231C604}.Release|Mixed Platforms.ActiveCfg = Release|x86
		{7FF66ED4-7BDC-4CE3-AFFB-EEA06231C604}.Release|Mixed Platforms.Build.0 = Release|x86
		{7FF66ED4-7BDC-4CE3-AFFB-EEA06231C604}.Release|Win32.ActiveCfg = Release|x86
		{7FF66ED4-7BDC-4CE3-AFFB-EEA06231C604}.Release|Win32.Build.0 = Release|x86
		{7FF66ED4-7BDC-4CE3-AFFB-EEA06231C604}.Release|x64.ActiveCfg = Release|x86
		{7FF66ED4-7BDC-4CE3-AFFB-EEA06231C604}.Release|x86.ActiveCfg = Release|x86
		{7FF66ED4-7BDC-4CE3-AFFB-EEA06231C604}.Release|x86.Build.0 = Release|x86
		{7FF66ED4-7BDC-4CE3-AFFB-EEA06231C604}.Template|Any CPU.ActiveCfg = Release|x86
		{7FF66ED4-7BDC-4CE3-AFFB-EEA06231C604}.Template|arm.ActiveCfg = Release|x86
		{7FF66ED4-7BDC-4CE3-AFFB-EEA06231C604}.Template|ia64.ActiveCfg = Release|x86
		{7FF66ED4-7BDC-4CE3-AFFB-EEA06231C604}.Template|Itanium.ActiveCfg = Release|x86
		{7FF66ED4-7BDC-4CE3-AFFB-EEA06231C604}.Template|Mixed Platforms.ActiveCfg = Release|x86
		{7FF66ED4-7BDC-4CE3-AFFB-EEA06231C604}.Template|Mixed Platforms.Build.0 = Release|x86
		{7FF66ED4-7BDC-4CE3-AFFB-EEA06231C604}.Template|Win32.ActiveCfg = Release|x86
		{7FF66ED4-7BDC-4CE3-AFFB-EEA06231C604}.Template|Win32.Build.0 = Release|x86
		{7FF66ED4-7BDC-4CE3-AFFB-EEA06231C604}.Template|x64.ActiveCfg = Release|x86
		{7FF66ED4-7BDC-4CE3-AFFB-EEA06231C604}.Template|x86.ActiveCfg = Release|x86
		{7FF66ED4-7BDC-4CE3-AFFB-EEA06231C604}.Template|x86.Build.0 = Release|x86
	EndGlobalSection
	GlobalSection(SolutionProperties) = preSolution
		HideSolutionNode = FALSE
	EndGlobalSection
	GlobalSection(NestedProjects) = preSolution
		{EA705507-6ACC-4BB6-9910-D0B9CE03FD0D} = {70AA4C9A-F77A-4C28-9FFA-3BA7DA5B52A7}
		{61FBA02A-24F2-4E6A-ABAD-BE64260D5D5D} = {70AA4C9A-F77A-4C28-9FFA-3BA7DA5B52A7}
		{2CC7929F-9540-4845-954B-39A15C7FB56D} = {70AA4C9A-F77A-4C28-9FFA-3BA7DA5B52A7}
		{BB82DCA5-D06E-40B8-93D3-7A9512943C1F} = {70AA4C9A-F77A-4C28-9FFA-3BA7DA5B52A7}
		{93F85DAD-E1B6-4E92-B7E1-06843331F209} = {70AA4C9A-F77A-4C28-9FFA-3BA7DA5B52A7}
		{AC55F85A-C8FA-48BC-B948-91C6499B71A7} = {70AA4C9A-F77A-4C28-9FFA-3BA7DA5B52A7}
		{9FC1EB92-BDE0-40A8-A5B0-56446B298B24} = {91BD59E8-12A2-4E24-BD0D-0EA50898EA9C}
		{7FF66ED4-7BDC-4CE3-AFFB-EEA06231C604} = {91BD59E8-12A2-4E24-BD0D-0EA50898EA9C}
		{4A7126EE-FFB2-4873-A99D-8026305E56BC} = {60B625AD-C8FE-4485-A024-7FC73975F99E}
		{CE5B0991-791E-4085-B206-F6CCCDF4437B} = {60B625AD-C8FE-4485-A024-7FC73975F99E}
		{7C272B37-1D4C-4027-872A-59469F9265DD} = {60B625AD-C8FE-4485-A024-7FC73975F99E}
		{C305F3D0-DC22-43B5-B943-913E8E84DAE2} = {86AB3C91-8EE3-4356-B1CB-FAF567CD73DD}
	EndGlobalSection
EndGlobal
