
Microsoft Visual Studio Solution File, Format Version 11.00
# Visual Studio 2010
Project("{FAE04EC0-301F-11D3-BF4B-00C04F79EFBC}") = "OSAE.XBMC", "OSAE.XBMC.csproj", "{B6D0277C-0A6D-4815-A3F1-C07805D79FAC}"
EndProject
Global
	GlobalSection(SolutionConfigurationPlatforms) = preSolution
		Debug|Any CPU = Debug|Any CPU
		Release|Any CPU = Release|Any CPU
	EndGlobalSection
	GlobalSection(ProjectConfigurationPlatforms) = postSolution
		{B6D0277C-0A6D-4815-A3F1-C07805D79FAC}.Debug|Any CPU.ActiveCfg = Debug|Any CPU
		{B6D0277C-0A6D-4815-A3F1-C07805D79FAC}.Debug|Any CPU.Build.0 = Debug|Any CPU
		{B6D0277C-0A6D-4815-A3F1-C07805D79FAC}.Release|Any CPU.ActiveCfg = Release|Any CPU
		{B6D0277C-0A6D-4815-A3F1-C07805D79FAC}.Release|Any CPU.Build.0 = Release|Any CPU
	EndGlobalSection
	GlobalSection(SolutionProperties) = preSolution
		HideSolutionNode = FALSE
	EndGlobalSection
EndGlobal
