
Microsoft Visual Studio Solution File, Format Version 12.00
# Visual Studio 2012
Project("{FAE04EC0-301F-11D3-BF4B-00C04F79EFBC}") = "IPCamII", "IPCamII.csproj", "{9C51BE4A-B1BA-4321-A706-2B87C4807231}"
EndProject
Global
	GlobalSection(SolutionConfigurationPlatforms) = preSolution
		Debug|Any CPU = Debug|Any CPU
		Release|Any CPU = Release|Any CPU
	EndGlobalSection
	GlobalSection(ProjectConfigurationPlatforms) = postSolution
		{9C51BE4A-B1BA-4321-A706-2B87C4807231}.Debug|Any CPU.ActiveCfg = Debug|Any CPU
		{9C51BE4A-B1BA-4321-A706-2B87C4807231}.Debug|Any CPU.Build.0 = Debug|Any CPU
		{9C51BE4A-B1BA-4321-A706-2B87C4807231}.Release|Any CPU.ActiveCfg = Release|Any CPU
		{9C51BE4A-B1BA-4321-A706-2B87C4807231}.Release|Any CPU.Build.0 = Release|Any CPU
	EndGlobalSection
	GlobalSection(SolutionProperties) = preSolution
		HideSolutionNode = FALSE
	EndGlobalSection
EndGlobal
